FORMAT_VERSION='1'
SOURCE_TYPE='release-tarball'
UPSTREAM_NAME='tdb'
UPSTREAM_LICENSE='LGPL-3.0-or-later'
UPSTREAM_VERSION='1.4.15'
UPSTREAM_REVISION='1.4.15'
SOURCE_SNAPSHOT='https://www.samba.org/ftp/tdb/tdb-1.4.15.tar.gz'
SOURCE_SELECTION_REASON='Missing transactional TDB provider; retain robust mutex support and full target cross probes.'
NON_PLATFORM_BUILD_INPUTS='Matched SDK, declared host tools and locked GPL text supplement.'
SECURITY_STATUS='Source locked; independent hardware transaction tests passed; full legal, security and matched-image installation pending.'
VERIFIED_BY='Official archive SHA256, matched SDK build, QEMU default transactions and K230 robust mutex transactions'
VERIFIED_AT='2026-10-10'
VERIFICATION_REFERENCE='https://www.samba.org/ftp/tdb/'
SOURCE_ARTIFACT_1_URL='https://www.samba.org/ftp/tdb/tdb-1.4.15.tar.gz'
SOURCE_ARTIFACT_1_FILE='tdb-1.4.15.tar.gz'
SOURCE_ARTIFACT_1_SHA256='fba09d8df1f1b9072aeae8e78b2bd43c5afef20b2f6deefa633aa14a377a8dd2'
SOURCE_ARTIFACT_2_URL='https://www.gnu.org/licenses/gpl-3.0.txt'
SOURCE_ARTIFACT_2_FILE='GPL-3.0.txt'
SOURCE_ARTIFACT_2_SHA256='3972dc9744f6499f0f9b2dbf76696f2ae7ad8af9b23dde66d6af86c9dfb36986'
