FORMAT_VERSION='1'
SOURCE_TYPE='release-tarball'
UPSTREAM_NAME='snappy'
UPSTREAM_LICENSE='BSD-3-Clause'
UPSTREAM_VERSION='1.3.1'
UPSTREAM_REVISION='1.3.1'
SOURCE_SNAPSHOT='https://codeload.github.com/google/snappy/tar.gz/refs/tags/1.3.1'
SOURCE_SELECTION_REASON='Missing common Linux fast compression provider; official release tag.'
NON_PLATFORM_BUILD_INPUTS='Matched CPU0 SDK and declared CMake host tools.'
SECURITY_STATUS='Source locked; build and runtime acceptance pending.'
VERIFIED_BY='Downloaded official tag archive SHA256 and inspected CMake configuration'
VERIFIED_AT='2026-10-10'
VERIFICATION_REFERENCE='https://github.com/google/snappy/releases/tag/1.3.1'
SOURCE_ARTIFACT_1_URL='https://codeload.github.com/google/snappy/tar.gz/refs/tags/1.3.1'
SOURCE_ARTIFACT_1_FILE='snappy-1.3.1.tar.gz'
SOURCE_ARTIFACT_1_SHA256='893f708a0bf4b5529d555ffcee390e940e932fcf90261f682604475a76cd0247'
