FORMAT_VERSION='1'
SOURCE_TYPE='buildroot-derived'
UPSTREAM_NAME='ncurses'
UPSTREAM_LICENSE='MIT with advertising clause'
UPSTREAM_VERSION='6.4-20230603'
UPSTREAM_REVISION='3815d578c5759fa824322ea3d95ad51b55ab888e'
SOURCE_SNAPSHOT='https://gitlab.com/buildroot.org/buildroot/-/blob/3815d578c5759fa824322ea3d95ad51b55ab888e/package/ncurses/ncurses.mk'
SOURCE_SELECTION_REASON='The reviewed K230 baseline enables wide-character ncurses. This package establishes one explicit owner for libncursesw.so.6 before a dependent feed library is accepted.'
NON_PLATFORM_BUILD_INPUTS='Buildroot 2025.02.1 ncurses.mk and ncurses.hash; no TDVP-specific patches.'
SECURITY_STATUS='Buildroot recipe source SHA-256 is verified before candidate build; security review is release-candidate scoped.'
VERIFIED_BY='TDVP source-lock verifier plus Buildroot 2025.02.1 package hash'
VERIFIED_AT='2026-09-02'
VERIFICATION_REFERENCE='https://gitlab.com/buildroot.org/buildroot/-/blob/3815d578c5759fa824322ea3d95ad51b55ab888e/package/ncurses/ncurses.hash'
SOURCE_ARTIFACT_1_URL='https://github.com/ThomasDickey/ncurses-snapshots/archive/v6_4_20230603/ncurses-6.4-20230603.tar.gz'
SOURCE_ARTIFACT_1_FILE='ncurses-6.4-20230603.tar.gz'
SOURCE_ARTIFACT_1_SHA256='b0910671694c2c8377f579eea68477a15d67bd20ddd4b29328cfe15c62c7b3fd'
