FORMAT_VERSION='1'
SOURCE_TYPE='release-tarball'
UPSTREAM_NAME='ncnn'
UPSTREAM_LICENSE='BSD-3-Clause'
UPSTREAM_VERSION='20250503'
UPSTREAM_REVISION='20250503'
SOURCE_SNAPSHOT='https://github.com/Tencent/ncnn/archive/refs/tags/20250503.tar.gz'
SOURCE_SELECTION_REASON='Portable CPU inference runtime; CPU1 KPU execution remains a separate platform service.'
NON_PLATFORM_BUILD_INPUTS='Matched CPU0 SDK and declared native CMake tools.'
SECURITY_STATUS='Pinned upstream source; security and target runtime acceptance pending.'
VERIFIED_BY='SHA256 calculated from upstream tag archive downloaded over HTTPS'
VERIFIED_AT='2026-10-08'
VERIFICATION_REFERENCE='https://github.com/Tencent/ncnn/tree/20250503'
SOURCE_ARTIFACT_1_URL='https://github.com/Tencent/ncnn/archive/refs/tags/20250503.tar.gz'
SOURCE_ARTIFACT_1_FILE='ncnn-20250503.tar.gz'
SOURCE_ARTIFACT_1_SHA256='3afea4cf092ce97d06305b72c6affbcfb3530f536ae8e81a4f22007d82b729e9'
