FORMAT_VERSION='1'
SOURCE_TYPE='release-tarball'
SOURCE_SNAPSHOT='https://files.pythonhosted.org/packages/33/1c/f41d4e74c28ab327ff3acd36053f7ea506c55872d7a90b0fa71aa3ab0c89/charset_normalizer-3.5.2.tar.gz'
UPSTREAM_NAME='charset_normalizer'
UPSTREAM_LICENSE='MIT'
UPSTREAM_VERSION='3.5.2'
UPSTREAM_REVISION='3.5.2'
SOURCE_SELECTION_REASON='Reusable network and configuration dependency, pinned to upstream release metadata.'
NON_PLATFORM_BUILD_INPUTS='Hash-locked PEP 517 build-host environment and matching package SDK.'
SECURITY_STATUS='Candidate source; absence of PyPI advisory metadata does not replace security review or device acceptance.'
VERIFIED_BY='PyPI release SHA256 metadata and downloaded source digest'
VERIFIED_AT='2026-10-08'
VERIFICATION_REFERENCE='https://pypi.org/pypi/charset_normalizer/3.5.2/json'
SOURCE_ARTIFACT_1_URL='https://files.pythonhosted.org/packages/33/1c/f41d4e74c28ab327ff3acd36053f7ea506c55872d7a90b0fa71aa3ab0c89/charset_normalizer-3.5.2.tar.gz'
SOURCE_ARTIFACT_1_FILE='charset_normalizer-3.5.2.tar.gz'
SOURCE_ARTIFACT_1_SHA256='39de2a259fc954455c57274dc94c79d5842774e1247a016aff30bc0efed0f4ef'
