FORMAT_VERSION='1'
SOURCE_TYPE='release-tarball'
UPSTREAM_NAME='libunwind'
UPSTREAM_LICENSE='MIT'
UPSTREAM_VERSION='1.8.3'
UPSTREAM_REVISION='v1.8.3'
SOURCE_SNAPSHOT='https://github.com/libunwind/libunwind/releases/download/v1.8.3/libunwind-1.8.3.tar.gz'
SOURCE_SELECTION_REASON='Missing common Linux stack unwinding provider; official release asset.'
NON_PLATFORM_BUILD_INPUTS='Matched CPU0 SDK and declared host tools.'
SECURITY_STATUS='Source locked; build and runtime acceptance required before publication.'
VERIFIED_BY='Downloaded archive SHA256 matches official GitHub release asset digest'
VERIFIED_AT='2026-10-10'
VERIFICATION_REFERENCE='https://github.com/libunwind/libunwind/releases/tag/v1.8.3'
SOURCE_ARTIFACT_1_URL='https://github.com/libunwind/libunwind/releases/download/v1.8.3/libunwind-1.8.3.tar.gz'
SOURCE_ARTIFACT_1_FILE='libunwind-1.8.3.tar.gz'
SOURCE_ARTIFACT_1_SHA256='be30d910e67f58d82e753231f1357f326a1a088acf126b21ff77e60aab19b90b'
