# GNU bc needs Buildroot's host-flex parser generator, whose own host-m4
# dependency is included here so the private offline Buildroot download
# directory contains every non-platform source archive this transaction needs.
FORMAT_VERSION='1'
SOURCE_TYPE='buildroot-derived'
UPSTREAM_NAME='GNU bc'
UPSTREAM_LICENSE='GPL-2.0-or-later AND LGPL-2.1-or-later'
UPSTREAM_VERSION='1.07.1'
UPSTREAM_REVISION='3815d578c5759fa824322ea3d95ad51b55ab888e'
SOURCE_SNAPSHOT='https://gitlab.com/buildroot.org/buildroot/-/blob/3815d578c5759fa824322ea3d95ad51b55ab888e/package/bc/bc.mk'
SOURCE_SELECTION_REASON='GNU bc provides an arbitrary-precision calculator. Its full source-built target command is isolated behind /usr/bin/tdvp-bc so a firmware BusyBox bc path is never replaced.'
NON_PLATFORM_BUILD_INPUTS='Buildroot 2025.02.1 bc.mk/bc.hash, flex.mk/flex.hash, and m4.mk/m4.hash. flex and m4 are host-only parser-generator inputs; no target root command, Debian binary, or TDVP-specific patch is used.'
SECURITY_STATUS='Every target and host source archive is SHA-256 verified before the private offline Buildroot transaction. The RISC-V ELF, runtime closure, RPATH/RUNPATH, and base-overlay gates must pass before candidate upload.'
VERIFIED_BY='TDVP source-lock verifier plus Buildroot 2025.02.1 bc, flex, and m4 package hashes'
VERIFIED_AT='2026-09-05'
VERIFICATION_REFERENCE='https://gitlab.com/buildroot.org/buildroot/-/blob/3815d578c5759fa824322ea3d95ad51b55ab888e/package/bc/bc.hash'
SOURCE_ARTIFACT_1_URL='https://ftp.gnu.org/gnu/bc/bc-1.07.1.tar.gz'
SOURCE_ARTIFACT_1_FILE='bc-1.07.1.tar.gz'
SOURCE_ARTIFACT_1_SHA256='62adfca89b0a1c0164c2cdca59ca210c1d44c3ffc46daf9931cf4942664cb02a'
SOURCE_ARTIFACT_2_URL='https://github.com/westes/flex/files/981163/flex-2.6.4.tar.gz'
SOURCE_ARTIFACT_2_FILE='flex-2.6.4.tar.gz'
SOURCE_ARTIFACT_2_SHA256='e87aae032bf07c26f85ac0ed3250998c37621d95f8bd748b31f15b33c45ee995'
SOURCE_ARTIFACT_3_URL='https://ftp.gnu.org/gnu/m4/m4-1.4.19.tar.xz'
SOURCE_ARTIFACT_3_FILE='m4-1.4.19.tar.xz'
SOURCE_ARTIFACT_3_SHA256='63aede5c6d33b6d9b13511cd0be2cac046f2e70fd0a07aa9573a04a82783af96'
