FORMAT_VERSION='1'
SOURCE_TYPE='git'
UPSTREAM_NAME='SDL'
UPSTREAM_LICENSE='Zlib'
UPSTREAM_VERSION='2.30.11'
UPSTREAM_REVISION='fa24d868ac2f8fd558e4e914c9863411245db8fd'
SOURCE_SNAPSHOT='https://github.com/libsdl-org/SDL/commit/fa24d868ac2f8fd558e4e914c9863411245db8fd'
SOURCE_SELECTION_REASON='SDL2 is rebuilt once as the reusable K230 Wayland runtime and receives the reviewed local PulseAudio buffering patch.'
NON_PLATFORM_BUILD_INPUTS='The GitHub commit snapshot, the hash-pinned local patch, and the matching K230 SDK overlay; no network access is permitted while building.'
SECURITY_STATUS='The immutable commit snapshot and reviewed local patch are SHA-256 verified before offline cross compilation.'
VERIFIED_BY='TDVP source-lock verifier and GitHub commit snapshot hash'
VERIFIED_AT='2026-09-04'
VERIFICATION_REFERENCE='https://github.com/libsdl-org/SDL/commit/fa24d868ac2f8fd558e4e914c9863411245db8fd'
SOURCE_ARTIFACT_1_URL='https://github.com/libsdl-org/SDL/archive/fa24d868ac2f8fd558e4e914c9863411245db8fd.tar.gz'
SOURCE_ARTIFACT_1_FILE='SDL-fa24d868ac2f8fd558e4e914c9863411245db8fd.tar.gz'
SOURCE_ARTIFACT_1_SHA256='d42659685433a84f8b93f6f317a327c6599e190d910081615933abc96c1ebcb6'
SOURCE_PATCH_1_FILE='patches/0001-pulseaudio-add-opt-in-stream-buffer.patch'
SOURCE_PATCH_1_SHA256='886620c4075ab6a314ab7460b7640bb1147c30025e7bc75460f06ad5a2de05ea'
SOURCE_PATCH_1_REASON='Enable the reviewed opt-in PulseAudio stream buffering policy for the TDVP K230 Wayland runtime.'
