FORMAT_VERSION='1'
SOURCE_TYPE='buildroot-derived'
UPSTREAM_NAME='PCRE2'
UPSTREAM_LICENSE='BSD-3-Clause'
UPSTREAM_VERSION='10.44'
UPSTREAM_REVISION='3815d578c5759fa824322ea3d95ad51b55ab888e'
SOURCE_SNAPSHOT='https://gitlab.com/buildroot.org/buildroot/-/blob/3815d578c5759fa824322ea3d95ad51b55ab888e/package/pcre2/pcre2.mk'
SOURCE_SELECTION_REASON='The reviewed K230 Buildroot baseline enables PCRE2; libpcre2-8 provides the single public SONAME needed by GNU grep without bundling it into an application package.'
NON_PLATFORM_BUILD_INPUTS='Buildroot 2025.02.1 pcre2.mk and pcre2.hash; no TDVP-specific patches.'
SECURITY_STATUS='Buildroot recipe source SHA-256 is verified before candidate build; security review is release-candidate scoped.'
VERIFIED_BY='TDVP source-lock verifier plus Buildroot 2025.02.1 package hash'
VERIFIED_AT='2026-09-02'
VERIFICATION_REFERENCE='https://gitlab.com/buildroot.org/buildroot/-/blob/3815d578c5759fa824322ea3d95ad51b55ab888e/package/pcre2/pcre2.hash'
SOURCE_ARTIFACT_1_URL='https://github.com/PCRE2Project/pcre2/releases/download/pcre2-10.44/pcre2-10.44.tar.bz2'
SOURCE_ARTIFACT_1_FILE='pcre2-10.44.tar.bz2'
SOURCE_ARTIFACT_1_SHA256='d34f02e113cf7193a1ebf2770d3ac527088d485d4e047ed10e5d217c6ef5de96'
