FORMAT_VERSION='1'
SOURCE_TYPE='release-tarball'
UPSTREAM_NAME='paho-mqtt-c'
UPSTREAM_LICENSE='EPL-2.0 OR BSD-3-Clause'
UPSTREAM_VERSION='1.3.14'
UPSTREAM_REVISION='1.3.14'
SOURCE_SNAPSHOT='https://sources.buildroot.net/paho-mqtt-c/paho-mqtt-c-1.3.14.tar.gz'
SOURCE_SELECTION_REASON='Complete AI application prerequisites, built once with reusable development staging.'
NON_PLATFORM_BUILD_INPUTS='ABI-matched package SDK and declared native commands.'
SECURITY_STATUS='Source hash pinned; device functionality and security advisory review required before publication.'
VERIFIED_BY='Buildroot 2025.02.1 package hash'
VERIFIED_AT='2026-10-08'
VERIFICATION_REFERENCE='https://raw.githubusercontent.com/buildroot/buildroot/2025.02.1/package/paho-mqtt-c/paho-mqtt-c.hash'
SOURCE_ARTIFACT_1_URL='https://sources.buildroot.net/paho-mqtt-c/paho-mqtt-c-1.3.14.tar.gz'
SOURCE_ARTIFACT_1_FILE='paho-mqtt-c-1.3.14.tar.gz'
SOURCE_ARTIFACT_1_SHA256='7af7d906e60a696a80f1b7c2bd7d6eb164aaad908ff4c40c3332ac2006d07346'
