FORMAT_VERSION='1'
SOURCE_TYPE='git'
UPSTREAM_NAME='mGBA'
UPSTREAM_LICENSE='MPL-2.0'
UPSTREAM_VERSION='0.10.5'
UPSTREAM_REVISION='26b7884bc25a5933960f3cdcd98bac1ae14d42e2'
SOURCE_SNAPSHOT='https://github.com/mgba-emu/mgba/commit/26b7884bc25a5933960f3cdcd98bac1ae14d42e2'
SOURCE_SELECTION_REASON='mGBA is rebuilt as a reusable dynamic core against the matched K230 SDK and never bundled into the TDVP GBA frontend.'
NON_PLATFORM_BUILD_INPUTS='A single GitHub commit snapshot from the source cache and the matching K230 SDK; no nested source fetch is allowed.'
SECURITY_STATUS='The immutable commit snapshot is SHA-256 verified before offline cross compilation.'
VERIFIED_BY='TDVP source-lock verifier and GitHub commit snapshot hash'
VERIFIED_AT='2026-09-04'
VERIFICATION_REFERENCE='https://github.com/mgba-emu/mgba/commit/26b7884bc25a5933960f3cdcd98bac1ae14d42e2'
SOURCE_ARTIFACT_1_URL='https://github.com/mgba-emu/mgba/archive/26b7884bc25a5933960f3cdcd98bac1ae14d42e2.tar.gz'
SOURCE_ARTIFACT_1_FILE='mgba-26b7884bc25a5933960f3cdcd98bac1ae14d42e2.tar.gz'
SOURCE_ARTIFACT_1_SHA256='9475c26e9fa2f4b30c07ab6636e4b0a5b62e4baee2109ede7b2fecc52edae366'
