FORMAT_VERSION='1'
SOURCE_TYPE='release-tarball'
UPSTREAM_NAME='dav1d'
UPSTREAM_LICENSE='BSD-2-Clause'
UPSTREAM_VERSION='1.5.3'
UPSTREAM_REVISION='1.5.3'
SOURCE_SNAPSHOT='https://downloads.videolan.org/pub/videolan/dav1d/1.5.3/dav1d-1.5.3.tar.xz'
SOURCE_SELECTION_REASON='Independent AV1 decoder for vision/media consumers; generic CPU0 implementation without vector assembly.'
NON_PLATFORM_BUILD_INPUTS='Matched CPU0 SDK and declared native Meson/Ninja tools; no online testdata downloads.'
SECURITY_STATUS='Official release archive downloaded over verified HTTPS; formal build, real decoding, negative inputs, IPK installation and component/security review pending.'
VERIFIED_BY='Official VideoLAN archive SHA256 and COPYING inspection'
VERIFIED_AT='2026-10-10'
VERIFICATION_REFERENCE='https://downloads.videolan.org/pub/videolan/dav1d/1.5.3/'
SOURCE_ARTIFACT_1_URL='https://downloads.videolan.org/pub/videolan/dav1d/1.5.3/dav1d-1.5.3.tar.xz'
SOURCE_ARTIFACT_1_FILE='dav1d-1.5.3.tar.xz'
SOURCE_ARTIFACT_1_SHA256='732010aa5ef461fa93355ed2c6c5fedb48ddc4b74e697eaabe8907eaeb943011'
