# This package selects commands from several reviewed Buildroot packages.
# Each source artifact is named because Buildroot is forced to use a private,
# hash-verified offline download directory for this aggregate build.
FORMAT_VERSION='1'
SOURCE_TYPE='buildroot-derived'
UPSTREAM_NAME='GNU tar/gzip, bzip2, XZ, Zstandard, Info-ZIP, Debian unzip, p7zip'
UPSTREAM_LICENSE='GPL-3.0+, bzip2 license, Public Domain, BSD-0-Clause, GPL-2.0+, GPL-3.0+, LGPL-2.1+, BSD-3-Clause, Info-ZIP, LGPL-2.1+ with unRAR restriction'
UPSTREAM_VERSION='tar-1.35,gzip-1.13,bzip2-1.0.8,xz-5.6.4,zstd-1.5.7,zip-3.0,unzip-6.0-27,p7zip-17.05'
UPSTREAM_REVISION='3815d578c5759fa824322ea3d95ad51b55ab888e'
SOURCE_SNAPSHOT='https://gitlab.com/buildroot.org/buildroot/-/tree/3815d578c5759fa824322ea3d95ad51b55ab888e/package'
SOURCE_SELECTION_REASON='The TDVP archive candidate exposes selected commands through private libexec implementations and new usr/bin frontends without replacing BusyBox. All target sources follow the locked Buildroot 2025.02.1 package recipes.'
NON_PLATFORM_BUILD_INPUTS='Buildroot 2025.02.1 tar, gzip, bzip2, xz, zstd, zip, unzip, and p7zip package recipes and reviewed patch sets. Artifacts use the HTTPS Buildroot source mirror so the exact Buildroot filenames are available to the private offline BR2_DL_DIR; no TDVP-specific patches.'
SECURITY_STATUS='Buildroot source hashes and the Debian unzip patch archive are verified before the candidate build. Release review must reassess current archive-parser CVEs before signing.'
VERIFIED_BY='TDVP source-lock verifier plus Buildroot 2025.02.1 package hashes'
VERIFIED_AT='2026-09-02'
VERIFICATION_REFERENCE='https://gitlab.com/buildroot.org/buildroot/-/tree/3815d578c5759fa824322ea3d95ad51b55ab888e/package'
SOURCE_ARTIFACT_1_URL='https://sources.buildroot.net/tar/tar-1.35.tar.xz'
SOURCE_ARTIFACT_1_FILE='tar-1.35.tar.xz'
SOURCE_ARTIFACT_1_SHA256='4d62ff37342ec7aed748535323930c7cf94acf71c3591882b26a7ea50f3edc16'
SOURCE_ARTIFACT_2_URL='https://sources.buildroot.net/gzip/gzip-1.13.tar.xz'
SOURCE_ARTIFACT_2_FILE='gzip-1.13.tar.xz'
SOURCE_ARTIFACT_2_SHA256='7454eb6935db17c6655576c2e1b0fabefd38b4d0936e0f87f48cd062ce91a057'
SOURCE_ARTIFACT_3_URL='https://sources.buildroot.net/bzip2/bzip2-1.0.8.tar.gz'
SOURCE_ARTIFACT_3_FILE='bzip2-1.0.8.tar.gz'
SOURCE_ARTIFACT_3_SHA256='ab5a03176ee106d3f0fa90e381da478ddae405918153cca248e682cd0c4a2269'
SOURCE_ARTIFACT_4_URL='https://sources.buildroot.net/xz/xz-5.6.4.tar.bz2'
SOURCE_ARTIFACT_4_FILE='xz-5.6.4.tar.bz2'
SOURCE_ARTIFACT_4_SHA256='176d510c30d80a23b8050bbc048f2ecaacb823ae48b6821727ed6591f0df9200'
SOURCE_ARTIFACT_5_URL='https://sources.buildroot.net/zstd/zstd-1.5.7.tar.gz'
SOURCE_ARTIFACT_5_FILE='zstd-1.5.7.tar.gz'
SOURCE_ARTIFACT_5_SHA256='eb33e51f49a15e023950cd7825ca74a4a2b43db8354825ac24fc1b7ee09e6fa3'
SOURCE_ARTIFACT_6_URL='https://sources.buildroot.net/zip/zip30.tar.gz'
SOURCE_ARTIFACT_6_FILE='zip30.tar.gz'
SOURCE_ARTIFACT_6_SHA256='f0e8bb1f9b7eb0b01285495a2699df3a4b766784c1765a8f1aeedf63c0806369'
SOURCE_ARTIFACT_7_URL='https://sources.buildroot.net/unzip/unzip_6.0.orig.tar.gz'
SOURCE_ARTIFACT_7_FILE='unzip_6.0.orig.tar.gz'
SOURCE_ARTIFACT_7_SHA256='036d96991646d0449ed0aa952e4fbe21b476ce994abc276e49d30e686708bd37'
SOURCE_ARTIFACT_8_URL='https://sources.buildroot.net/unzip/unzip_6.0-27.debian.tar.xz'
SOURCE_ARTIFACT_8_FILE='unzip_6.0-27.debian.tar.xz'
SOURCE_ARTIFACT_8_SHA256='67bde7c71d52afd61aa936d4415c8d12fd90ca26e9637a3cd67cae9b71298c12'
SOURCE_ARTIFACT_9_URL='https://sources.buildroot.net/p7zip/p7zip-17.05.tar.gz'
SOURCE_ARTIFACT_9_FILE='p7zip-17.05.tar.gz'
SOURCE_ARTIFACT_9_SHA256='d2788f892571058c08d27095c22154579dfefb807ebe357d145ab2ddddefb1a6'
