FORMAT_VERSION='1'
SOURCE_TYPE='release-tarball'
UPSTREAM_NAME='spdlog'
UPSTREAM_LICENSE='MIT'
UPSTREAM_VERSION='1.15.2'
UPSTREAM_REVISION='1.15.2'
SOURCE_SNAPSHOT='https://sources.buildroot.net/spdlog/spdlog-1.15.2.tar.gz'
SOURCE_SELECTION_REASON='Common C++ application infrastructure absent from the platform image.'
NON_PLATFORM_BUILD_INPUTS='Matched CPU0 SDK and declared native CMake tools.'
SECURITY_STATUS='Pinned source; security review and runtime acceptance pending.'
VERIFIED_BY='Buildroot 2025.02.1 source hash'
VERIFIED_AT='2026-10-08'
VERIFICATION_REFERENCE='https://raw.githubusercontent.com/buildroot/buildroot/2025.02.1/package/spdlog/spdlog.hash'
SOURCE_ARTIFACT_1_URL='https://sources.buildroot.net/spdlog/spdlog-1.15.2.tar.gz'
SOURCE_ARTIFACT_1_FILE='spdlog-1.15.2.tar.gz'
SOURCE_ARTIFACT_1_SHA256='7a80896357f3e8e920e85e92633b14ba0f229c506e6f978578bdc35ba09e9a5d'
