FORMAT_VERSION='1'
SOURCE_TYPE='release-tarball'
UPSTREAM_NAME='libxslt'
UPSTREAM_LICENSE='MIT'
UPSTREAM_VERSION='1.1.45'
UPSTREAM_REVISION='1.1.45'
SOURCE_SNAPSHOT='https://download.gnome.org/sources/libxslt/1.1/libxslt-1.1.45.tar.xz'
SOURCE_SELECTION_REASON='Missing common Linux library provider; official release archive.'
NON_PLATFORM_BUILD_INPUTS='Matched CPU0 SDK and declared host tools.'
SECURITY_STATUS='Source locked; security, build and device acceptance required before publication.'
VERIFIED_BY='Official HTTPS archive SHA256 and source license inventory'
VERIFIED_AT='2026-10-10'
VERIFICATION_REFERENCE='https://download.gnome.org/sources/libxslt/1.1'
SOURCE_ARTIFACT_1_URL='https://download.gnome.org/sources/libxslt/1.1/libxslt-1.1.45.tar.xz'
SOURCE_ARTIFACT_1_FILE='libxslt-1.1.45.tar.xz'
SOURCE_ARTIFACT_1_SHA256='9acfe68419c4d06a45c550321b3212762d92f41465062ca4ea19e632ee5d216e'
