FORMAT_VERSION='1'
SOURCE_TYPE='release-tarball'
UPSTREAM_NAME='libmnl'
UPSTREAM_LICENSE='LGPL-2.1-or-later'
UPSTREAM_VERSION='1.0.5'
UPSTREAM_REVISION='1.0.5'
SOURCE_SNAPSHOT='https://www.netfilter.org/pub/libmnl/libmnl-1.0.5.tar.bz2'
SOURCE_SELECTION_REASON='Missing common Linux library provider; official release archive.'
NON_PLATFORM_BUILD_INPUTS='Matched CPU0 SDK and declared host tools.'
SECURITY_STATUS='Source locked; security, build and device acceptance required before publication.'
VERIFIED_BY='Official HTTPS archive SHA256 and source license inventory'
VERIFIED_AT='2026-10-10'
VERIFICATION_REFERENCE='https://www.netfilter.org/pub/libmnl'
SOURCE_ARTIFACT_1_URL='https://www.netfilter.org/pub/libmnl/libmnl-1.0.5.tar.bz2'
SOURCE_ARTIFACT_1_FILE='libmnl-1.0.5.tar.bz2'
SOURCE_ARTIFACT_1_SHA256='274b9b919ef3152bfb3da3a13c950dd60d6e2bcd54230ffeca298d03b40d0525'
