# c-ares is a reusable asynchronous DNS provider for Node.js and later network clients.
FORMAT_VERSION='1'
SOURCE_TYPE='release-tarball'
UPSTREAM_NAME='c-ares'
UPSTREAM_LICENSE='MIT'
UPSTREAM_VERSION='1.34.8'
UPSTREAM_REVISION='v1.34.8'
SOURCE_SNAPSHOT='https://github.com/c-ares/c-ares/releases/tag/v1.34.8'
SOURCE_SELECTION_REASON='Node.js requires a public c-ares ABI. Building the reviewed release directly into one feed-owned libcares package prevents a private Node copy or a dependency on an immutable firmware library.'
NON_PLATFORM_BUILD_INPUTS='Official versioned release archive and matching K230 SDK sysroot; no Buildroot target files, Debian binaries, or TDVP source patches are copied into the payload.'
SECURITY_STATUS='The official release archive SHA-256 is verified in the content-addressed source cache before every build; release-candidate advisory review remains required.'
VERIFIED_BY='Official GitHub release asset SHA-256 digest and TDVP source-lock verifier'
VERIFIED_AT='2026-10-09'
VERIFICATION_REFERENCE='https://github.com/c-ares/c-ares/releases/tag/v1.34.8'
SOURCE_ARTIFACT_1_URL='https://github.com/c-ares/c-ares/releases/download/v1.34.8/c-ares-1.34.8.tar.gz'
SOURCE_ARTIFACT_1_FILE='c-ares-1.34.8.tar.gz'
SOURCE_ARTIFACT_1_SHA256='c222b6d681096f9444d2c4863d2c1174019e27cacca0a4a5c114d36dd7d7bf78'
