# c-ares is a reusable asynchronous DNS provider for Node.js and later network clients.
FORMAT_VERSION='1'
SOURCE_TYPE='release-tarball'
UPSTREAM_NAME='c-ares'
UPSTREAM_LICENSE='MIT'
UPSTREAM_VERSION='1.34.2'
UPSTREAM_REVISION='v1.34.2'
SOURCE_SNAPSHOT='https://gitlab.com/buildroot.org/buildroot/-/blob/3815d578c5759fa824322ea3d95ad51b55ab888e/package/c-ares/c-ares.mk'
SOURCE_SELECTION_REASON='Node.js requires a public c-ares ABI. Building the reviewed release directly into one feed-owned libcares package prevents a private Node copy or a dependency on an immutable firmware library.'
NON_PLATFORM_BUILD_INPUTS='Buildroot 2025.02.1 source metadata and matching K230 SDK sysroot; no Buildroot target files, Debian binaries, or TDVP source patches are copied into the payload.'
SECURITY_STATUS='The official release archive SHA-256 is verified in the content-addressed source cache before every build; release-candidate advisory review remains required.'
VERIFIED_BY='TDVP source-lock verifier plus Buildroot 2025.02.1 c-ares.hash'
VERIFIED_AT='2026-09-02'
VERIFICATION_REFERENCE='https://gitlab.com/buildroot.org/buildroot/-/blob/3815d578c5759fa824322ea3d95ad51b55ab888e/package/c-ares/c-ares.hash'
SOURCE_ARTIFACT_1_URL='https://github.com/c-ares/c-ares/releases/download/v1.34.2/c-ares-1.34.2.tar.gz'
SOURCE_ARTIFACT_1_FILE='c-ares-1.34.2.tar.gz'
SOURCE_ARTIFACT_1_SHA256='35410aa625cc9ee95b66475f54aea7c81c673fb63d75fad5eee267711503b72a'
