FORMAT_VERSION='1'
SOURCE_TYPE='git'
UPSTREAM_NAME='vim-commentary'
UPSTREAM_LICENSE='Vim License'
UPSTREAM_VERSION='1.3'
UPSTREAM_REVISION='34976d96b61d49cafce624cdd947317111c43bd8'
SOURCE_SNAPSHOT='https://github.com/tpope/vim-commentary/tree/34976d96b61d49cafce624cdd947317111c43bd8'
SOURCE_SELECTION_REASON='Existing TDVP Vim r8/r9/r10 plugin release; the fixed commit archive is a pure Vimscript payload with no native ABI surface.'
SOURCE_ARTIFACT_1_URL='https://github.com/tpope/vim-commentary/archive/34976d96b61d49cafce624cdd947317111c43bd8.tar.gz'
SOURCE_ARTIFACT_1_FILE='vim-commentary-34976d96b61d49cafce624cdd947317111c43bd8.tar.gz'
SOURCE_ARTIFACT_1_SHA256='33c2b5d234f1f87c51ece16bc64d3bb530d810f5dbd0a5b5857b63f5af9106fa'
NON_PLATFORM_BUILD_INPUTS='tar and the feed-controlled source cache only'
SECURITY_STATUS='No known unresolved upstream security advisory at source-lock review time.'
VERIFIED_BY='TDVP Device Team'
VERIFIED_AT='2026-09-02'
VERIFICATION_REFERENCE='TDVP source-lock pilot for vim-plugin-commentary'
