FORMAT_VERSION='1'
SOURCE_TYPE='release-tarball'
UPSTREAM_NAME='gst-plugins-good'
UPSTREAM_LICENSE='LGPL-2.1-or-later'
UPSTREAM_VERSION='1.28.7'
UPSTREAM_REVISION='1.28.7'
SOURCE_SNAPSHOT='https://gstreamer.freedesktop.org/src/gst-plugins-good/gst-plugins-good-1.28.7.tar.xz'
SOURCE_SELECTION_REASON='Provide reusable network, media-container and image processing pipelines on CPU0 without taking camera acquisition from CPU1.'
NON_PLATFORM_BUILD_INPUTS='Matched CPU0 SDK, GStreamer core/base/libvpx development, declared bitstream parser provider and source-locked native Meson environment.'
SECURITY_STATUS='Official archive digest verified; plugin/format, network, IPK installation and component review pending.'
VERIFIED_BY='Official sha256sum sidecar checked against downloaded release archive'
VERIFIED_AT='2026-10-10'
VERIFICATION_REFERENCE='https://gstreamer.freedesktop.org/src/gst-plugins-good/gst-plugins-good-1.28.7.tar.xz.sha256sum'
SOURCE_ARTIFACT_1_URL='https://gstreamer.freedesktop.org/src/gst-plugins-good/gst-plugins-good-1.28.7.tar.xz'
SOURCE_ARTIFACT_1_FILE='gst-plugins-good-1.28.7.tar.xz'
SOURCE_ARTIFACT_1_SHA256='87256969c82cf3bc8574301f3e7044a90de0ac500a5a27d8ba38c4dde894dd8b'
