FORMAT_VERSION='1'
SOURCE_TYPE='release-tarball'
UPSTREAM_NAME='JPEG XL'
UPSTREAM_LICENSE='BSD-3-Clause with patent grant and retained component notices'
UPSTREAM_VERSION='0.12.0'
UPSTREAM_REVISION='v0.12.0'
SOURCE_SNAPSHOT='https://github.com/libjxl/libjxl/archive/refs/tags/v0.12.0.tar.gz'
SOURCE_SELECTION_REASON='Missing JPEG XL image runtime and ICC color support for vision/media applications.'
NON_PLATFORM_BUILD_INPUTS='Matched CPU0 SDK with independent Highway, Little CMS and Brotli providers; software vector implementation without RVV; online dependency fetching disabled.'
SECURITY_STATUS='Official release source and dependency pins inspected; formal cross build, lossless/negative consumers, IPK installation and full component/security/legal review pending.'
VERIFIED_BY='Official tag archive SHA256 and upstream deps.sh/CMake dependency review'
VERIFIED_AT='2026-10-10'
VERIFICATION_REFERENCE='https://github.com/libjxl/libjxl/releases/tag/v0.12.0'
SOURCE_ARTIFACT_1_URL='https://github.com/libjxl/libjxl/archive/refs/tags/v0.12.0.tar.gz'
SOURCE_ARTIFACT_1_FILE='libjxl-0.12.0.tar.gz'
SOURCE_ARTIFACT_1_SHA256='03e9be69a30be4011f559da75328b6d7cea8ad921fabfbd551ce10bf45cdc992'
SOURCE_BUILD_INPUT_1_FILE='cpu0-emulated.cmake'
SOURCE_BUILD_INPUT_1_SHA256='023d7240d8b4a7bad69a6c66c620baf34a0eacc6db6234a7a27ad8fdb90814de'
SOURCE_BUILD_INPUT_1_REASON='Use the same CPU0 software-emulated Highway vector implementation as the independent development provider, preserving SDK ABI and source-path flags.'
