FORMAT_VERSION='1'
SOURCE_TYPE='release-tarball'
UPSTREAM_NAME='libpsl'
UPSTREAM_LICENSE='MIT'
UPSTREAM_VERSION='0.23.3'
UPSTREAM_REVISION='0.23.3'
SOURCE_SNAPSHOT='https://github.com/rockdaboot/libpsl/releases/download/0.23.3/libpsl-0.23.3.tar.gz'
SOURCE_SELECTION_REASON='Missing common Linux public suffix provider; includes locked built-in suffix data.'
NON_PLATFORM_BUILD_INPUTS='Matched CPU0 SDK and declared libidn2 development export.'
SECURITY_STATUS='Source locked; build and runtime acceptance required before publication.'
VERIFIED_BY='Downloaded archive SHA256 matches official GitHub release asset digest'
VERIFIED_AT='2026-10-10'
VERIFICATION_REFERENCE='https://github.com/rockdaboot/libpsl/releases/tag/0.23.3'
SOURCE_ARTIFACT_1_URL='https://github.com/rockdaboot/libpsl/releases/download/0.23.3/libpsl-0.23.3.tar.gz'
SOURCE_ARTIFACT_1_FILE='libpsl-0.23.3.tar.gz'
SOURCE_ARTIFACT_1_SHA256='93941f85a1e7bd593fa94f299233cb5dfc91cd144fd9a78a6ceb75001c5b03be'
