# Buildroot owns cross-compile configuration; this locks its reviewed source.
FORMAT_VERSION='1'
SOURCE_TYPE='buildroot-derived'
UPSTREAM_NAME='less'
UPSTREAM_LICENSE='GPL-3.0-or-later'
UPSTREAM_VERSION='661'
UPSTREAM_REVISION='3815d578c5759fa824322ea3d95ad51b55ab888e'
SOURCE_SNAPSHOT='https://gitlab.com/buildroot.org/buildroot/-/blob/3815d578c5759fa824322ea3d95ad51b55ab888e/package/less/less.mk'
SOURCE_SELECTION_REASON='Small terminal pager for source and log inspection; the reviewed K230 baseline already enables wide-character ncurses, whose runtime remains independently owned by libncursesw.'
NON_PLATFORM_BUILD_INPUTS='Buildroot 2025.02.1 less.mk and less.hash; no TDVP-specific patches.'
SECURITY_STATUS='Buildroot recipe source SHA-256 is verified before candidate build; security review is release-candidate scoped.'
VERIFIED_BY='TDVP source-lock verifier plus Buildroot 2025.02.1 package hash'
VERIFIED_AT='2026-09-02'
VERIFICATION_REFERENCE='https://gitlab.com/buildroot.org/buildroot/-/blob/3815d578c5759fa824322ea3d95ad51b55ab888e/package/less/less.hash'
SOURCE_ARTIFACT_1_URL='https://www.greenwoodsoftware.com/less/less-661.tar.gz'
SOURCE_ARTIFACT_1_FILE='less-661.tar.gz'
SOURCE_ARTIFACT_1_SHA256='2b5f0167216e3ef0ffcb0c31c374e287eb035e4e223d5dae315c2783b6e738ed'
