FORMAT_VERSION='1'
SOURCE_TYPE='release-tarball'
UPSTREAM_NAME='Protobuf'
UPSTREAM_LICENSE='BSD-3-Clause'
UPSTREAM_VERSION='29.3'
UPSTREAM_REVISION='v29.3'
SOURCE_SNAPSHOT='https://github.com/protocolbuffers/protobuf/releases/download/v29.3/protobuf-29.3.tar.gz'
SOURCE_SELECTION_REASON='One source identity for the native protoc generator and target serialization runtime.'
NON_PLATFORM_BUILD_INPUTS='Source-locked native Abseil and protoc, native CMake tools and matched CPU0 SDK.'
SECURITY_STATUS='Pinned source; complete dependency closure, generated-message tests and advisory review required before promotion.'
VERIFIED_BY='Buildroot 2025.02.1 source hash'
VERIFIED_AT='2026-10-08'
VERIFICATION_REFERENCE='https://raw.githubusercontent.com/buildroot/buildroot/2025.02.1/package/protobuf/protobuf.hash'
SOURCE_ARTIFACT_1_URL='https://github.com/protocolbuffers/protobuf/releases/download/v29.3/protobuf-29.3.tar.gz'
SOURCE_ARTIFACT_1_FILE='protobuf-29.3.tar.gz'
SOURCE_ARTIFACT_1_SHA256='008a11cc56f9b96679b4c285fd05f46d317d685be3ab524b2a310be0fbad987e'
