FORMAT_VERSION='1'
SOURCE_TYPE='release-tarball'
UPSTREAM_NAME='brotli'
UPSTREAM_LICENSE='MIT'
UPSTREAM_VERSION='1.2.0'
UPSTREAM_REVISION='v1.2.0'
SOURCE_SNAPSHOT='https://codeload.github.com/google/brotli/tar.gz/refs/tags/v1.2.0'
SOURCE_SELECTION_REASON='Missing common Linux compression provider; official release tag.'
NON_PLATFORM_BUILD_INPUTS='Matched CPU0 SDK and declared CMake host tools.'
SECURITY_STATUS='Issue 1509 concerns a later experimental Base64 commit absent from this tag; broader review and runtime acceptance pending.'
VERIFIED_BY='Downloaded tag archive SHA256; inspected CMake options and absence of experimental Base64 API'
VERIFIED_AT='2026-10-10'
VERIFICATION_REFERENCE='https://github.com/google/brotli/releases/tag/v1.2.0'
SOURCE_ARTIFACT_1_URL='https://codeload.github.com/google/brotli/tar.gz/refs/tags/v1.2.0'
SOURCE_ARTIFACT_1_FILE='brotli-v1.2.0.tar.gz'
SOURCE_ARTIFACT_1_SHA256='816c96e8e8f193b40151dad7e8ff37b1221d019dbcb9c35cd3fadbfe6477dfec'
