FORMAT_VERSION='1'
SOURCE_TYPE='release-tarball'
UPSTREAM_NAME='lmdb'
UPSTREAM_LICENSE='OLDAP-2.8'
UPSTREAM_VERSION='0.9.36'
UPSTREAM_REVISION='LMDB_0.9.36'
SOURCE_SNAPSHOT='https://git.openldap.org/openldap/openldap/-/archive/LMDB_0.9.36/openldap-LMDB_0.9.36.tar.gz'
SOURCE_SELECTION_REASON='Missing embedded system or data storage library; official immutable release archive.'
NON_PLATFORM_BUILD_INPUTS='Matched CPU0 SDK and declared host tools.'
SECURITY_STATUS='Source locked; build, licensing, runtime and installation acceptance remain required.'
VERIFIED_BY='Official HTTPS archive hash and license inspection'
VERIFIED_AT='2026-10-10'
VERIFICATION_REFERENCE='https://git.openldap.org/openldap/openldap/-/archive/LMDB_0.9.36'
SOURCE_ARTIFACT_1_URL='https://git.openldap.org/openldap/openldap/-/archive/LMDB_0.9.36/openldap-LMDB_0.9.36.tar.gz'
SOURCE_ARTIFACT_1_FILE='openldap-LMDB_0.9.36.tar.gz'
SOURCE_ARTIFACT_1_SHA256='90a595ea500074af61b213464452d8d212405261094667a686357467ae7b57b9'
