FORMAT_VERSION='1'
SOURCE_TYPE='release-tarball'
SOURCE_SNAPSHOT='https://www.tcpdump.org/release/libpcap-1.10.5.tar.gz'
UPSTREAM_NAME='libpcap'
UPSTREAM_LICENSE='BSD-3-Clause'
UPSTREAM_VERSION='1.10.5'
UPSTREAM_REVISION='1.10.5'
SOURCE_SELECTION_REASON='Reusable Linux application prerequisite, source and development files bound to the same release.'
NON_PLATFORM_BUILD_INPUTS='ABI-matched package SDK and declared native build tools.'
SECURITY_STATUS='Pinned Buildroot 2025.02.1 source; security review and device acceptance required before promotion.'
VERIFIED_BY='Buildroot 2025.02.1 package hash'
VERIFIED_AT='2026-10-08'
VERIFICATION_REFERENCE='https://raw.githubusercontent.com/buildroot/buildroot/2025.02.1/package/libpcap/libpcap.hash'
SOURCE_ARTIFACT_1_URL='https://www.tcpdump.org/release/libpcap-1.10.5.tar.gz'
SOURCE_ARTIFACT_1_FILE='libpcap-1.10.5.tar.gz'
SOURCE_ARTIFACT_1_SHA256='37ced90a19a302a7f32e458224a00c365c117905c2cd35ac544b6880a81488f0'
