# Audacious core is rebuilt through the locked Buildroot 2025.02.1 output.
FORMAT_VERSION='1'
SOURCE_TYPE='buildroot-derived'
UPSTREAM_NAME='audacious'
UPSTREAM_LICENSE='BSD-2-Clause'
UPSTREAM_VERSION='4.6.1'
UPSTREAM_REVISION='17b29a330a106033ae96d57ce52f2c900e07addd'
SOURCE_SNAPSHOT='https://github.com/audacious-media-player/audacious/commit/17b29a330a106033ae96d57ce52f2c900e07addd'
SOURCE_SELECTION_REASON='Audacious core is admitted as one reusable GTK3 runtime provider and rebuilt only through the reviewed TDVP Buildroot package with a cache-seeded upstream release archive.'
NON_PLATFORM_BUILD_INPUTS='The locked Buildroot package recipe, already-built target dependencies, and the source cache archive listed below; no host download is permitted.'
SECURITY_STATUS='The exact upstream release archive is SHA-256 verified before the isolated offline Buildroot package build.'
VERIFIED_BY='TDVP source-lock verifier plus audited tdvp-audacious Buildroot hash'
VERIFIED_AT='2026-09-04'
VERIFICATION_REFERENCE='https://distfiles.audacious-media-player.org/audacious-4.6.1.tar.bz2'
SOURCE_ARTIFACT_1_URL='https://distfiles.audacious-media-player.org/audacious-4.6.1.tar.bz2'
SOURCE_ARTIFACT_1_FILE='audacious-4.6.1.tar.bz2'
SOURCE_ARTIFACT_1_SHA256='62a5a609267eca7f6e3ce52ef6f42d5618d2961e3b4ddc227c6a5859026965d9'
