FORMAT_VERSION='1'
SOURCE_TYPE='buildroot-derived'
UPSTREAM_NAME='GNU Readline'
UPSTREAM_LICENSE='GPL-3.0-or-later'
UPSTREAM_VERSION='8.2'
UPSTREAM_REVISION='3815d578c5759fa824322ea3d95ad51b55ab888e'
SOURCE_SNAPSHOT='https://gitlab.com/buildroot.org/buildroot/-/blob/3815d578c5759fa824322ea3d95ad51b55ab888e/package/readline/readline.mk'
SOURCE_SELECTION_REASON='The reviewed K230 baseline enables readline. This package isolates its public library from gawk and records the ncurses source Buildroot may need while constructing the library path.'
NON_PLATFORM_BUILD_INPUTS='Buildroot 2025.02.1 readline.mk/readline.hash and ncurses.mk/ncurses.hash; no TDVP-specific patches.'
SECURITY_STATUS='Buildroot recipe source SHA-256 is verified before candidate build; security review is release-candidate scoped.'
VERIFIED_BY='TDVP source-lock verifier plus Buildroot 2025.02.1 package hash'
VERIFIED_AT='2026-09-02'
VERIFICATION_REFERENCE='https://gitlab.com/buildroot.org/buildroot/-/blob/3815d578c5759fa824322ea3d95ad51b55ab888e/package/readline/readline.hash'
SOURCE_ARTIFACT_1_URL='https://ftp.gnu.org/gnu/readline/readline-8.2.tar.gz'
SOURCE_ARTIFACT_1_FILE='readline-8.2.tar.gz'
SOURCE_ARTIFACT_1_SHA256='3feb7171f16a84ee82ca18a36d7b9be109a52c04f492a053331d7d1095007c35'
SOURCE_ARTIFACT_2_URL='https://github.com/ThomasDickey/ncurses-snapshots/archive/v6_4_20230603/ncurses-6.4-20230603.tar.gz'
SOURCE_ARTIFACT_2_FILE='ncurses-6.4-20230603.tar.gz'
SOURCE_ARTIFACT_2_SHA256='b0910671694c2c8377f579eea68477a15d67bd20ddd4b29328cfe15c62c7b3fd'
