FORMAT_VERSION='1'
SOURCE_TYPE='buildroot-derived'
UPSTREAM_NAME='libevent'
UPSTREAM_LICENSE='BSD-3-Clause, OpenBSD'
UPSTREAM_VERSION='2.1.12'
UPSTREAM_REVISION='3815d578c5759fa824322ea3d95ad51b55ab888e'
SOURCE_SNAPSHOT='https://gitlab.com/buildroot.org/buildroot/-/blob/3815d578c5759fa824322ea3d95ad51b55ab888e/package/libevent/libevent.mk'
SOURCE_SELECTION_REASON='tmux needs libevent public ABI. It is admitted as one independently owned provider before the terminal multiplexer; the payload contains only versioned libevent*.so.7 runtime files, and Buildroot optional OpenSSL support is explicitly disabled.'
NON_PLATFORM_BUILD_INPUTS='Buildroot 2025.02.1 libevent.mk/libevent.hash only. The reviewed per-package LIBEVENT_CONF_OPTS and LIBEVENT_DEPENDENCIES overrides explicitly select --disable-openssl without changing the desktop firmware Kconfig, so the target recipe does not consume host-pkgconf or OpenSSL source inputs; no TDVP patches.'
SECURITY_STATUS='libevent requires release-candidate advisory review; the listed archive is SHA-256 verified before private offline compilation.'
VERIFIED_BY='TDVP source-lock verifier plus Buildroot 2025.02.1 libevent package hash'
VERIFIED_AT='2026-09-03'
VERIFICATION_REFERENCE='https://gitlab.com/buildroot.org/buildroot/-/blob/3815d578c5759fa824322ea3d95ad51b55ab888e/package/libevent/libevent.hash'
SOURCE_ARTIFACT_1_URL='https://github.com/libevent/libevent/releases/download/release-2.1.12-stable/libevent-2.1.12-stable.tar.gz'
SOURCE_ARTIFACT_1_FILE='libevent-2.1.12-stable.tar.gz'
SOURCE_ARTIFACT_1_SHA256='92e6de1be9ec176428fd2367677e61ceffc2ee1cb119035037a27d346b0403bb'
