FORMAT_VERSION='1'
SOURCE_TYPE='release-tarball'
UPSTREAM_NAME='libmd'
UPSTREAM_LICENSE='BSD-2-Clause AND BSD-3-Clause AND ISC AND Beerware AND LicenseRef-public-domain'
UPSTREAM_VERSION='1.2.0'
UPSTREAM_REVISION='1.2.0'
SOURCE_SNAPSHOT='https://libbsd.freedesktop.org/releases/libmd-1.2.0.tar.xz'
SOURCE_SELECTION_REASON='Missing portable Linux BSD compatibility and digest development provider; official release archive.'
NON_PLATFORM_BUILD_INPUTS='Matched CPU0 SDK and declared host tools.'
SECURITY_STATUS='Source locked; security, build and device acceptance pending.'
VERIFIED_BY='Downloaded official release SHA256 and inspected configure and full COPYING inventory'
VERIFIED_AT='2026-10-10'
VERIFICATION_REFERENCE='https://libbsd.freedesktop.org/releases/'
SOURCE_ARTIFACT_1_URL='https://libbsd.freedesktop.org/releases/libmd-1.2.0.tar.xz'
SOURCE_ARTIFACT_1_FILE='libmd-1.2.0.tar.xz'
SOURCE_ARTIFACT_1_SHA256='ac15ffb8430502fbaccdec66c5a82ee0eab0b0f36220df56710feadfeb13d0a0'
