FORMAT_VERSION='1'
SOURCE_TYPE='release-tarball'
UPSTREAM_NAME='gdbm'
UPSTREAM_LICENSE='GPL-3.0-or-later'
UPSTREAM_VERSION='1.26'
UPSTREAM_REVISION='1.26'
SOURCE_SNAPSHOT='https://ftp.gnu.org/gnu/gdbm/gdbm-1.26.tar.gz'
SOURCE_SELECTION_REASON='Missing common DBM development/runtime provider; include upstream traditional DBM compatibility library alongside GDBM.'
NON_PLATFORM_BUILD_INPUTS='Matched CPU0 SDK and declared host tools.'
SECURITY_STATUS='Source locked; full security, legal and device acceptance pending.'
VERIFIED_BY='Official GNU release index and archive SHA256; configure compatibility option and notices inspected'
VERIFIED_AT='2026-10-10'
VERIFICATION_REFERENCE='https://ftp.gnu.org/gnu/gdbm/'
SOURCE_ARTIFACT_1_URL='https://ftp.gnu.org/gnu/gdbm/gdbm-1.26.tar.gz'
SOURCE_ARTIFACT_1_FILE='gdbm-1.26.tar.gz'
SOURCE_ARTIFACT_1_SHA256='6a24504a14de4a744103dcb936be976df6fbe88ccff26065e54c1c47946f4a5e'
