FORMAT_VERSION='1'
SOURCE_TYPE='release-tarball'
UPSTREAM_NAME='yaml-cpp'
UPSTREAM_LICENSE='MIT'
UPSTREAM_VERSION='0.8.0'
UPSTREAM_REVISION='0.8.0'
SOURCE_SNAPSHOT='https://sources.buildroot.net/yaml-cpp/yaml-cpp-0.8.0.tar.gz'
SOURCE_SELECTION_REASON='Common C++ configuration dependency absent from the platform image.'
NON_PLATFORM_BUILD_INPUTS='Matched CPU0 SDK and declared native CMake tools.'
SECURITY_STATUS='Pinned source; security review and runtime acceptance pending.'
VERIFIED_BY='Buildroot 2025.02.1 source hash'
VERIFIED_AT='2026-10-08'
VERIFICATION_REFERENCE='https://raw.githubusercontent.com/buildroot/buildroot/2025.02.1/package/yaml-cpp/yaml-cpp.hash'
SOURCE_ARTIFACT_1_URL='https://sources.buildroot.net/yaml-cpp/yaml-cpp-0.8.0.tar.gz'
SOURCE_ARTIFACT_1_FILE='yaml-cpp-0.8.0.tar.gz'
SOURCE_ARTIFACT_1_SHA256='fbe74bbdcee21d656715688706da3c8becfd946d92cd44705cc6098bb23b3a16'
