FORMAT_VERSION='1'
SOURCE_TYPE='release-tarball'
UPSTREAM_NAME='lame'
UPSTREAM_LICENSE='LGPL-2.0-or-later'
UPSTREAM_VERSION='4.0'
UPSTREAM_REVISION='4.0'
SOURCE_SNAPSHOT='https://downloads.sourceforge.net/project/lame/lame/4.0/lame-4.0.tar.gz'
SOURCE_SELECTION_REASON='Reusable MP3 encoding for Linux multimedia applications.'
NON_PLATFORM_BUILD_INPUTS='Matched CPU0 SDK and native build tools; frontend, decoder and NASM disabled.'
SECURITY_STATUS='Upstream release archive downloaded over HTTPS; independent signature verification and runtime acceptance pending.'
VERIFIED_BY='Locally computed SHA256 of upstream HTTPS release archive; no independent upstream checksum or signature verified'
VERIFIED_AT='2026-10-11'
VERIFICATION_REFERENCE='https://lame.sourceforge.io/download.php'
SOURCE_ARTIFACT_1_URL='https://downloads.sourceforge.net/project/lame/lame/4.0/lame-4.0.tar.gz'
SOURCE_ARTIFACT_1_FILE='lame-4.0.tar.gz'
SOURCE_ARTIFACT_1_SHA256='3df5124d5ad3a98312ffd7ba6a9b36230e4f8a3e66d3ce0f425e336c32d216eb'
