FORMAT_VERSION='1'
SOURCE_TYPE='buildroot-derived'
UPSTREAM_NAME='libcap'
UPSTREAM_LICENSE='GPL-2.0-or-later OR BSD-3-Clause'
UPSTREAM_VERSION='2.73'
UPSTREAM_REVISION='3815d578c5759fa824322ea3d95ad51b55ab888e'
SOURCE_SNAPSHOT='https://gitlab.com/buildroot.org/buildroot/-/blob/3815d578c5759fa824322ea3d95ad51b55ab888e/package/libcap/libcap.mk'
SOURCE_SELECTION_REASON='htop capability display requires libcap.so.2. Publishing this public ABI as a separately owned provider prevents the terminal monitor or any later consumer from borrowing a firmware library or embedding a private copy.'
NON_PLATFORM_BUILD_INPUTS='Buildroot 2025.02.1 libcap.mk/libcap.hash; host-gperf is a reviewed baseline host helper. The provider explicitly disables the optional libcap tools and extracts only libcap.so.2 runtime files; no TDVP-specific patches or non-platform target dependencies.'
SECURITY_STATUS='The Buildroot-selected libcap archive SHA-256 is checked before every candidate build; release-candidate advisory review remains required.'
VERIFIED_BY='TDVP source-lock verifier plus Buildroot 2025.02.1 libcap package hash'
VERIFIED_AT='2026-09-06'
VERIFICATION_REFERENCE='https://gitlab.com/buildroot.org/buildroot/-/blob/3815d578c5759fa824322ea3d95ad51b55ab888e/package/libcap/libcap.hash'
SOURCE_ARTIFACT_1_URL='https://www.kernel.org/pub/linux/libs/security/linux-privs/libcap2/libcap-2.73.tar.xz'
SOURCE_ARTIFACT_1_FILE='libcap-2.73.tar.xz'
SOURCE_ARTIFACT_1_SHA256='6405f6089cf4cdd8c271540cd990654d78dd0b1989b2d9bda20f933a75a795a5'
