FORMAT_VERSION='1'
SOURCE_TYPE='release-tarball'
UPSTREAM_NAME='flatbuffers'
UPSTREAM_LICENSE='Apache-2.0'
UPSTREAM_VERSION='24.12.23'
UPSTREAM_REVISION='v24.12.23'
SOURCE_SNAPSHOT='https://sources.buildroot.net/flatbuffers/flatbuffers-24.12.23.tar.gz'
SOURCE_SELECTION_REASON='Serialization prerequisite with reusable development headers and CMake metadata.'
NON_PLATFORM_BUILD_INPUTS='Matched CPU0 SDK and declared native CMake build tools.'
SECURITY_STATUS='Pinned source; device and recursive dependency checks required before publication.'
VERIFIED_BY='Buildroot 2025.02.1 source hash'
VERIFIED_AT='2026-10-08'
VERIFICATION_REFERENCE='https://raw.githubusercontent.com/buildroot/buildroot/2025.02.1/package/flatbuffers/flatbuffers.hash'
SOURCE_ARTIFACT_1_URL='https://sources.buildroot.net/flatbuffers/flatbuffers-24.12.23.tar.gz'
SOURCE_ARTIFACT_1_FILE='flatbuffers-24.12.23.tar.gz'
SOURCE_ARTIFACT_1_SHA256='7e2ef35f1af9e2aa0c6a7d0a09298c2cb86caf3d4f58c0658b306256e5bcab10'
