# One Node release archive is built once and split into ABI-owned feed packages.
FORMAT_VERSION='1'
SOURCE_TYPE='release-tarball'
UPSTREAM_NAME='Node.js'
UPSTREAM_LICENSE='MIT'
UPSTREAM_VERSION='22.23.2'
UPSTREAM_REVISION='aa4c77582be995286fc6e00aaf530dc7ade102a9'
SOURCE_SNAPSHOT='https://github.com/nodejs/node/tree/aa4c77582be995286fc6e00aaf530dc7ade102a9'
SOURCE_SELECTION_REASON='The feed provides Node.js as separately owned libnode, CLI, npm runtime, and frontend packages. A single locked source release links only against staged public providers and never downloads a prebuilt RISC-V Node binary.'
NON_PLATFORM_BUILD_INPUTS='Matching K230 SDK ABI sysroot; native GCC/G++ 10 or newer, the matching Buildroot-built x86_64 ICU 73.2, and built-in libuv static library and headers from the locked Node release archive for Node V8 host generators; SDK Python 3.8 or newer; locked feed staging for RISC-V c-ares, libuv, nghttp2, and ICU; reviewed QEMU action wrapper for Node V8 target generators.'
SECURITY_STATUS='The official release archive SHA-256 is verified in the content-addressed source cache before every build; release-candidate Node.js advisory review remains required.'
VERIFIED_BY='TDVP source-lock verifier plus Node.js v22.23.2 release archive hash'
VERIFIED_AT='2026-09-02'
VERIFICATION_REFERENCE='https://nodejs.org/dist/v22.23.2/SHASUMS256.txt'
SOURCE_ARTIFACT_1_URL='https://nodejs.org/dist/v22.23.2/node-v22.23.2.tar.gz'
SOURCE_ARTIFACT_1_FILE='node-v22.23.2.tar.gz'
SOURCE_ARTIFACT_1_SHA256='cdaed46fcd8923a55974b7bbc7caaadeaaf7aed60cc137e59837b72f575ef641'
SOURCE_PATCH_1_FILE='patches/node22-lazy-bz2-import.patch'
SOURCE_PATCH_1_SHA256='6541e6de59b0727ed4c471f9f16671f054cf95ad1773f09c305dc6f5fe9aa6e8'
SOURCE_PATCH_1_REASON='Use the locked external system ICU path without an unused bz2 import, and split GYP host/target include and library inputs so native V8 generators use matching host ICU plus only built-in libuv static library and headers from the locked Node archive while target outputs link only RISC-V feed providers.'
