FORMAT_VERSION='1'
SOURCE_TYPE='buildroot-derived'
UPSTREAM_NAME='Pipe Viewer'
UPSTREAM_LICENSE='GPL-3.0-or-later'
UPSTREAM_VERSION='1.9.0'
UPSTREAM_REVISION='3815d578c5759fa824322ea3d95ad51b55ab888e'
SOURCE_SNAPSHOT='https://gitlab.com/buildroot.org/buildroot/-/blob/3815d578c5759fa824322ea3d95ad51b55ab888e/package/pv/pv.mk'
SOURCE_SELECTION_REASON='pv makes backups, archive extraction, and network pipelines observable on a small K230 terminal. Its Buildroot recipe has no optional target runtime or host helper archive closure.'
NON_PLATFORM_BUILD_INPUTS='Buildroot 2025.02.1 pv.mk/pv.hash only; no TDVP-specific patches.'
SECURITY_STATUS='pv requires release-candidate advisory review; the archive is SHA-256 verified before private offline Buildroot compilation.'
VERIFIED_BY='TDVP source-lock verifier plus Buildroot 2025.02.1 pv package hash'
VERIFIED_AT='2026-09-03'
VERIFICATION_REFERENCE='https://gitlab.com/buildroot.org/buildroot/-/blob/3815d578c5759fa824322ea3d95ad51b55ab888e/package/pv/pv.hash'
SOURCE_ARTIFACT_1_URL='https://www.ivarch.com/programs/sources/pv-1.9.0.tar.gz'
SOURCE_ARTIFACT_1_FILE='pv-1.9.0.tar.gz'
SOURCE_ARTIFACT_1_SHA256='b38d69d7fc0785eb5eb3c57e8b12a7334f862047bf84b18f414365335399469a'
