FORMAT_VERSION='1'
SOURCE_TYPE='release-tarball'
UPSTREAM_NAME='speex'
UPSTREAM_LICENSE='BSD-3-Clause'
UPSTREAM_VERSION='1.2.1'
UPSTREAM_REVISION='1.2.1'
SOURCE_SNAPSHOT='https://downloads.xiph.org/releases/speex/speex-1.2.1.tar.gz'
SOURCE_SELECTION_REASON='Provide an independent speech codec runtime; SpeexDSP does not provide codec APIs.'
NON_PLATFORM_BUILD_INPUTS='Matched CPU0 SDK and native make tools; generic floating-point codec without architecture assembly.'
SECURITY_STATUS='Official archive SHA256 verified; codec runtime, IPK and installation acceptance pending.'
VERIFIED_BY='Downloaded official SHA256SUMS.txt and archive checked with sha256sum'
VERIFIED_AT='2026-10-11'
VERIFICATION_REFERENCE='https://downloads.xiph.org/releases/speex/SHA256SUMS.txt'
SOURCE_ARTIFACT_1_URL='https://downloads.xiph.org/releases/speex/speex-1.2.1.tar.gz'
SOURCE_ARTIFACT_1_FILE='speex-1.2.1.tar.gz'
SOURCE_ARTIFACT_1_SHA256='4b44d4f2b38a370a2d98a78329fefc56a0cf93d1c1be70029217baae6628feea'
