FORMAT_VERSION='1'
SOURCE_TYPE='buildroot-derived'
UPSTREAM_NAME='tmux'
UPSTREAM_LICENSE='ISC'
UPSTREAM_VERSION='3.3a'
UPSTREAM_REVISION='3815d578c5759fa824322ea3d95ad51b55ab888e'
SOURCE_SNAPSHOT='https://gitlab.com/buildroot.org/buildroot/-/blob/3815d578c5759fa824322ea3d95ad51b55ab888e/package/tmux/tmux.mk'
SOURCE_SELECTION_REASON='tmux is a high-value terminal multiplexer for board-side development. Its cohort builds locked-source libevent and consumes exact target-owned libncursesw; libevent may retain its target-attested OpenSSL closure, while systemd and utf8proc are disabled only for this tmux recipe.'
NON_PLATFORM_BUILD_INPUTS='Buildroot 2025.02.1 tmux.mk/tmux.hash, libevent source selected by the fixed TMUX_DEPENDENCIES list, OpenSSL source matching the target-attested libevent libcrypto closure, and host-pkgconf required by tmux. Existing matching SDK ncurses is required and checked before build; no TDVP patches.'
SECURITY_STATUS='tmux and libevent require release-candidate advisory review; every listed archive is SHA-256 verified before the private offline Buildroot build.'
VERIFIED_BY='TDVP source-lock verifier plus Buildroot 2025.02.1 tmux/libevent/pkgconf package hashes'
VERIFIED_AT='2026-09-03'
VERIFICATION_REFERENCE='https://gitlab.com/buildroot.org/buildroot/-/blob/3815d578c5759fa824322ea3d95ad51b55ab888e/package/tmux/tmux.hash'
SOURCE_ARTIFACT_1_URL='https://github.com/tmux/tmux/releases/download/3.3a/tmux-3.3a.tar.gz'
SOURCE_ARTIFACT_1_FILE='tmux-3.3a.tar.gz'
SOURCE_ARTIFACT_1_SHA256='e4fd347843bd0772c4f48d6dde625b0b109b7a380ff15db21e97c11a4dcdf93f'
SOURCE_ARTIFACT_2_URL='https://github.com/libevent/libevent/releases/download/release-2.1.12-stable/libevent-2.1.12-stable.tar.gz'
SOURCE_ARTIFACT_2_FILE='libevent-2.1.12-stable.tar.gz'
SOURCE_ARTIFACT_2_SHA256='92e6de1be9ec176428fd2367677e61ceffc2ee1cb119035037a27d346b0403bb'
SOURCE_ARTIFACT_3_URL='https://distfiles.ariadne.space/pkgconf/pkgconf-2.3.0.tar.xz'
SOURCE_ARTIFACT_3_FILE='pkgconf-2.3.0.tar.xz'
SOURCE_ARTIFACT_3_SHA256='3a9080ac51d03615e7c1910a0a2a8df08424892b5f13b0628a204d3fcce0ea8b'
SOURCE_ARTIFACT_4_URL='https://github.com/openssl/openssl/releases/download/openssl-3.4.1/openssl-3.4.1.tar.gz'
SOURCE_ARTIFACT_4_FILE='openssl-3.4.1.tar.gz'
SOURCE_ARTIFACT_4_SHA256='002a2d6b30b58bf4bea46c43bdd96365aaf8daa6c428782aa4feee06da197df3'
