FORMAT_VERSION='1'
SOURCE_TYPE='release-tarball'
UPSTREAM_NAME='libmaxminddb'
UPSTREAM_LICENSE='Apache-2.0'
UPSTREAM_VERSION='1.14.1'
UPSTREAM_REVISION='1.14.1'
SOURCE_SNAPSHOT='https://github.com/maxmind/libmaxminddb/releases/download/1.14.1/libmaxminddb-1.14.1.tar.gz'
SOURCE_SELECTION_REASON='Missing network database reader; upstream current release includes bounded decoder resource handling introduced in 1.14.0.'
NON_PLATFORM_BUILD_INPUTS='Matched CPU0 SDK and declared host tools.'
SECURITY_STATUS='Source locked; upstream decoder hardening included; complete security and device acceptance pending.'
VERIFIED_BY='Official release archive SHA256 and LICENSE/configure inspection'
VERIFIED_AT='2026-10-10'
VERIFICATION_REFERENCE='https://github.com/maxmind/libmaxminddb/releases/tag/1.14.1'
SOURCE_ARTIFACT_1_URL='https://github.com/maxmind/libmaxminddb/releases/download/1.14.1/libmaxminddb-1.14.1.tar.gz'
SOURCE_ARTIFACT_1_FILE='libmaxminddb-1.14.1.tar.gz'
SOURCE_ARTIFACT_1_SHA256='ca5c87d41339f8bc4daabb53e8a9356b3c995f2d2419b85d7bff823b2ecc252d'
