FORMAT_VERSION='1'
SOURCE_TYPE='release-tarball'
UPSTREAM_NAME='Eigen'
UPSTREAM_LICENSE='MPL-2.0'
UPSTREAM_VERSION='3.4.90'
UPSTREAM_REVISION='33d0937c6bdf5ec999939fb17f2a553183d14a74'
SOURCE_SNAPSHOT='https://storage.googleapis.com/mirror.tensorflow.org/gitlab.com/libeigen/eigen/-/archive/33d0937c6bdf5ec999939fb17f2a553183d14a74/eigen-33d0937c6bdf5ec999939fb17f2a553183d14a74.tar.gz'
SOURCE_SELECTION_REASON='Exact Eigen development snapshot pinned by TensorFlow 2.18.0; ml_dtypes requires traits absent from Eigen 3.4.0.'
NON_PLATFORM_BUILD_INPUTS='Native CMake and Ninja with the matched target package SDK.'
SECURITY_STATUS='Pinned source; target C++ consumer numerical tests required before publication.'
VERIFIED_BY='TensorFlow 2.18.0 Eigen source digest, checked against downloaded archive'
VERIFIED_AT='2026-10-08'
VERIFICATION_REFERENCE='https://github.com/tensorflow/tensorflow/blob/v2.18.0/third_party/eigen3/workspace.bzl'
SOURCE_ARTIFACT_1_URL='https://storage.googleapis.com/mirror.tensorflow.org/gitlab.com/libeigen/eigen/-/archive/33d0937c6bdf5ec999939fb17f2a553183d14a74/eigen-33d0937c6bdf5ec999939fb17f2a553183d14a74.tar.gz'
SOURCE_ARTIFACT_1_FILE='eigen-33d0937c6bdf5ec999939fb17f2a553183d14a74.tar.gz'
SOURCE_ARTIFACT_1_SHA256='1f4babf536ce8fc2129dbf92ff3be54cd18ffb2171e9eb40edd00f0a045a54fa'
