FORMAT_VERSION='1'
SOURCE_TYPE='release-tarball'
UPSTREAM_NAME='libxml2'
UPSTREAM_LICENSE='MIT'
UPSTREAM_VERSION='2.15.4'
UPSTREAM_REVISION='v2.15.4'
SOURCE_SNAPSHOT='https://download.gnome.org/sources/libxml2/2.15/libxml2-2.15.4.tar.xz'
SOURCE_SELECTION_REASON='New SONAME provider needed by current libxslt; platform libxml2.so.2 remains untouched.'
NON_PLATFORM_BUILD_INPUTS='Matched CPU0 SDK and declared host tools.'
SECURITY_STATUS='Official source locked; build, ABI coexistence and security review required before publication.'
VERIFIED_BY='Official HTTPS archive SHA256 matched upstream sha256sum'
VERIFIED_AT='2026-10-10'
VERIFICATION_REFERENCE='https://download.gnome.org/sources/libxml2/2.15/libxml2-2.15.4.sha256sum'
SOURCE_ARTIFACT_1_URL='https://download.gnome.org/sources/libxml2/2.15/libxml2-2.15.4.tar.xz'
SOURCE_ARTIFACT_1_FILE='libxml2-2.15.4.tar.xz'
SOURCE_ARTIFACT_1_SHA256='98087fd181d9070724f3fbc65c7377db03038eb92bd882374daff44940138821'
