FORMAT_VERSION='1'
SOURCE_TYPE='release-tarball'
UPSTREAM_NAME='NumPy'
UPSTREAM_LICENSE='BSD-3-Clause'
UPSTREAM_VERSION='2.2.6'
UPSTREAM_REVISION='v2.2.6'
SOURCE_SNAPSHOT='https://pypi.org/pypi/numpy/2.2.6/json'
SOURCE_SELECTION_REASON='Python 3.13 compatible numerical array source with reusable extension development headers.'
NON_PLATFORM_BUILD_INPUTS='Native Meson and Cython tools, matched target CPython development projection and OpenBLAS.'
SECURITY_STATUS='Pinned source; cross-compilation, target numerical tests and advisory review required before promotion.'
VERIFIED_BY='PyPI official release source digest'
VERIFIED_AT='2026-10-08'
VERIFICATION_REFERENCE='https://pypi.org/pypi/numpy/2.2.6/json'
SOURCE_ARTIFACT_1_URL='https://files.pythonhosted.org/packages/76/21/7d2a95e4bba9dc13d043ee156a356c0a8f0c6309dff6b21b4d71a073b8a8/numpy-2.2.6.tar.gz'
SOURCE_ARTIFACT_1_FILE='numpy-2.2.6.tar.gz'
SOURCE_ARTIFACT_1_SHA256='e29554e2bef54a90aa5cc07da6ce955accb83f21ab5de01a62c8478897b264fd'
