FORMAT_VERSION='1'
SOURCE_TYPE='release-tarball'
UPSTREAM_NAME='libsepol'
UPSTREAM_LICENSE='LGPL-2.1-or-later AND BSD-2-Clause'
UPSTREAM_VERSION='3.11'
UPSTREAM_REVISION='3.11'
SOURCE_SNAPSHOT='https://github.com/SELinuxProject/selinux/releases/download/3.11/libsepol-3.11.tar.gz'
SOURCE_SELECTION_REASON='Missing SELinux userspace policy provider; preserve CIL and match current official userspace release.'
NON_PLATFORM_BUILD_INPUTS='Matched CPU0 SDK and declared host tools.'
SECURITY_STATUS='Formal target recipe with CIL, source notice projection, immutable IPK and in-memory policy-object consumer verified; full component license/security audit, complete candidate installation and publication pending.'
VERIFIED_BY='Official release archive SHA256 and library/CIL license inspection'
VERIFIED_AT='2026-10-10'
VERIFICATION_REFERENCE='https://github.com/SELinuxProject/selinux/releases/tag/3.11'
SOURCE_ARTIFACT_1_URL='https://github.com/SELinuxProject/selinux/releases/download/3.11/libsepol-3.11.tar.gz'
SOURCE_ARTIFACT_1_FILE='libsepol-3.11.tar.gz'
SOURCE_ARTIFACT_1_SHA256='79f3d2c88f44b7eb5cf54d9792e03232297e17f97a179163f2750099a00f164d'
