FORMAT_VERSION='1'
SOURCE_TYPE='release-tarball'
UPSTREAM_NAME='giflib'
UPSTREAM_LICENSE='MIT'
UPSTREAM_VERSION='6.1.3'
UPSTREAM_REVISION='6.1.3'
SOURCE_SNAPSHOT='https://downloads.sourceforge.net/project/giflib/giflib-6.x/giflib-6.1.3.tar.gz'
SOURCE_SELECTION_REASON='Missing GIF codec library; current official release, with public libgif.so.7 SONAME.'
NON_PLATFORM_BUILD_INPUTS='Matched CPU0 SDK and declared host tools.'
SECURITY_STATUS='Target source build, exact palette/pixel roundtrip and truncated input rejection verified; formal recipe, component notice projection, immutable IPK and full candidate installation pending.'
VERIFIED_BY='Official SourceForge release archive SHA256, MIT license and target codec consumer'
VERIFIED_AT='2026-10-10'
VERIFICATION_REFERENCE='https://sourceforge.net/projects/giflib/files/giflib-6.x/'
SOURCE_ARTIFACT_1_URL='https://downloads.sourceforge.net/project/giflib/giflib-6.x/giflib-6.1.3.tar.gz'
SOURCE_ARTIFACT_1_FILE='giflib-6.1.3.tar.gz'
SOURCE_ARTIFACT_1_SHA256='b65b66b99f0424b93525f987386f22fc5efb9da2bfc92ad4a532249aaffbab0e'
