# Buildroot owns the cross-compile recipe; this GNU archive is the only
# non-platform target input for the isolated FAT/MS-DOS command suite.
FORMAT_VERSION='1'
SOURCE_TYPE='buildroot-derived'
UPSTREAM_NAME='GNU mtools'
UPSTREAM_LICENSE='GPL-3.0-or-later'
UPSTREAM_VERSION='4.0.47'
UPSTREAM_REVISION='3815d578c5759fa824322ea3d95ad51b55ab888e'
SOURCE_SNAPSHOT='https://gitlab.com/buildroot.org/buildroot/-/blob/3815d578c5759fa824322ea3d95ad51b55ab888e/package/mtools/mtools.mk'
SOURCE_SELECTION_REASON='FAT/MS-DOS media access without mounting is useful on removable storage, but every command is exposed only as a tdvp-mtools-* wrapper so no firmware or BusyBox path is replaced.'
NON_PLATFORM_BUILD_INPUTS='Buildroot 2025.02.1 mtools.mk/mtools.hash plus the required host-lzip 1.25 archive verified against package/lzip/lzip.hash. host-lzip only unpacks the locked .tar.lz source and never enters the target IPK. The immutable TDVP configuration is restored byte-for-byte after the private transaction. No Debian binary, target-root copy, or TDVP-specific patch is used.'
SECURITY_STATUS='The GNU archive SHA-256 is verified before the private offline Buildroot transaction. The emitted RISC-V ELF, RPATH/RUNPATH, runtime closure, and base-overlay checks are mandatory before candidate upload.'
VERIFIED_BY='TDVP source-lock verifier plus Buildroot 2025.02.1 mtools package hash'
VERIFIED_AT='2026-09-05'
VERIFICATION_REFERENCE='https://gitlab.com/buildroot.org/buildroot/-/blob/3815d578c5759fa824322ea3d95ad51b55ab888e/package/mtools/mtools.hash and https://gitlab.com/buildroot.org/buildroot/-/blob/3815d578c5759fa824322ea3d95ad51b55ab888e/package/lzip/lzip.hash'
SOURCE_ARTIFACT_1_URL='https://ftp.gnu.org/gnu/mtools/mtools-4.0.47.tar.lz'
SOURCE_ARTIFACT_1_FILE='mtools-4.0.47.tar.lz'
SOURCE_ARTIFACT_1_SHA256='2709cd2f42d65500829b056cb0630edd515d7060b4865bad31277f0da9f9e9d5'
SOURCE_ARTIFACT_2_URL='https://download-mirror.savannah.gnu.org/releases/lzip/lzip-1.25.tar.gz'
SOURCE_ARTIFACT_2_FILE='lzip-1.25.tar.gz'
SOURCE_ARTIFACT_2_SHA256='09418a6d8fb83f5113f5bd856e09703df5d37bae0308c668d0f346e3d3f0a56f'
