FORMAT_VERSION='1'
SOURCE_TYPE='release-tarball'
UPSTREAM_NAME='Pillow'
UPSTREAM_LICENSE='HPND'
UPSTREAM_VERSION='11.2.1'
UPSTREAM_REVISION='11.2.1'
SOURCE_SNAPSHOT='https://pypi.org/pypi/pillow/11.2.1/json'
SOURCE_SELECTION_REASON='Python 3.13 image processing with separately owned image codec runtime dependencies.'
NON_PLATFORM_BUILD_INPUTS='Native setuptools builder, target CPython headers and ABI-matched image codec development projection.'
SECURITY_STATUS='Pinned source; codec tests and security advisory review required before publication.'
VERIFIED_BY='PyPI official release source digest'
VERIFIED_AT='2026-10-08'
VERIFICATION_REFERENCE='https://pypi.org/pypi/pillow/11.2.1/json'
SOURCE_ARTIFACT_1_URL='https://files.pythonhosted.org/packages/af/cb/bb5c01fcd2a69335b86c22142b2bccfc3464087efb7fd382eee5ffc7fdf7/pillow-11.2.1.tar.gz'
SOURCE_ARTIFACT_1_FILE='pillow-11.2.1.tar.gz'
SOURCE_ARTIFACT_1_SHA256='a64dd61998416367b7ef979b73d3a85853ba9bec4c2925f74e588879a58716b6'
