FORMAT_VERSION='1'
SOURCE_TYPE='buildroot-derived'
UPSTREAM_NAME='libwebp'
UPSTREAM_LICENSE='BSD-3-Clause'
UPSTREAM_VERSION='1.5.0'
UPSTREAM_REVISION='3815d578c5759fa824322ea3d95ad51b55ab888e'
SOURCE_SNAPSHOT='https://raw.githubusercontent.com/buildroot/buildroot/2025.02.1/package/webp/webp.mk'
SOURCE_SELECTION_REASON='The platform SDK does not provide WebP. Build its independent runtime and development projection once for consumers such as NetSurf.'
NON_PLATFORM_BUILD_INPUTS='The ABI-matched CPU0 package SDK, native make/pkg-config tools and this locked upstream source archive.'
SECURITY_STATUS='Source SHA256 is checked against the pinned Buildroot package hash before cross-compilation. Generated ELF files must pass the SDK CPU0 policy.'
VERIFIED_BY='TDVP source-lock verifier and Buildroot 2025.02.1 webp.hash'
VERIFIED_AT='2026-09-30'
VERIFICATION_REFERENCE='https://raw.githubusercontent.com/buildroot/buildroot/2025.02.1/package/webp/webp.hash'
SOURCE_ARTIFACT_1_URL='https://sources.buildroot.net/webp/libwebp-1.5.0.tar.gz'
SOURCE_ARTIFACT_1_FILE='libwebp-1.5.0.tar.gz'
SOURCE_ARTIFACT_1_SHA256='7d6fab70cf844bf6769077bd5d7a74893f8ffd4dfb42861745750c63c2a5c92c'
