FORMAT_VERSION='1'
SOURCE_TYPE='buildroot-derived'
UPSTREAM_NAME='GNU ed'
UPSTREAM_LICENSE='GPL-2.0-or-later'
UPSTREAM_VERSION='1.20.2'
UPSTREAM_REVISION='3815d578c5759fa824322ea3d95ad51b55ab888e'
SOURCE_SNAPSHOT='https://gitlab.com/buildroot.org/buildroot/-/blob/3815d578c5759fa824322ea3d95ad51b55ab888e/package/ed/ed.mk'
SOURCE_SELECTION_REASON='A compact line editor is useful for controlled K230 text maintenance. The candidate builds one command with no non-platform shared-runtime provider and exposes only the distinct tdvp-ed frontend.'
NON_PLATFORM_BUILD_INPUTS='Buildroot 2025.02.1 ed.mk, ed.hash and Config.in plus host-lzip 1.25 to unpack the locked .tar.lz source. host-lzip remains a runner-only unpacker and never enters the target IPK. The helper copies only the reviewed ed command ELF from the private target root.'
SECURITY_STATUS='The GNU archive SHA-256 is verified before the private offline transaction. Candidate admission additionally requires locked cache, RISC-V ELF, RPATH/RUNPATH, runtime-closure and deny-overlay gates. CI never invokes ed or gives it a file to alter.'
VERIFIED_BY='TDVP source-lock verifier plus Buildroot 2025.02.1 ed and host-lzip package hashes and a streamed GNU archive SHA-256 check'
VERIFIED_AT='2026-09-06'
VERIFICATION_REFERENCE='https://gitlab.com/buildroot.org/buildroot/-/blob/3815d578c5759fa824322ea3d95ad51b55ab888e/package/ed/ed.hash and https://gitlab.com/buildroot.org/buildroot/-/blob/3815d578c5759fa824322ea3d95ad51b55ab888e/package/lzip/lzip.hash'
SOURCE_ARTIFACT_1_URL='https://ftp.gnu.org/gnu/ed/ed-1.20.2.tar.lz'
SOURCE_ARTIFACT_1_FILE='ed-1.20.2.tar.lz'
SOURCE_ARTIFACT_1_SHA256='65fec7318f48c2ca17f334ac0f4703defe62037bb13cc23920de077b5fa24523'
SOURCE_ARTIFACT_2_URL='https://download-mirror.savannah.gnu.org/releases/lzip/lzip-1.25.tar.gz'
SOURCE_ARTIFACT_2_FILE='lzip-1.25.tar.gz'
SOURCE_ARTIFACT_2_SHA256='09418a6d8fb83f5113f5bd856e09703df5d37bae0308c668d0f346e3d3f0a56f'
