FORMAT_VERSION='1'
SOURCE_TYPE='release-tarball'
UPSTREAM_NAME='date'
UPSTREAM_LICENSE='MIT'
UPSTREAM_VERSION='3.0.1'
UPSTREAM_REVISION='v3.0.1'
SOURCE_SNAPSHOT='https://github.com/HowardHinnant/date/archive/refs/tags/v3.0.1.tar.gz'
SOURCE_SELECTION_REASON='ONNX Runtime 1.21.0 pinned dependency and reusable C++ application infrastructure.'
NON_PLATFORM_BUILD_INPUTS='Matched CPU0 SDK and declared native tools; no implicit upstream develop-branch downloads.'
SECURITY_STATUS='Pinned source; security and target consumer acceptance pending.'
VERIFIED_BY='SHA256 calculated from upstream tag archive downloaded over HTTPS'
VERIFIED_AT='2026-10-08'
VERIFICATION_REFERENCE='https://github.com/microsoft/onnxruntime/blob/v1.21.0/cmake/deps.txt'
SOURCE_ARTIFACT_1_URL='https://github.com/HowardHinnant/date/archive/refs/tags/v3.0.1.tar.gz'
SOURCE_ARTIFACT_1_FILE='date-3.0.1.tar.gz'
SOURCE_ARTIFACT_1_SHA256='7a390f200f0ccd207e8cff6757e04817c1a0aec3e327b006b7eb451c57ee3538'
