FORMAT_VERSION='1'
SOURCE_TYPE='release-tarball'
UPSTREAM_NAME='ONNX'
UPSTREAM_LICENSE='Apache-2.0'
UPSTREAM_VERSION='1.17.0'
UPSTREAM_REVISION='v1.17.0'
SOURCE_SNAPSHOT='https://github.com/onnx/onnx/archive/refs/tags/v1.17.0.tar.gz'
SOURCE_SELECTION_REASON='ONNX Runtime 1.21.0 pins ONNX 1.17.0; model library reuses the declared public Protobuf provider.'
NON_PLATFORM_BUILD_INPUTS='Matched target SDK and source-locked native protoc; Python is only a native source generator.'
SECURITY_STATUS='Pinned upstream source; model roundtrip and consumer acceptance pending.'
VERIFIED_BY='SHA256 calculated from upstream tag archive downloaded over HTTPS'
VERIFIED_AT='2026-10-08'
VERIFICATION_REFERENCE='https://github.com/microsoft/onnxruntime/blob/v1.21.0/cmake/deps.txt'
SOURCE_ARTIFACT_1_URL='https://github.com/onnx/onnx/archive/refs/tags/v1.17.0.tar.gz'
SOURCE_ARTIFACT_1_FILE='onnx-1.17.0.tar.gz'
SOURCE_ARTIFACT_1_SHA256='8d5e983c36037003615e5a02d36b18fc286541bf52de1a78f6cf9f32005a820e'
