FORMAT_VERSION='1'
SOURCE_TYPE='release-tarball'
UPSTREAM_NAME='OpenJPH'
UPSTREAM_LICENSE='BSD-2-Clause'
UPSTREAM_VERSION='0.32.0'
UPSTREAM_REVISION='0.32.0'
SOURCE_SNAPSHOT='https://github.com/aous72/OpenJPH/archive/refs/tags/0.32.0.tar.gz'
SOURCE_SELECTION_REASON='Missing HTJ2K codec and external OpenEXR compression provider; official release.'
NON_PLATFORM_BUILD_INPUTS='Matched CPU0 SDK and declared native CMake host tools.'
SECURITY_STATUS='Official archive, BSD license and scalar RISC-V shared-library build checked; formal recipe, codec roundtrip, installation and full legal/security review pending.'
VERIFIED_BY='Official tag archive SHA256 and scalar cross compilation'
VERIFIED_AT='2026-10-10'
VERIFICATION_REFERENCE='https://github.com/aous72/OpenJPH/releases/tag/0.32.0'
SOURCE_ARTIFACT_1_URL='https://github.com/aous72/OpenJPH/archive/refs/tags/0.32.0.tar.gz'
SOURCE_ARTIFACT_1_FILE='openjph-0.32.0.tar.gz'
SOURCE_ARTIFACT_1_SHA256='5cb1ebe18e5ee1322d23ff2130b37562d447d1ad5586c3d16cf84be3ae30f719'
