FORMAT_VERSION='1'
SOURCE_TYPE='release-tarball'
UPSTREAM_NAME='OpenJPEG'
UPSTREAM_LICENSE='BSD-2-Clause'
UPSTREAM_VERSION='2.5.4'
UPSTREAM_REVISION='v2.5.4'
SOURCE_SNAPSHOT='https://github.com/uclouvain/openjpeg/archive/refs/tags/v2.5.4.tar.gz'
SOURCE_SELECTION_REASON='Missing JPEG 2000 codec for vision/image applications; current official release.'
NON_PLATFORM_BUILD_INPUTS='Matched CPU0 SDK and declared native CMake host tools.'
SECURITY_STATUS='Target library build and 16-pixel lossless JPEG2000 roundtrip verified; formal recipe, complete component notices, malformed-input, candidate installation and security review pending.'
VERIFIED_BY='Official tag archive SHA256, root BSD license and target codec roundtrip'
VERIFIED_AT='2026-10-10'
VERIFICATION_REFERENCE='https://github.com/uclouvain/openjpeg/releases/tag/v2.5.4'
SOURCE_ARTIFACT_1_URL='https://github.com/uclouvain/openjpeg/archive/refs/tags/v2.5.4.tar.gz'
SOURCE_ARTIFACT_1_FILE='openjpeg-2.5.4.tar.gz'
SOURCE_ARTIFACT_1_SHA256='a695fbe19c0165f295a8531b1e4e855cd94d0875d2f88ec4b61080677e27188a'
