# The shared object is extracted from the locked Buildroot target install.
FORMAT_VERSION='1'
SOURCE_TYPE='buildroot-derived'
UPSTREAM_NAME='bzip2'
UPSTREAM_LICENSE='bzip2 license'
UPSTREAM_VERSION='1.0.8'
UPSTREAM_REVISION='3815d578c5759fa824322ea3d95ad51b55ab888e'
SOURCE_SNAPSHOT='https://gitlab.com/buildroot.org/buildroot/-/blob/3815d578c5759fa824322ea3d95ad51b55ab888e/package/bzip2/bzip2.mk'
SOURCE_SELECTION_REASON='bzip2 is an independently reusable compression runtime for the TDVP archive-tool candidate. The Buildroot package provides the cross-build configuration and target install path.'
NON_PLATFORM_BUILD_INPUTS='Buildroot 2025.02.1 bzip2.mk/bzip2.hash; no TDVP-specific patches.'
SECURITY_STATUS='Buildroot recipe source hash is verified before the candidate build; release review remains responsible for current CVE assessment.'
VERIFIED_BY='TDVP source-lock verifier plus Buildroot 2025.02.1 bzip2 package hash'
VERIFIED_AT='2026-09-02'
VERIFICATION_REFERENCE='https://gitlab.com/buildroot.org/buildroot/-/blob/3815d578c5759fa824322ea3d95ad51b55ab888e/package/bzip2/bzip2.hash'
SOURCE_ARTIFACT_1_URL='https://sourceware.org/pub/bzip2/bzip2-1.0.8.tar.gz'
SOURCE_ARTIFACT_1_FILE='bzip2-1.0.8.tar.gz'
SOURCE_ARTIFACT_1_SHA256='ab5a03176ee106d3f0fa90e381da478ddae405918153cca248e682cd0c4a2269'
