FORMAT_VERSION='1'
SOURCE_TYPE='release-tarball'
UPSTREAM_NAME='cjson'
UPSTREAM_LICENSE='MIT'
UPSTREAM_VERSION='1.7.18'
UPSTREAM_REVISION='1.7.18'
SOURCE_SNAPSHOT='https://sources.buildroot.net/cjson/cjson-1.7.18.tar.gz'
SOURCE_SELECTION_REASON='Common Linux application dependency; pinned to the platform Buildroot source catalogue.'
NON_PLATFORM_BUILD_INPUTS='Matched CPU0 SDK and declared native CMake build tools.'
SECURITY_STATUS='Pinned source; security review and device acceptance required before publication.'
VERIFIED_BY='Buildroot 2025.02.1 source hash'
VERIFIED_AT='2026-10-08'
VERIFICATION_REFERENCE='https://raw.githubusercontent.com/buildroot/buildroot/2025.02.1/package/cjson/cjson.hash'
SOURCE_ARTIFACT_1_URL='https://sources.buildroot.net/cjson/cjson-1.7.18.tar.gz'
SOURCE_ARTIFACT_1_FILE='cjson-1.7.18.tar.gz'
SOURCE_ARTIFACT_1_SHA256='3aa806844a03442c00769b83e99970be70fbef03735ff898f4811dd03b9f5ee5'
