FORMAT_VERSION='1'
SOURCE_TYPE='buildroot-derived'
UPSTREAM_NAME='GNU grep'
UPSTREAM_LICENSE='GPL-3.0-or-later'
UPSTREAM_VERSION='3.11'
UPSTREAM_REVISION='3815d578c5759fa824322ea3d95ad51b55ab888e'
SOURCE_SNAPSHOT='https://gitlab.com/buildroot.org/buildroot/-/blob/3815d578c5759fa824322ea3d95ad51b55ab888e/package/grep/grep.mk'
SOURCE_SELECTION_REASON='High-frequency source-search utility; the reviewed K230 baseline enables PCRE2, so grep is paired with the separately owned libpcre2-8 runtime rather than dropping Perl-compatible regular expressions.'
NON_PLATFORM_BUILD_INPUTS='Buildroot 2025.02.1 grep.mk and grep.hash; no TDVP-specific patches.'
SECURITY_STATUS='Buildroot recipe source SHA-256 is verified before candidate build; security review is release-candidate scoped.'
VERIFIED_BY='TDVP source-lock verifier plus Buildroot 2025.02.1 package hash'
VERIFIED_AT='2026-09-02'
VERIFICATION_REFERENCE='https://gitlab.com/buildroot.org/buildroot/-/blob/3815d578c5759fa824322ea3d95ad51b55ab888e/package/grep/grep.hash'
SOURCE_ARTIFACT_1_URL='https://ftp.gnu.org/gnu/grep/grep-3.11.tar.xz'
SOURCE_ARTIFACT_1_FILE='grep-3.11.tar.xz'
SOURCE_ARTIFACT_1_SHA256='1db2aedde89d0dea42b16d9528f894c8d15dae4e190b59aecc78f5a951276eab'
