FORMAT_VERSION='1'
SOURCE_TYPE='release-tarball'
UPSTREAM_NAME='libyuv'
UPSTREAM_LICENSE='BSD-3-Clause and project patent grant'
UPSTREAM_VERSION='1924'
UPSTREAM_REVISION='644251f252a84bf8ce91ff0aca86a9b16b069ab8'
SOURCE_SNAPSHOT='https://github.com/lemenkov/libyuv/archive/644251f252a84bf8ce91ff0aca86a9b16b069ab8.tar.gz'
SOURCE_SELECTION_REASON='AVIF official dependency pin; reusable YUV conversion/scaling library missing from SDK/feed.'
NON_PLATFORM_BUILD_INPUTS='Matched scalar CPU0 SDK; mirror archive verified against official upstream Git tree, all 187 blobs matched.'
SECURITY_STATUS='Source equivalence and raw cross build checked; formal recipe, standalone conversion/scaling tests, IPK and complete security/legal review pending.'
VERIFIED_BY='Official Chromium Git commit and 187-blob mirror comparison, version header and source notices'
VERIFIED_AT='2026-10-10'
VERIFICATION_REFERENCE='https://chromium.googlesource.com/libyuv/libyuv/+/644251f252a84bf8ce91ff0aca86a9b16b069ab8'
SOURCE_ARTIFACT_1_URL='https://github.com/lemenkov/libyuv/archive/644251f252a84bf8ce91ff0aca86a9b16b069ab8.tar.gz'
SOURCE_ARTIFACT_1_FILE='libyuv-644251f252a84bf8ce91ff0aca86a9b16b069ab8.tar.gz'
SOURCE_ARTIFACT_1_SHA256='ccc11fbb02077b9385a37606d9edce34eb5e588b5626c894eb1e883c9c2da114'
