FORMAT_VERSION='1'
SOURCE_TYPE='git'
UPSTREAM_NAME='vim-gitgutter'
UPSTREAM_LICENSE='MIT'
UPSTREAM_VERSION='2026.09.02+git90b7520'
UPSTREAM_REVISION='90b75207bd9b55d8ac4af15f72b4e935462014d0'
SOURCE_SNAPSHOT='https://github.com/airblade/vim-gitgutter/tree/90b75207bd9b55d8ac4af15f72b4e935462014d0'
SOURCE_SELECTION_REASON='TDVP r10 developer-feed candidate: a pure Vimscript Git working-tree indicator that reuses the feed-owned git command and adds no native ABI surface.'
SOURCE_ARTIFACT_1_URL='https://github.com/airblade/vim-gitgutter/archive/90b75207bd9b55d8ac4af15f72b4e935462014d0.tar.gz'
SOURCE_ARTIFACT_1_FILE='vim-gitgutter-90b75207bd9b55d8ac4af15f72b4e935462014d0.tar.gz'
SOURCE_ARTIFACT_1_SHA256='959310332dca2294c1c307f811e0b2a6782aee8db5dca1352437ce5e1e80a9ec'
NON_PLATFORM_BUILD_INPUTS='tar and the feed-controlled source cache only'
SECURITY_STATUS='No known unresolved upstream security advisory at source-lock review time.'
VERIFIED_BY='TDVP Device Team'
VERIFIED_AT='2026-09-02'
VERIFICATION_REFERENCE='TDVP r10 vim-gitgutter candidate admission'
