FORMAT_VERSION='1'
SOURCE_TYPE='release-tarball'
UPSTREAM_NAME='keyutils'
UPSTREAM_LICENSE='LGPL-2.0-or-later'
UPSTREAM_VERSION='1.6.3'
UPSTREAM_REVISION='v1.6.3'
SOURCE_SNAPSHOT='https://sources.buildroot.net/keyutils/keyutils-1.6.3.tar.gz'
SOURCE_SELECTION_REASON='Stable Buildroot mirror of the kernel.org release snapshot; all regular-file contents verified equal to official Gitiles v1.6.3. Gitiles dynamic archives are unsuitable for archive-byte locks.'
NON_PLATFORM_BUILD_INPUTS='Matched CPU0 SDK and declared host tools; fixed upstream build marker and normalized source path.'
SECURITY_STATUS='Formal recipe, byte reproducibility, notices, immutable IPK and full isolated candidate installation verified; private process keyring hardware test passed with byte-identical runtime. Full security/legal and matched-image device publication acceptance pending.'
VERIFIED_BY='Buildroot keyutils.hash matches downloaded archive SHA256; regular-file contents match official tag; library source license inspected'
VERIFIED_AT='2026-10-10'
VERIFICATION_REFERENCE='https://kernel.googlesource.com/pub/scm/linux/kernel/git/dhowells/keyutils/+/refs/tags/v1.6.3'
SOURCE_ARTIFACT_1_URL='https://sources.buildroot.net/keyutils/keyutils-1.6.3.tar.gz'
SOURCE_ARTIFACT_1_FILE='keyutils-1.6.3.tar.gz'
SOURCE_ARTIFACT_1_SHA256='a61d5706136ae4c05bd48f86186bcfdbd88dd8bd5107e3e195c924cfc1b39bb4'
SOURCE_PATCH_1_FILE='patches/0001-defer-rpm-only-probes.patch'
SOURCE_PATCH_1_SHA256='423f688964d1a7bd2aa0211edbc000463657ab110c18210e104dd032f27d3d16'
SOURCE_PATCH_1_REASON='Defer RPM metadata expansion so shared-library builds never execute rpmspec; preserve RPM targets and runtime source.'
