FORMAT_VERSION='1'
SOURCE_TYPE='release-tarball'
SOURCE_SNAPSHOT='https://files.pythonhosted.org/packages/83/d3/803453b36afefb7c2bb238361cd4ae6125a569b4db67cd9e79846ba2d68c/sympy-1.14.0.tar.gz'
UPSTREAM_NAME='sympy'
UPSTREAM_LICENSE='BSD-3-Clause'
UPSTREAM_VERSION='1.14.0'
UPSTREAM_REVISION='1.14.0'
SOURCE_SELECTION_REASON='Symbolic mathematics dependency closure compatible with SymPy 1.14 and ORT 1.21.'
NON_PLATFORM_BUILD_INPUTS='Source-locked PEP 517 host tools and paired package SDK.'
SECURITY_STATUS='Candidate needs recursive closure and device acceptance before promotion.'
VERIFIED_BY='PyPI source SHA256 metadata'
VERIFIED_AT='2026-10-08'
VERIFICATION_REFERENCE='https://pypi.org/pypi/sympy/1.14.0/json'
SOURCE_ARTIFACT_1_URL='https://files.pythonhosted.org/packages/83/d3/803453b36afefb7c2bb238361cd4ae6125a569b4db67cd9e79846ba2d68c/sympy-1.14.0.tar.gz'
SOURCE_ARTIFACT_1_FILE='sympy-1.14.0.tar.gz'
SOURCE_ARTIFACT_1_SHA256='d3d3fe8df1e5a0b42f0e7bdf50541697dbe7d23746e894990c030e2b05e72517'
