FORMAT_VERSION='1'
SOURCE_TYPE='buildroot-derived'
UPSTREAM_NAME='NetSurf'
UPSTREAM_LICENSE='GPL-2.0-only'
UPSTREAM_VERSION='3.10'
UPSTREAM_REVISION='3815d578c5759fa824322ea3d95ad51b55ab888e'
SOURCE_SNAPSHOT='https://gitlab.com/buildroot.org/buildroot/-/blob/3815d578c5759fa824322ea3d95ad51b55ab888e/package/netsurf/netsurf.mk'
SOURCE_SELECTION_REASON='NetSurf is rebuilt through the matching Buildroot 2025.02.1 package with a reviewable TDVP GTK3 resource patch and no historical IPK reuse in offline mode.'
NON_PLATFORM_BUILD_INPUTS='The locked Buildroot NetSurf package, the hash-pinned local resource patch, and the source cache archive listed below; no host download is permitted.'
SECURITY_STATUS='The upstream full source archive and reviewed TDVP patch are SHA-256 verified before the isolated offline Buildroot package build.'
VERIFIED_BY='TDVP source-lock verifier plus Buildroot 2025.02.1 netsurf hash'
VERIFIED_AT='2026-09-04'
VERIFICATION_REFERENCE='https://gitlab.com/buildroot.org/buildroot/-/blob/3815d578c5759fa824322ea3d95ad51b55ab888e/package/netsurf/netsurf.hash'
SOURCE_ARTIFACT_1_URL='https://download.netsurf-browser.org/netsurf/releases/source-full/netsurf-all-3.10.tar.gz'
SOURCE_ARTIFACT_1_FILE='netsurf-all-3.10.tar.gz'
SOURCE_ARTIFACT_1_SHA256='495adf6b6614ce36fca6c605f7c321f9cb4a3df838043158122678ce2b3325b7'
SOURCE_PATCH_1_FILE='patches/0001-gtk3-use-png-for-the-preprocessed-icon.patch'
SOURCE_PATCH_1_SHA256='e82da83252c8d1feee60cfc51ebf94bcad86bcaed7158bec689d346ff9e8c4b2'
SOURCE_PATCH_1_REASON='Use the TDVP PNG icon resource in the GTK3 NetSurf package build.'
