FORMAT_VERSION='1'
SOURCE_TYPE='buildroot-derived'
UPSTREAM_NAME='NetSurf'
UPSTREAM_LICENSE='GPL-2.0-only'
UPSTREAM_VERSION='3.10'
UPSTREAM_REVISION='3815d578c5759fa824322ea3d95ad51b55ab888e'
SOURCE_SNAPSHOT='https://gitlab.com/buildroot.org/buildroot/-/blob/3815d578c5759fa824322ea3d95ad51b55ab888e/package/netsurf/netsurf.mk'
SOURCE_SELECTION_REASON='NetSurf is rebuilt through the matching Buildroot 2025.02.1 package with a reviewable TDVP GTK3 resource patch and no historical IPK reuse in offline mode.'
NON_PLATFORM_BUILD_INPUTS='The hash-locked r10 published CPU0 SDK and native Ubuntu 24.04 build tools; the verified source archives and patches below; private feed dependency staging. Historical Buildroot recipe choices are retained in the direct SDK builder, without a completed firmware output.'
SECURITY_STATUS='The upstream full source archive and reviewed TDVP patch are SHA-256 verified before the isolated offline Buildroot package build.'
VERIFIED_BY='TDVP source-lock verifier plus Buildroot 2025.02.1 netsurf hash'
VERIFIED_AT='2026-09-04'
VERIFICATION_REFERENCE='https://gitlab.com/buildroot.org/buildroot/-/blob/3815d578c5759fa824322ea3d95ad51b55ab888e/package/netsurf/netsurf.hash'
SOURCE_ARTIFACT_1_URL='https://download.netsurf-browser.org/netsurf/releases/source-full/netsurf-all-3.10.tar.gz'
SOURCE_ARTIFACT_1_FILE='netsurf-all-3.10.tar.gz'
SOURCE_ARTIFACT_1_SHA256='495adf6b6614ce36fca6c605f7c321f9cb4a3df838043158122678ce2b3325b7'
SOURCE_PATCH_1_FILE='patches/0001-gtk3-use-png-for-the-preprocessed-icon.patch'
SOURCE_PATCH_1_SHA256='e82da83252c8d1feee60cfc51ebf94bcad86bcaed7158bec689d346ff9e8c4b2'
SOURCE_PATCH_1_REASON='Use the TDVP PNG icon resource in the GTK3 NetSurf package build.'
SOURCE_PATCH_2_FILE='patches/0001-avoid-system-perl-dependencies.patch'
SOURCE_PATCH_2_SHA256='d924d1e2fef2b964ce5147304592ed2f74815e6f22fcadacd8510a7d6ef028c0'
SOURCE_PATCH_2_REASON='Preserve the reviewed Buildroot 2025.02.1 NetSurf host-generator and compiler compatibility fix when building directly with the published SDK.'
SOURCE_PATCH_3_FILE='patches/0002-do-not-cross-compile-nsgenbind.patch'
SOURCE_PATCH_3_SHA256='56fe8e38692abfbd78cc90c0c77586aec7228f605ecd10bc277d335099b31663'
SOURCE_PATCH_3_REASON='Preserve the reviewed Buildroot 2025.02.1 NetSurf host-generator and compiler compatibility fix when building directly with the published SDK.'
SOURCE_PATCH_4_FILE='patches/0003-fix-compilation-without-curl.patch'
SOURCE_PATCH_4_SHA256='22256ff8937a3860c7a53ccd8b3a8bb980d6b08a23bab26c2c0c4a2c63c6d05a'
SOURCE_PATCH_4_REASON='Preserve the reviewed Buildroot 2025.02.1 NetSurf host-generator and compiler compatibility fix when building directly with the published SDK.'
SOURCE_PATCH_5_FILE='patches/0004-framebuffer-Fix-internal-font-generated-source-for-GCC-10.patch'
SOURCE_PATCH_5_SHA256='137796beb51c98b06f45484f1a8340e9d74e0962e8a6c5e6fbcaf371b4f36200'
SOURCE_PATCH_5_REASON='Preserve the reviewed Buildroot 2025.02.1 NetSurf host-generator and compiler compatibility fix when building directly with the published SDK.'
