FORMAT_VERSION='1'
SOURCE_TYPE='release-tarball'
UPSTREAM_NAME='elfutils'
UPSTREAM_LICENSE='LGPL-3.0-or-later OR GPL-2.0-or-later'
UPSTREAM_VERSION='0.196'
UPSTREAM_REVISION='elfutils-0.196'
SOURCE_SNAPSHOT='https://sourceware.org/elfutils/ftp/0.196/'
SOURCE_SELECTION_REASON='DWARF runtime split from the matching libelf source build, without recompiling elfutils.'
NON_PLATFORM_BUILD_INPUTS='Official release archive, matched scalar CPU0 SDK and declared host tools.'
SECURITY_STATUS='Locked official archive; advisory and device acceptance review required before publication.'
VERIFIED_BY='Official sha512.sum verified before computing locked SHA256'
VERIFIED_AT='2026-10-09'
VERIFICATION_REFERENCE='https://sourceware.org/elfutils/ftp/0.196/sha512.sum'
SOURCE_ARTIFACT_1_URL='https://sourceware.org/elfutils/ftp/0.196/elfutils-0.196.tar.bz2'
SOURCE_ARTIFACT_1_FILE='elfutils-0.196.tar.bz2'
SOURCE_ARTIFACT_1_SHA256='fd5cc6b77ad6773cac93cb3f415f9318ac3b3455eecf801f6b4a742c4f6c7209'
