FORMAT_VERSION='1'
SOURCE_TYPE='release-tarball'
UPSTREAM_NAME='libaio'
UPSTREAM_LICENSE='LGPL-2.1-or-later'
UPSTREAM_VERSION='0.3.113'
UPSTREAM_REVISION='libaio-0.3.113'
SOURCE_SNAPSHOT='https://releases.pagure.org/libaio/libaio-0.3.113.tar.gz'
SOURCE_SELECTION_REASON='Missing Linux native asynchronous I/O provider; official release.'
NON_PLATFORM_BUILD_INPUTS='Matched CPU0 SDK and declared host tools; kernel capabilities require device validation.'
SECURITY_STATUS='Source locked; security and kernel/device acceptance pending.'
VERIFIED_BY='Official source SHA512 matched upstream checksum recorded by Buildroot; archive SHA256 computed'
VERIFIED_AT='2026-10-10'
VERIFICATION_REFERENCE='https://releases.pagure.org/libaio/CHECKSUMS'
SOURCE_ARTIFACT_1_URL='https://releases.pagure.org/libaio/libaio-0.3.113.tar.gz'
SOURCE_ARTIFACT_1_FILE='libaio-0.3.113.tar.gz'
SOURCE_ARTIFACT_1_SHA256='2c44d1c5fd0d43752287c9ae1eb9c023f04ef848ea8d4aafa46e9aedb678200b'
