FORMAT_VERSION='1'
SOURCE_TYPE='release-tarball'
UPSTREAM_NAME='mpc'
UPSTREAM_LICENSE='LGPL-3.0-or-later'
UPSTREAM_VERSION='1.3.1'
UPSTREAM_REVISION='1.3.1'
SOURCE_SNAPSHOT='https://ftp.gnu.org/gnu/mpc/mpc-1.3.1.tar.gz'
SOURCE_SELECTION_REASON='Missing common Linux multiprecision complex provider; official GNU source.'
NON_PLATFORM_BUILD_INPUTS='Matched CPU0 SDK, existing GMP and declared MPFR development export.'
SECURITY_STATUS='Source locked; broader security and device acceptance pending.'
VERIFIED_BY='Downloaded official GNU archive SHA256 and inspected copying text'
VERIFIED_AT='2026-10-10'
VERIFICATION_REFERENCE='https://www.multiprecision.org/mpc/'
SOURCE_ARTIFACT_1_URL='https://ftp.gnu.org/gnu/mpc/mpc-1.3.1.tar.gz'
SOURCE_ARTIFACT_1_FILE='mpc-1.3.1.tar.gz'
SOURCE_ARTIFACT_1_SHA256='ab642492f5cf882b74aa0cb730cd410a81edcdbec895183ce930e706c1c759b8'
