FORMAT_VERSION='1'
SOURCE_TYPE='release-tarball'
UPSTREAM_NAME='OpenCV Python bindings'
UPSTREAM_LICENSE='Apache-2.0'
UPSTREAM_VERSION='4.10.0'
UPSTREAM_REVISION='4.10.0'
SOURCE_SNAPSHOT='https://sources.buildroot.net/opencv4/opencv4-4.10.0.tar.gz'
SOURCE_SELECTION_REASON='Compile only Python wrappers from the same locked source as the independently built OpenCV runtime.'
NON_PLATFORM_BUILD_INPUTS='Native Python wrapper generator, target CPython and NumPy headers, and existing OpenCV development projection.'
SECURITY_STATUS='Pinned source; ABI and device Python import and image operation tests required before promotion.'
VERIFIED_BY='Buildroot 2025.02.1 OpenCV source hash'
VERIFIED_AT='2026-10-08'
VERIFICATION_REFERENCE='https://raw.githubusercontent.com/buildroot/buildroot/2025.02.1/package/opencv4/opencv4.hash'
SOURCE_ARTIFACT_1_URL='https://sources.buildroot.net/opencv4/opencv4-4.10.0.tar.gz'
SOURCE_ARTIFACT_1_FILE='opencv4-4.10.0.tar.gz'
SOURCE_ARTIFACT_1_SHA256='b2171af5be6b26f7a06b1229948bbb2bdaa74fcf5cd097e0af6378fce50a6eb9'
