FORMAT_VERSION='1'
SOURCE_TYPE='buildroot-derived'
UPSTREAM_NAME='RHash'
UPSTREAM_LICENSE='0BSD'
UPSTREAM_VERSION='1.4.4'
UPSTREAM_REVISION='3815d578c5759fa824322ea3d95ad51b55ab888e'
SOURCE_SNAPSHOT='https://gitlab.com/buildroot.org/buildroot/-/blob/3815d578c5759fa824322ea3d95ad51b55ab888e/package/rhash/rhash.mk'
SOURCE_SELECTION_REASON='A checksum utility supports offline artifact verification on K230 as one private command without a non-platform shared-runtime provider.'
NON_PLATFORM_BUILD_INPUTS='Buildroot 2025.02.1 rhash.mk and rhash.hash. The private transaction disables gettext and OpenSSL, builds only the static librhash implementation, and copies only the reviewed command ELF into the IPK.'
SECURITY_STATUS='The official HTTPS source archive SHA-256 is streamed and verified before the private offline transaction. CI never invokes rhash, supplies a file path, or reads a payload through rhash. Candidate admission additionally requires locked cache, RISC-V ELF, runtime-closure and deny-overlay gates.'
VERIFIED_BY='TDVP source-lock verifier plus Buildroot 2025.02.1 rhash package hash and a streamed SourceForge archive SHA-256 check'
VERIFIED_AT='2026-09-06'
VERIFICATION_REFERENCE='https://gitlab.com/buildroot.org/buildroot/-/blob/3815d578c5759fa824322ea3d95ad51b55ab888e/package/rhash/rhash.hash'
SOURCE_ARTIFACT_1_URL='https://sourceforge.net/projects/rhash/files/rhash/1.4.4/rhash-1.4.4-src.tar.gz/download'
SOURCE_ARTIFACT_1_FILE='rhash-1.4.4-src.tar.gz'
SOURCE_ARTIFACT_1_SHA256='8e7d1a8ccac0143c8fe9b68ebac67d485df119ea17a613f4038cda52f84ef52a'
