FORMAT_VERSION='1'
SOURCE_TYPE='release-tarball'
UPSTREAM_NAME='taglib'
UPSTREAM_LICENSE='LGPL-2.1-or-later OR MPL-1.1'
UPSTREAM_VERSION='2.3.2'
UPSTREAM_REVISION='v2.3.2'
SOURCE_SNAPSHOT='https://github.com/taglib/taglib/releases/download/v2.3.2/taglib-2.3.2.tar.gz'
SOURCE_SELECTION_REASON='Provide reusable music metadata read/write interfaces for Linux media consumers.'
NON_PLATFORM_BUILD_INPUTS='Matched CPU0 SDK zlib and bundled UTF-8 header dependency with its license preserved.'
SECURITY_STATUS='Release asset digest verified; metadata roundtrip, IPK and installation acceptance pending.'
VERIFIED_BY='Upstream release asset digest matched to downloaded archive'
VERIFIED_AT='2026-10-11'
VERIFICATION_REFERENCE='https://api.github.com/repos/taglib/taglib/releases/tags/v2.3.2'
SOURCE_ARTIFACT_1_URL='https://github.com/taglib/taglib/releases/download/v2.3.2/taglib-2.3.2.tar.gz'
SOURCE_ARTIFACT_1_FILE='taglib-2.3.2.tar.gz'
SOURCE_ARTIFACT_1_SHA256='3ca2d8afaa7f1cf7f6ed10e511ebc368bfacd6dcaa3dbfa690b89e502e8963dc'
