FORMAT_VERSION='1'
SOURCE_TYPE='release-tarball'
UPSTREAM_NAME='mpg123'
UPSTREAM_LICENSE='LGPL-2.1-only'
UPSTREAM_VERSION='1.33.7'
UPSTREAM_REVISION='1.33.7'
SOURCE_SNAPSHOT='https://www.mpg123.de/download/mpg123-1.33.7.tar.bz2'
SOURCE_SELECTION_REASON='Supply reusable MP3/MPEG audio decoding independently of players and hardware outputs.'
NON_PLATFORM_BUILD_INPUTS='Matched CPU0 SDK and generic C decoder; end-user programs and output modules disabled.'
SECURITY_STATUS='Upstream release signature verified against published fingerprint; decoding, IPK and installation acceptance pending.'
VERIFIED_BY='Release signature with D021FF8ECF4BE09719D61A27231C4CBC60D5CAFE, matched to official download-page fingerprint'
VERIFIED_AT='2026-10-11'
VERIFICATION_REFERENCE='https://www.mpg123.de/download.shtml'
SOURCE_ARTIFACT_1_URL='https://www.mpg123.de/download/mpg123-1.33.7.tar.bz2'
SOURCE_ARTIFACT_1_FILE='mpg123-1.33.7.tar.bz2'
SOURCE_ARTIFACT_1_SHA256='31d0e35a4ca567ec9b5ebda6c3062bb4435d6d3eacd6ef0d95cadd7854dc03ee'
