FORMAT_VERSION='1'
SOURCE_TYPE='buildroot-derived'
UPSTREAM_NAME='bwm-ng'
UPSTREAM_LICENSE='GPL-2.0-or-later'
UPSTREAM_VERSION='0.6.3'
UPSTREAM_REVISION='3815d578c5759fa824322ea3d95ad51b55ab888e'
SOURCE_SNAPSHOT='https://gitlab.com/buildroot.org/buildroot/-/blob/3815d578c5759fa824322ea3d95ad51b55ab888e/package/bwm-ng/bwm-ng.mk'
SOURCE_SELECTION_REASON='A compact bandwidth monitor adds K230 diagnostic coverage as one private command without a non-platform shared-runtime provider.'
NON_PLATFORM_BUILD_INPUTS='Buildroot 2025.02.1 bwm-ng.mk, bwm-ng.hash and Config.in. When the reviewed SDK enables the optional bwm-ng terminal view, the command consumes the immutable target libncursesw provider; this transaction builds and publishes no runtime provider.'
SECURITY_STATUS='The GitHub archive SHA-256 is verified before the private offline transaction. CI never invokes bwm-ng, reads procfs, observes a network interface, or observes disk I/O. Candidate admission additionally requires locked cache, RISC-V ELF, target-owned runtime closure and deny-overlay gates.'
VERIFIED_BY='TDVP source-lock verifier plus Buildroot 2025.02.1 bwm-ng hash and a streamed GitHub archive SHA-256 check'
VERIFIED_AT='2026-09-06'
VERIFICATION_REFERENCE='https://gitlab.com/buildroot.org/buildroot/-/blob/3815d578c5759fa824322ea3d95ad51b55ab888e/package/bwm-ng/bwm-ng.hash'
SOURCE_ARTIFACT_1_URL='https://github.com/vgropp/bwm-ng/archive/refs/tags/v0.6.3.tar.gz'
SOURCE_ARTIFACT_1_FILE='bwm-ng-0.6.3.tar.gz'
SOURCE_ARTIFACT_1_SHA256='c1a552b6ff48ea3e4e10110a7c188861abc4750befc67c6caaba8eb3ecf67f46'
