FORMAT_VERSION='1'
SOURCE_TYPE='release-tarball'
UPSTREAM_NAME='gemmlowp'
UPSTREAM_LICENSE='Apache-2.0'
UPSTREAM_VERSION='16e8662c34917be0065110bfcd9cc27d30f52fdf'
UPSTREAM_REVISION='16e8662c34917be0065110bfcd9cc27d30f52fdf'
SOURCE_SNAPSHOT='https://sources.buildroot.net/gemmlowp/gemmlowp-16e8662c34917be0065110bfcd9cc27d30f52fdf.tar.gz'
SOURCE_SELECTION_REASON='TensorFlow Lite 2.18.0 uses this exact upstream revision.'
NON_PLATFORM_BUILD_INPUTS='Matched CPU0 SDK and declared native CMake tools.'
SECURITY_STATUS='Pinned source; security and consumer acceptance pending.'
VERIFIED_BY='Buildroot 2025.02.1 source hash and TensorFlow Lite dependency metadata'
VERIFIED_AT='2026-10-08'
VERIFICATION_REFERENCE='https://raw.githubusercontent.com/buildroot/buildroot/2025.02.1/package/gemmlowp/gemmlowp.hash'
SOURCE_ARTIFACT_1_URL='https://sources.buildroot.net/gemmlowp/gemmlowp-16e8662c34917be0065110bfcd9cc27d30f52fdf.tar.gz'
SOURCE_ARTIFACT_1_FILE='gemmlowp-16e8662c34917be0065110bfcd9cc27d30f52fdf.tar.gz'
SOURCE_ARTIFACT_1_SHA256='c3feb896a1b42595cf9a508ed64ed0dc3cd84fffdb8eed790d02d0534ab322ce'
