FORMAT_VERSION='1'
SOURCE_TYPE='release-tarball'
UPSTREAM_NAME='libssh'
UPSTREAM_LICENSE='LGPL-2.1-or-later AND BSD-2-Clause'
UPSTREAM_VERSION='0.12.2'
UPSTREAM_REVISION='libssh-0.12.2'
SOURCE_SNAPSHOT='https://www.libssh.org/files/0.12/libssh-0.12.2.tar.xz'
SOURCE_SELECTION_REASON='Missing SSH client/server library; upstream security fixup release.'
NON_PLATFORM_BUILD_INPUTS='Matched CPU0 SDK and feed Kerberos development projection.'
SECURITY_STATUS='Official signed source verified; comprehensive advisory and device acceptance pending.'
VERIFIED_BY='gpgv with official release fingerprint 88A228D89B07C2C77D0C780903D5DF8CFDD3E8E7 and SHA256'
VERIFIED_AT='2026-10-10'
VERIFICATION_REFERENCE='https://www.libssh.org/get-it/'
SOURCE_ARTIFACT_1_URL='https://www.libssh.org/files/0.12/libssh-0.12.2.tar.xz'
SOURCE_ARTIFACT_1_FILE='libssh-0.12.2.tar.xz'
SOURCE_ARTIFACT_1_SHA256='49560f677d96e3706a904ac2de1116e25f3680937d51e5c92198fcba4a1c1e9f'
