# libuv is a public event-loop ABI; it is not a Node-private shared object.
FORMAT_VERSION='1'
SOURCE_TYPE='release-tarball'
UPSTREAM_NAME='libuv'
UPSTREAM_LICENSE='BSD-2-Clause AND BSD-3-Clause AND ISC AND MIT'
UPSTREAM_VERSION='1.51.0'
UPSTREAM_REVISION='v1.51.0'
SOURCE_SNAPSHOT='https://nodejs.org/dist/v22.23.2/node-v22.23.2.tar.gz'
SOURCE_SELECTION_REASON='Node.js 22.23.2 requires the libuv 1.51 public API, including UV_TTY_MODE_RAW_VT. Publishing that official source-built libuv.so.1 provider once prevents a private runtime copy and makes the ABI owner explicit.'
NON_PLATFORM_BUILD_INPUTS='Matching K230 SDK sysroot and the Node 22.23.2 source-lock compatibility check; no Buildroot target files, Debian binaries, or TDVP source patches are copied into the payload.'
SECURITY_STATUS='The official release archive SHA-256 is verified in the content-addressed source cache before every build; release-candidate advisory review remains required.'
VERIFIED_BY='TDVP source-lock verifier plus Node 22.23.2 bundled libuv API comparison'
VERIFIED_AT='2026-09-02'
VERIFICATION_REFERENCE='https://nodejs.org/dist/v22.23.2/node-v22.23.2.tar.gz'
SOURCE_ARTIFACT_1_URL='https://dist.libuv.org/dist/v1.51.0/libuv-v1.51.0-dist.tar.gz'
SOURCE_ARTIFACT_1_FILE='libuv-v1.51.0-dist.tar.gz'
SOURCE_ARTIFACT_1_SHA256='2ceca1a7577633cf92794db5bf5512370f6cd45a5746d6e14f8c20aeab0a547b'
