FORMAT_VERSION='1'
SOURCE_TYPE='release-tarball'
UPSTREAM_NAME='nghttp3'
UPSTREAM_LICENSE='MIT'
UPSTREAM_VERSION='1.18.0'
UPSTREAM_REVISION='v1.18.0'
SOURCE_SNAPSHOT='https://github.com/ngtcp2/nghttp3/releases/download/v1.18.0/nghttp3-1.18.0.tar.xz'
SOURCE_SELECTION_REASON='Missing HTTP3 library provider; official current release asset.'
NON_PLATFORM_BUILD_INPUTS='Matched CPU0 SDK and declared CMake host tools.'
SECURITY_STATUS='Source locked; protocol/security and network/device acceptance pending.'
VERIFIED_BY='Downloaded archive SHA256 matches official GitHub release asset digest'
VERIFIED_AT='2026-10-10'
VERIFICATION_REFERENCE='https://github.com/ngtcp2/nghttp3/releases/tag/v1.18.0'
SOURCE_ARTIFACT_1_URL='https://github.com/ngtcp2/nghttp3/releases/download/v1.18.0/nghttp3-1.18.0.tar.xz'
SOURCE_ARTIFACT_1_FILE='nghttp3-1.18.0.tar.xz'
SOURCE_ARTIFACT_1_SHA256='aad782c23d3f01bd4bb52c8bac7a553b631ef8115fd1612703df6183449fef19'
