FORMAT_VERSION='1'
SOURCE_TYPE='release-tarball'
SOURCE_SNAPSHOT='https://files.pythonhosted.org/packages/f6/37/23083fcd6e35492953e8d2aaaa68b860eb422b34627b13f2ce3eb6106061/typing_extensions-4.13.2.tar.gz'
UPSTREAM_NAME='typing_extensions'
UPSTREAM_LICENSE='PSF-2.0'
UPSTREAM_VERSION='4.13.2'
UPSTREAM_REVISION='4.13.2'
SOURCE_SELECTION_REASON='Python API and common package infrastructure, built from locked upstream source.'
NON_PLATFORM_BUILD_INPUTS='Reviewed PEP 517 host environment and matching package SDK.'
SECURITY_STATUS='Pinned candidate source; security review and device acceptance required before promotion.'
VERIFIED_BY='PyPI release SHA256 metadata and downloaded source digest'
VERIFIED_AT='2026-10-08'
VERIFICATION_REFERENCE='https://pypi.org/pypi/typing_extensions/4.13.2/json'
SOURCE_ARTIFACT_1_URL='https://files.pythonhosted.org/packages/f6/37/23083fcd6e35492953e8d2aaaa68b860eb422b34627b13f2ce3eb6106061/typing_extensions-4.13.2.tar.gz'
SOURCE_ARTIFACT_1_FILE='typing_extensions-4.13.2.tar.gz'
SOURCE_ARTIFACT_1_SHA256='e6c81219bd689f51865d9e372991c540bda33a0379d5573cddb9a3a23f7caaef'
