FORMAT_VERSION='1'
SOURCE_TYPE='release-tarball'
UPSTREAM_NAME='mp11'
UPSTREAM_LICENSE='BSL-1.0'
UPSTREAM_VERSION='1.82.0'
UPSTREAM_REVISION='boost-1.82.0'
SOURCE_SNAPSHOT='https://github.com/boostorg/mp11/archive/refs/tags/boost-1.82.0.tar.gz'
SOURCE_SELECTION_REASON='ONNX Runtime 1.21.0 pinned dependency and reusable C++ application infrastructure.'
NON_PLATFORM_BUILD_INPUTS='Matched CPU0 SDK and declared native tools; no implicit upstream develop-branch downloads.'
SECURITY_STATUS='Pinned source; security and target consumer acceptance pending.'
VERIFIED_BY='SHA256 calculated from upstream tag archive downloaded over HTTPS'
VERIFIED_AT='2026-10-08'
VERIFICATION_REFERENCE='https://github.com/microsoft/onnxruntime/blob/v1.21.0/cmake/deps.txt'
SOURCE_ARTIFACT_1_URL='https://github.com/boostorg/mp11/archive/refs/tags/boost-1.82.0.tar.gz'
SOURCE_ARTIFACT_1_FILE='mp11-boost-1.82.0.tar.gz'
SOURCE_ARTIFACT_1_SHA256='1705680b0849cac3258e528270c9071b440b95372e5be0b9197da89e84a794eb'
