FORMAT_VERSION='1'
SOURCE_TYPE='release-tarball'
UPSTREAM_NAME='gst-plugins-bad'
UPSTREAM_LICENSE='LGPL-2.1-or-later'
UPSTREAM_VERSION='1.28.7'
UPSTREAM_REVISION='1.28.7'
SOURCE_SNAPSHOT='https://gstreamer.freedesktop.org/src/gst-plugins-bad/gst-plugins-bad-1.28.7.tar.xz'
SOURCE_SELECTION_REASON='Supply missing bitstream parser APIs, VP9 MP4 caps parsing and portable vision/audio processing.'
NON_PLATFORM_BUILD_INPUTS='Matched CPU0 SDK, GStreamer core/base development and source-locked native Meson environment.'
SECURITY_STATUS='Official archive digest verified; module licensing, parser negative input, pipelines, dependency and installation acceptance pending.'
VERIFIED_BY='Official sha256sum sidecar checked against downloaded release archive'
VERIFIED_AT='2026-10-10'
VERIFICATION_REFERENCE='https://gstreamer.freedesktop.org/src/gst-plugins-bad/gst-plugins-bad-1.28.7.tar.xz.sha256sum'
SOURCE_ARTIFACT_1_URL='https://gstreamer.freedesktop.org/src/gst-plugins-bad/gst-plugins-bad-1.28.7.tar.xz'
SOURCE_ARTIFACT_1_FILE='gst-plugins-bad-1.28.7.tar.xz'
SOURCE_ARTIFACT_1_SHA256='dc525383c18b2c265bbe6a43d498656cd918aaa130aa4e3abeabcdaa741c3ffe'
SOURCE_BUILD_INPUT_1_FILE='vp9-checked-bit-reader.patch'
SOURCE_BUILD_INPUT_1_SHA256='1b61960a09d2c1d11e364af5c559efcdc6a2af2e4237701340b01f8dc011c015'
SOURCE_BUILD_INPUT_1_REASON='Reject incomplete frame headers without unchecked reads beyond the caller-supplied buffer.'
