FORMAT_VERSION='1'
SOURCE_TYPE='release-tarball'
UPSTREAM_NAME='libaec'
UPSTREAM_LICENSE='BSD-2-Clause'
UPSTREAM_VERSION='1.1.7'
UPSTREAM_REVISION='v1.1.7'
SOURCE_SNAPSHOT='https://gitlab.dkrz.de/dkrz-sw/libaec/-/archive/v1.1.7/libaec-v1.1.7.tar.gz'
SOURCE_SELECTION_REASON='Provide native AEC and the SZIP-compatible library for full HDF5 compression support.'
NON_PLATFORM_BUILD_INPUTS='Matched CPU0 SDK and declared CMake host tools.'
SECURITY_STATUS='Target source build and 128-byte exact AEC roundtrip verified; SZIP consumer, complete component notices, formal IPK and full candidate installation pending.'
VERIFIED_BY='Official GitLab tag archive SHA256, BSD license and target buffer consumer'
VERIFIED_AT='2026-10-10'
VERIFICATION_REFERENCE='https://gitlab.dkrz.de/dkrz-sw/libaec/-/tags/v1.1.7'
SOURCE_ARTIFACT_1_URL='https://gitlab.dkrz.de/dkrz-sw/libaec/-/archive/v1.1.7/libaec-v1.1.7.tar.gz'
SOURCE_ARTIFACT_1_FILE='libaec-1.1.7.tar.gz'
SOURCE_ARTIFACT_1_SHA256='7b29d2a4871803f10fa4fa66404a4098261e734662f0dcf33ab823f1fb5ba43a'
