FORMAT_VERSION='1'
SOURCE_TYPE='release-tarball'
SOURCE_SNAPSHOT='https://github.com/libsndfile/libsamplerate/releases/download/0.2.2/libsamplerate-0.2.2.tar.xz'
UPSTREAM_NAME='libsamplerate'
UPSTREAM_LICENSE='BSD-2-Clause'
UPSTREAM_VERSION='0.2.2'
UPSTREAM_REVISION='0.2.2'
SOURCE_SELECTION_REASON='Pinned audio AI prerequisite; runtime and development staging are built once from the same source.'
NON_PLATFORM_BUILD_INPUTS='ABI-matched package SDK and declared native build tools.'
SECURITY_STATUS='Buildroot 2025.02.1 source digest verified; security review and device acceptance required before promotion.'
VERIFIED_BY='Buildroot 2025.02.1 package hash'
VERIFIED_AT='2026-10-08'
VERIFICATION_REFERENCE='https://raw.githubusercontent.com/buildroot/buildroot/2025.02.1/package/libsamplerate/libsamplerate.hash'
SOURCE_ARTIFACT_1_URL='https://github.com/libsndfile/libsamplerate/releases/download/0.2.2/libsamplerate-0.2.2.tar.xz'
SOURCE_ARTIFACT_1_FILE='libsamplerate-0.2.2.tar.xz'
SOURCE_ARTIFACT_1_SHA256='3258da280511d24b49d6b08615bbe824d0cacc9842b0e4caf11c52cf2b043893'
