FORMAT_VERSION='1'
SOURCE_TYPE='release-tarball'
UPSTREAM_NAME='xxhash'
UPSTREAM_LICENSE='BSD-2-Clause'
UPSTREAM_VERSION='0.8.3'
UPSTREAM_REVISION='v0.8.3'
SOURCE_SNAPSHOT='https://sources.buildroot.net/xxhash/xxhash-0.8.3.tar.gz'
SOURCE_SELECTION_REASON='Common reusable Linux library pinned to the platform source catalogue.'
NON_PLATFORM_BUILD_INPUTS='Matched CPU0 SDK and declared native CMake build tools.'
SECURITY_STATUS='Pinned source; security review and device acceptance required before publication.'
VERIFIED_BY='Buildroot 2025.02.1 source hash'
VERIFIED_AT='2026-10-09'
VERIFICATION_REFERENCE='https://raw.githubusercontent.com/buildroot/buildroot/2025.02.1/package/xxhash/xxhash.hash'
SOURCE_ARTIFACT_1_URL='https://sources.buildroot.net/xxhash/xxhash-0.8.3.tar.gz'
SOURCE_ARTIFACT_1_FILE='xxhash-0.8.3.tar.gz'
SOURCE_ARTIFACT_1_SHA256='aae608dfe8213dfd05d909a57718ef82f30722c392344583d3f39050c7f29a80'
