FORMAT_VERSION='1'
SOURCE_TYPE='release-tarball'
UPSTREAM_NAME='libavif'
UPSTREAM_LICENSE='BSD-2-Clause and retained component notices'
UPSTREAM_VERSION='1.4.2'
UPSTREAM_REVISION='v1.4.2'
SOURCE_SNAPSHOT='https://github.com/AOMediaCodec/libavif/archive/refs/tags/v1.4.2.tar.gz'
SOURCE_SELECTION_REASON='Missing AVIF image encode/decode runtime for vision and media applications.'
NON_PLATFORM_BUILD_INPUTS='Matched CPU0 SDK with independent AOM/libyuv development providers; online fetching disabled.'
SECURITY_STATUS='Raw shared build, lossless YUV/alpha, RGBA conversion and truncated-container rejection checked; formal recipe, IPK, installation and full security/legal review pending.'
VERIFIED_BY='Official release archive SHA256 and target AVIF consumer'
VERIFIED_AT='2026-10-10'
VERIFICATION_REFERENCE='https://github.com/AOMediaCodec/libavif/releases/tag/v1.4.2'
SOURCE_ARTIFACT_1_URL='https://github.com/AOMediaCodec/libavif/archive/refs/tags/v1.4.2.tar.gz'
SOURCE_ARTIFACT_1_FILE='libavif-1.4.2.tar.gz'
SOURCE_ARTIFACT_1_SHA256='2b645287340ba5a631d268b551dc2d72bd73ac33335962dd36dcdb6d8366921d'
