FORMAT_VERSION='1'
SOURCE_TYPE='release-tarball'
UPSTREAM_NAME='MariaDB Connector/C'
UPSTREAM_LICENSE='LGPL-2.0-or-later'
UPSTREAM_VERSION='3.4.11'
UPSTREAM_REVISION='be67a4fc1e0493913732df90e562f122bff9dfe3'
SOURCE_SNAPSHOT='https://github.com/mariadb-corporation/mariadb-connector-c/archive/refs/tags/v3.4.11.tar.gz'
SOURCE_SELECTION_REASON='Missing MariaDB/MySQL client API; official stable tag with pinned commit.'
NON_PLATFORM_BUILD_INPUTS='Matched CPU0 SDK and feed MIT Kerberos development provider.'
SECURITY_STATUS='Official release tag resolved and downloaded SHA256 recorded; independent signature, component license and advisory review pending.'
VERIFIED_BY='GitHub official release/tag API and source archive SHA256'
VERIFIED_AT='2026-10-10'
VERIFICATION_REFERENCE='https://mariadb.org/connector-c/all-releases/'
SOURCE_ARTIFACT_1_URL='https://github.com/mariadb-corporation/mariadb-connector-c/archive/refs/tags/v3.4.11.tar.gz'
SOURCE_ARTIFACT_1_FILE='mariadb-connector-c-3.4.11.tar.gz'
SOURCE_ARTIFACT_1_SHA256='7cdb35c571dd0c187f806f569285829d31b4aba4feb93957a034b0b1e887e276'
SOURCE_BUILD_INPUT_1_FILE='public-compression-header.patch'
SOURCE_BUILD_INPUT_1_SHA256='1b33569cc4252deff6f6566a857975436af053ab9f6dda96daca9f2f30c73e9d'
SOURCE_BUILD_INPUT_1_REASON='Public plugin compression header needs standard integer limits; private ma_sys.h cannot be consumed through installed public API.'
