# nghttp2 supplies the feed's reusable HTTP/2 implementation ABI.
FORMAT_VERSION='1'
SOURCE_TYPE='release-tarball'
UPSTREAM_NAME='nghttp2'
UPSTREAM_LICENSE='MIT'
UPSTREAM_VERSION='1.70.0'
UPSTREAM_REVISION='v1.70.0'
SOURCE_SNAPSHOT='https://github.com/nghttp2/nghttp2/releases/tag/v1.70.0'
SOURCE_SELECTION_REASON='Node.js needs the public libnghttp2.so.14 ABI. Building lib-only from the reviewed source release avoids shipping Node applications with a duplicate HTTP/2 implementation.'
NON_PLATFORM_BUILD_INPUTS='Official versioned release archive and matching K230 SDK sysroot; no Buildroot target files, Debian binaries, or TDVP source patches are copied into the payload.'
SECURITY_STATUS='The official release archive SHA-256 is verified in the content-addressed source cache before every build; release-candidate advisory review remains required.'
VERIFIED_BY='Official GitHub release asset SHA-256 digest and TDVP source-lock verifier'
VERIFIED_AT='2026-10-09'
VERIFICATION_REFERENCE='https://github.com/nghttp2/nghttp2/releases/tag/v1.70.0'
SOURCE_ARTIFACT_1_URL='https://github.com/nghttp2/nghttp2/releases/download/v1.70.0/nghttp2-1.70.0.tar.xz'
SOURCE_ARTIFACT_1_FILE='nghttp2-1.70.0.tar.xz'
SOURCE_ARTIFACT_1_SHA256='e05cb1388eaca3830aded4ccf20044b6e1ac1a61411dcca11b0437c4285c8bc2'
