# nghttp2 supplies the feed's reusable HTTP/2 implementation ABI.
FORMAT_VERSION='1'
SOURCE_TYPE='release-tarball'
UPSTREAM_NAME='nghttp2'
UPSTREAM_LICENSE='MIT'
UPSTREAM_VERSION='1.64.0'
UPSTREAM_REVISION='v1.64.0'
SOURCE_SNAPSHOT='https://gitlab.com/buildroot.org/buildroot/-/blob/3815d578c5759fa824322ea3d95ad51b55ab888e/package/nghttp2/nghttp2.mk'
SOURCE_SELECTION_REASON='Node.js needs the public libnghttp2.so.14 ABI. Building lib-only from the reviewed source release avoids shipping Node applications with a duplicate HTTP/2 implementation.'
NON_PLATFORM_BUILD_INPUTS='Buildroot 2025.02.1 source metadata and matching K230 SDK sysroot; no Buildroot target files, Debian binaries, or TDVP source patches are copied into the payload.'
SECURITY_STATUS='The official release archive SHA-256 is verified in the content-addressed source cache before every build; release-candidate advisory review remains required.'
VERIFIED_BY='TDVP source-lock verifier plus Buildroot 2025.02.1 nghttp2.hash'
VERIFIED_AT='2026-09-02'
VERIFICATION_REFERENCE='https://gitlab.com/buildroot.org/buildroot/-/blob/3815d578c5759fa824322ea3d95ad51b55ab888e/package/nghttp2/nghttp2.hash'
SOURCE_ARTIFACT_1_URL='https://github.com/nghttp2/nghttp2/releases/download/v1.64.0/nghttp2-1.64.0.tar.xz'
SOURCE_ARTIFACT_1_FILE='nghttp2-1.64.0.tar.xz'
SOURCE_ARTIFACT_1_SHA256='88bb94c9e4fd1c499967f83dece36a78122af7d5fb40da2019c56b9ccc6eb9dd'
