FORMAT_VERSION='1'
SOURCE_TYPE='buildroot-derived'
UPSTREAM_NAME='libyaml'
UPSTREAM_VERSION='0.2.5'
UPSTREAM_LICENSE='MIT'
UPSTREAM_REVISION='3815d578c5759fa824322ea3d95ad51b55ab888e'
SOURCE_SNAPSHOT='https://raw.githubusercontent.com/buildroot/buildroot/2025.02.1/package/libyaml/libyaml.mk'
SOURCE_SELECTION_REASON='Restore the historically published runtime with CPU0-compatible source-built binaries.'
NON_PLATFORM_BUILD_INPUTS='Locked source and matching CPU0 SDK; feed development providers declared by PACKAGE_BUILD_DEPENDS.'
SECURITY_STATUS='Locked SHA256 and SDK CPU0 validation are required; upstream security freshness remains a release review item.'
VERIFIED_BY='Buildroot 2025.02.1 package hash'
VERIFIED_AT='2026-09-30'
VERIFICATION_REFERENCE='https://raw.githubusercontent.com/buildroot/buildroot/2025.02.1/package/libyaml/libyaml.hash'
SOURCE_ARTIFACT_1_URL='https://sources.buildroot.net/libyaml/yaml-0.2.5.tar.gz'
SOURCE_ARTIFACT_1_FILE='yaml-0.2.5.tar.gz'
SOURCE_ARTIFACT_1_SHA256='c642ae9b75fee120b2d96c712538bd2cf283228d2337df2cf2988e3c02678ef4'
