FORMAT_VERSION='1'
SOURCE_TYPE='release-tarball'
UPSTREAM_NAME='GSL'
UPSTREAM_LICENSE='MIT'
UPSTREAM_VERSION='4.0.0'
UPSTREAM_REVISION='v4.0.0'
SOURCE_SNAPSHOT='https://github.com/microsoft/GSL/archive/refs/tags/v4.0.0.tar.gz'
SOURCE_SELECTION_REASON='ONNX Runtime 1.21.0 pinned dependency and reusable C++ application prerequisite.'
NON_PLATFORM_BUILD_INPUTS='Matched CPU0 SDK and declared native build tools.'
SECURITY_STATUS='Pinned upstream source; security and target consumer acceptance pending.'
VERIFIED_BY='SHA256 calculated from upstream tag archive downloaded over HTTPS'
VERIFIED_AT='2026-10-08'
VERIFICATION_REFERENCE='https://github.com/microsoft/onnxruntime/blob/v1.21.0/cmake/deps.txt'
SOURCE_ARTIFACT_1_URL='https://github.com/microsoft/GSL/archive/refs/tags/v4.0.0.tar.gz'
SOURCE_ARTIFACT_1_FILE='GSL-4.0.0.tar.gz'
SOURCE_ARTIFACT_1_SHA256='f0e32cb10654fea91ad56bde89170d78cfbf4363ee0b01d8f097de2ba49f6ce9'
