FORMAT_VERSION='1'
SOURCE_TYPE='release-tarball'
UPSTREAM_NAME='gperftools'
UPSTREAM_LICENSE='BSD-3-Clause with retained component notices'
UPSTREAM_VERSION='2.18.1'
UPSTREAM_REVISION='gperftools-2.18.1'
SOURCE_SNAPSHOT='https://github.com/gperftools/gperftools/releases/download/gperftools-2.18.1/gperftools-2.18.1.tar.gz'
SOURCE_SELECTION_REASON='Missing reusable allocator and CPU/heap profiling infrastructure for native Linux/AI applications.'
NON_PLATFORM_BUILD_INPUTS='Matched CPU0 SDK and libunwind development provider; full profiler/debug allocator configuration.'
SECURITY_STATUS='Release archive SHA256 matches GitHub release asset digest; formal cross build, allocator/profiler tests, installation and component/legal/security review pending.'
VERIFIED_BY='Official release asset digest, downloaded source SHA256 and configure feature inspection'
VERIFIED_AT='2026-10-10'
VERIFICATION_REFERENCE='https://github.com/gperftools/gperftools/releases/tag/gperftools-2.18.1'
SOURCE_ARTIFACT_1_URL='https://github.com/gperftools/gperftools/releases/download/gperftools-2.18.1/gperftools-2.18.1.tar.gz'
SOURCE_ARTIFACT_1_FILE='gperftools-2.18.1.tar.gz'
SOURCE_ARTIFACT_1_SHA256='d18d919175f9e4d740ace6b52f0f4f91284160c454e91b36ffd6456282a02206'
