FORMAT_VERSION='1'
SOURCE_TYPE='release-tarball'
UPSTREAM_NAME='libserialport'
UPSTREAM_LICENSE='LGPL-3.0-or-later'
UPSTREAM_VERSION='0.1.2'
UPSTREAM_REVISION='0.1.2'
SOURCE_SNAPSHOT='https://sigrok.org/download/source/libserialport/libserialport-0.1.2.tar.gz'
SOURCE_SELECTION_REASON='Missing serial API provider; official stable archive with configure and COPYING.'
NON_PLATFORM_BUILD_INPUTS='Matched CPU0 SDK and declared host tools.'
SECURITY_STATUS='Source locked; build, notice and runtime acceptance required before publication.'
VERIFIED_BY='Official HTTPS archive SHA256 and COPYING inspection'
VERIFIED_AT='2026-10-10'
VERIFICATION_REFERENCE='https://sigrok.org/wiki/Libserialport'
SOURCE_ARTIFACT_1_URL='https://sigrok.org/download/source/libserialport/libserialport-0.1.2.tar.gz'
SOURCE_ARTIFACT_1_FILE='libserialport-0.1.2.tar.gz'
SOURCE_ARTIFACT_1_SHA256='5deb92b5ca72c0347b07b786848350deca2dcfd975ce613b8e0e1d947a4b4ca9'
