FORMAT_VERSION='1'
SOURCE_TYPE='buildroot-derived'
UPSTREAM_NAME='dos2unix'
UPSTREAM_LICENSE='BSD-2-Clause'
UPSTREAM_VERSION='7.5.2'
UPSTREAM_REVISION='3815d578c5759fa824322ea3d95ad51b55ab888e'
SOURCE_SNAPSHOT='https://gitlab.com/buildroot.org/buildroot/-/blob/3815d578c5759fa824322ea3d95ad51b55ab888e/package/dos2unix/dos2unix.mk'
SOURCE_SELECTION_REASON='Small source-maintenance utility; with TDVP NLS disabled it has no non-ABI shared-library dependency.'
NON_PLATFORM_BUILD_INPUTS='Buildroot 2025.02.1 dos2unix.mk and dos2unix.hash; no TDVP-specific patches.'
SECURITY_STATUS='Buildroot recipe source SHA-256 is verified before candidate build; security review is release-candidate scoped.'
VERIFIED_BY='TDVP source-lock verifier plus Buildroot 2025.02.1 package hash'
VERIFIED_AT='2026-09-02'
VERIFICATION_REFERENCE='https://gitlab.com/buildroot.org/buildroot/-/blob/3815d578c5759fa824322ea3d95ad51b55ab888e/package/dos2unix/dos2unix.hash'
SOURCE_ARTIFACT_1_URL='https://downloads.sourceforge.net/project/dos2unix/dos2unix/7.5.2/dos2unix-7.5.2.tar.gz'
SOURCE_ARTIFACT_1_FILE='dos2unix-7.5.2.tar.gz'
SOURCE_ARTIFACT_1_SHA256='264742446608442eb48f96c20af6da303cb3a92b364e72cb7e24f88239c4bf3a'
