# Buildroot owns cross-compile configuration; this locks both target and host inputs.
FORMAT_VERSION='1'
SOURCE_TYPE='buildroot-derived'
UPSTREAM_NAME='file'
UPSTREAM_LICENSE='BSD-2-Clause, BSD-3-Clause, BSD-4-Clause'
UPSTREAM_VERSION='5.45'
UPSTREAM_REVISION='3815d578c5759fa824322ea3d95ad51b55ab888e'
SOURCE_SNAPSHOT='https://gitlab.com/buildroot.org/buildroot/-/blob/3815d578c5759fa824322ea3d95ad51b55ab888e/package/file/file.mk'
SOURCE_SELECTION_REASON='Portable file-type inspection is a core source-maintenance capability. The command frontend is private to this IPK and consumes the separately owned libmagic runtime.'
NON_PLATFORM_BUILD_INPUTS='Buildroot 2025.02.1 file.mk/file.hash and libzlib.mk/libzlib.hash; host-file requires host-libzlib from the locked zlib archive. The original upstream zlib 1.3.1 .tar.xz path has aged out, so its exact hash-verified artifact comes from the Buildroot HTTPS libzlib mirror; no TDVP-specific patches.'
SECURITY_STATUS='Buildroot recipe source SHA-256 is verified before candidate build; security review is release-candidate scoped.'
VERIFIED_BY='TDVP source-lock verifier plus Buildroot 2025.02.1 package hashes'
VERIFIED_AT='2026-09-02'
VERIFICATION_REFERENCE='https://gitlab.com/buildroot.org/buildroot/-/blob/3815d578c5759fa824322ea3d95ad51b55ab888e/package/file/file.hash'
SOURCE_ARTIFACT_1_URL='https://astron.com/pub/file/file-5.45.tar.gz'
SOURCE_ARTIFACT_1_FILE='file-5.45.tar.gz'
SOURCE_ARTIFACT_1_SHA256='fc97f51029bb0e2c9f4e3bffefdaf678f0e039ee872b9de5c002a6d09c784d82'
SOURCE_ARTIFACT_2_URL='https://sources.buildroot.net/libzlib/zlib-1.3.1.tar.xz'
SOURCE_ARTIFACT_2_FILE='zlib-1.3.1.tar.xz'
SOURCE_ARTIFACT_2_SHA256='38ef96b8dfe510d42707d9c781877914792541133e1870841463bfa73f883e32'
