FORMAT_VERSION='1'
SOURCE_TYPE='release-tarball'
UPSTREAM_NAME='double-conversion'
UPSTREAM_LICENSE='BSD-3-Clause'
UPSTREAM_VERSION='3.3.0'
UPSTREAM_REVISION='3.3.0'
SOURCE_SNAPSHOT='https://sources.buildroot.net/double-conversion/double-conversion-3.3.0.tar.gz'
SOURCE_SELECTION_REASON='Common Linux application dependency; pinned to the platform Buildroot source catalogue.'
NON_PLATFORM_BUILD_INPUTS='Matched CPU0 SDK and declared native CMake build tools.'
SECURITY_STATUS='Pinned source; security review and device acceptance required before publication.'
VERIFIED_BY='Buildroot 2025.02.1 source hash'
VERIFIED_AT='2026-10-08'
VERIFICATION_REFERENCE='https://raw.githubusercontent.com/buildroot/buildroot/2025.02.1/package/double-conversion/double-conversion.hash'
SOURCE_ARTIFACT_1_URL='https://sources.buildroot.net/double-conversion/double-conversion-3.3.0.tar.gz'
SOURCE_ARTIFACT_1_FILE='double-conversion-3.3.0.tar.gz'
SOURCE_ARTIFACT_1_SHA256='04ec44461850abbf33824da84978043b22554896b552c5fd11a9c5ae4b4d296e'
