FORMAT_VERSION='1'
SOURCE_TYPE='release-tarball'
SOURCE_SNAPSHOT='https://github.com/libusb/libusb/releases/download/v1.0.27/libusb-1.0.27.tar.bz2'
UPSTREAM_NAME='libusb'
UPSTREAM_LICENSE='LGPL-2.1-or-later'
UPSTREAM_VERSION='1.0.27'
UPSTREAM_REVISION='1.0.27'
SOURCE_SELECTION_REASON='Reusable Linux application prerequisite, source and development files bound to the same release.'
NON_PLATFORM_BUILD_INPUTS='ABI-matched package SDK and declared native build tools.'
SECURITY_STATUS='Pinned Buildroot 2025.02.1 source; security review and device acceptance required before promotion.'
VERIFIED_BY='Buildroot 2025.02.1 package hash'
VERIFIED_AT='2026-10-08'
VERIFICATION_REFERENCE='https://raw.githubusercontent.com/buildroot/buildroot/2025.02.1/package/libusb/libusb.hash'
SOURCE_ARTIFACT_1_URL='https://github.com/libusb/libusb/releases/download/v1.0.27/libusb-1.0.27.tar.bz2'
SOURCE_ARTIFACT_1_FILE='libusb-1.0.27.tar.bz2'
SOURCE_ARTIFACT_1_SHA256='ffaa41d741a8a3bee244ac8e54a72ea05bf2879663c098c82fc5757853441575'
