FORMAT_VERSION='1'
SOURCE_TYPE='release-tarball'
UPSTREAM_NAME='pugixml'
UPSTREAM_LICENSE='MIT'
UPSTREAM_VERSION='1.14'
UPSTREAM_REVISION='v1.14'
SOURCE_SNAPSHOT='https://sources.buildroot.net/pugixml/pugixml-1.14.tar.gz'
SOURCE_SELECTION_REASON='Common reusable Linux library pinned to the platform source catalogue.'
NON_PLATFORM_BUILD_INPUTS='Matched CPU0 SDK and declared native CMake build tools.'
SECURITY_STATUS='Pinned source; security review and device acceptance required before publication.'
VERIFIED_BY='Buildroot 2025.02.1 source hash'
VERIFIED_AT='2026-10-09'
VERIFICATION_REFERENCE='https://raw.githubusercontent.com/buildroot/buildroot/2025.02.1/package/pugixml/pugixml.hash'
SOURCE_ARTIFACT_1_URL='https://sources.buildroot.net/pugixml/pugixml-1.14.tar.gz'
SOURCE_ARTIFACT_1_FILE='pugixml-1.14.tar.gz'
SOURCE_ARTIFACT_1_SHA256='2f10e276870c64b1db6809050a75e11a897a8d7456c4be5c6b2e35a11168a015'
