FORMAT_VERSION='1'
SOURCE_TYPE='release-tarball'
UPSTREAM_NAME='liburing'
UPSTREAM_LICENSE='MIT AND LGPL-2.1-or-later'
UPSTREAM_VERSION='2.15'
UPSTREAM_REVISION='liburing-2.15'
SOURCE_SNAPSHOT='https://codeload.github.com/axboe/liburing/tar.gz/refs/tags/liburing-2.15'
SOURCE_SELECTION_REASON='Missing Linux asynchronous I/O provider; official release tag.'
NON_PLATFORM_BUILD_INPUTS='Matched CPU0 SDK and declared host tools; kernel capabilities require device validation.'
SECURITY_STATUS='Source locked; full license scope, security and kernel/device acceptance pending.'
VERIFIED_BY='Downloaded official tag archive SHA256 and inspected Makefiles and license texts'
VERIFIED_AT='2026-10-10'
VERIFICATION_REFERENCE='https://github.com/axboe/liburing/releases/tag/liburing-2.15'
SOURCE_ARTIFACT_1_URL='https://codeload.github.com/axboe/liburing/tar.gz/refs/tags/liburing-2.15'
SOURCE_ARTIFACT_1_FILE='liburing-2.15.tar.gz'
SOURCE_ARTIFACT_1_SHA256='8d052f2622dcb3678cbaee5ff582a87572672a6c0a56533cdda5b65cb636120a'
