FORMAT_VERSION='1'
SOURCE_TYPE='git'
UPSTREAM_NAME='vim-surround'
UPSTREAM_LICENSE='Vim License'
UPSTREAM_VERSION='2.2'
UPSTREAM_REVISION='aeb933272e72617f7c4d35e1f003be16836b948d'
SOURCE_SNAPSHOT='https://github.com/tpope/vim-surround/tree/aeb933272e72617f7c4d35e1f003be16836b948d'
SOURCE_SELECTION_REASON='Existing TDVP Vim r8/r9/r10 plugin release; the fixed commit archive is a pure Vimscript payload with no native ABI surface.'
SOURCE_ARTIFACT_1_URL='https://github.com/tpope/vim-surround/archive/aeb933272e72617f7c4d35e1f003be16836b948d.tar.gz'
SOURCE_ARTIFACT_1_FILE='vim-surround-aeb933272e72617f7c4d35e1f003be16836b948d.tar.gz'
SOURCE_ARTIFACT_1_SHA256='b3a974384452346ac3eb44e4b1ce4bc373a7f3689476e92d231f2d384a411a17'
NON_PLATFORM_BUILD_INPUTS='tar and the feed-controlled source cache only'
SECURITY_STATUS='No known unresolved upstream security advisory at source-lock review time.'
VERIFIED_BY='TDVP Device Team'
VERIFIED_AT='2026-09-02'
VERIFICATION_REFERENCE='TDVP source-lock migration for vim-plugin-surround'
