FORMAT_VERSION='1'
SOURCE_TYPE='release-tarball'
UPSTREAM_NAME='Cyrus SASL'
UPSTREAM_LICENSE='CMU-style; see COPYING and component notices'
UPSTREAM_VERSION='2.1.28'
UPSTREAM_REVISION='cyrus-sasl-2.1.28'
SOURCE_SNAPSHOT='https://github.com/cyrusimap/cyrus-sasl/releases/download/cyrus-sasl-2.1.28/cyrus-sasl-2.1.28.tar.gz'
SOURCE_SELECTION_REASON='Missing SASL authentication provider for LDAP and network clients; official stable release.'
NON_PLATFORM_BUILD_INPUTS='Matched CPU0 SDK, native Autotools and generator, target probes, Kerberos and GDBM development providers.'
SECURITY_STATUS='Fresh formal recipe and SCRAM-SHA-256/GSSAPI/PLAIN plugin loading and Base64 verified; ten runtime ELF objects have search paths removed. Full authentication exchange, current security patches, component notices, IPK and candidate installation pending.'
VERIFIED_BY='Official release SHA256, source license, target SPNEGO and plugin loading probes'
VERIFIED_AT='2026-10-10'
VERIFICATION_REFERENCE='https://github.com/cyrusimap/cyrus-sasl/releases/tag/cyrus-sasl-2.1.28'
SOURCE_ARTIFACT_1_URL='https://github.com/cyrusimap/cyrus-sasl/releases/download/cyrus-sasl-2.1.28/cyrus-sasl-2.1.28.tar.gz'
SOURCE_ARTIFACT_1_FILE='cyrus-sasl-2.1.28.tar.gz'
SOURCE_ARTIFACT_1_SHA256='7ccfc6abd01ed67c1a0924b353e526f1b766b21f42d4562ee635a8ebfc5bb38c'
SOURCE_PATCH_1_FILE='patches/0001-include-time-for-used-standard-functions.patch'
SOURCE_PATCH_1_SHA256='94c6f0976d42efeccddfa766973d8d8d097ffae0ca0eea60bb67ba65ae8afde0'
SOURCE_PATCH_1_REASON='Declare standard time functions used by core source.'
SOURCE_PATCH_2_FILE='patches/0002-detect-time-header-for-core-and-plugins.patch'
SOURCE_PATCH_2_SHA256='ebfb05d00a9fadb82c328e50eccb1898bfdb4f5e3821d36c45e87d32f09932b4'
SOURCE_PATCH_2_REASON='Detect the time header used by multiple compilation units.'
SOURCE_PATCH_3_FILE='patches/0003-include-detected-time-headers-independently.patch'
SOURCE_PATCH_3_SHA256='4749ec8c7d3ec6ca0f7bb3b20251af21559503fa29a4ba310082fd459991ec06'
SOURCE_PATCH_3_REASON='Avoid obsolete Autoconf macro hiding standard time declarations.'
SOURCE_BUILD_INPUT_1_FILE='gssapi-spnego-probe.c'
SOURCE_BUILD_INPUT_1_SHA256='06a5338a8943f1c38f6307550447cc8065160e01a0957c9732b55d1d253e4b96'
SOURCE_BUILD_INPUT_1_REASON='Target probe determines the SPNEGO configure result.'
