FORMAT_VERSION='1'
SOURCE_TYPE='release-tarball'
UPSTREAM_NAME='AOM AV1'
UPSTREAM_LICENSE='BSD-3-Clause and AOM patent license; component notices retained'
UPSTREAM_VERSION='3.13.3'
UPSTREAM_REVISION='v3.13.3'
SOURCE_SNAPSHOT='https://gitlab.com/webmproject/libaom/-/archive/v3.13.3/libaom-v3.13.3.tar.gz'
SOURCE_SELECTION_REASON='Missing reusable AV1 encode/decode provider for AVIF and HEIF image applications.'
NON_PLATFORM_BUILD_INPUTS='Matched CPU0 scalar SDK and native CMake tools; no fetched codecs or tests.'
SECURITY_STATUS='Official mirror tag archive and scalar cross build checked; formal recipe, codec roundtrip, component applicability audit, IPK and installation pending.'
VERIFIED_BY='Official tag archive SHA256 and upstream LICENSE/PATENTS inspection'
VERIFIED_AT='2026-10-10'
VERIFICATION_REFERENCE='https://aomedia.googlesource.com/aom/+/refs/tags/v3.13.3/CHANGELOG'
SOURCE_ARTIFACT_1_URL='https://gitlab.com/webmproject/libaom/-/archive/v3.13.3/libaom-v3.13.3.tar.gz'
SOURCE_ARTIFACT_1_FILE='libaom-v3.13.3.tar.gz'
SOURCE_ARTIFACT_1_SHA256='b9a1710a3ead227faec4b28d50d99af67f68c1bfaed42260e167252feb5ff6b6'
