FORMAT_VERSION='1'
SOURCE_TYPE='release-tarball'
UPSTREAM_NAME='ONNX Runtime'
UPSTREAM_LICENSE='MIT'
UPSTREAM_VERSION='1.21.0'
UPSTREAM_REVISION='v1.21.0'
SOURCE_SNAPSHOT='https://github.com/microsoft/onnxruntime/archive/refs/tags/v1.21.0.tar.gz'
SOURCE_SELECTION_REASON='Upstream Python inference API sharing the source-locked RTTI-enabled CPU core.'
NON_PLATFORM_BUILD_INPUTS='ABI-bound core cache, target Python/NumPy headers and source-locked pybind11.'
SECURITY_STATUS='Candidate requires final package and device acceptance before promotion.'
VERIFIED_BY='SHA256 calculated from upstream tag archive downloaded over HTTPS'
VERIFIED_AT='2026-10-08'
VERIFICATION_REFERENCE='https://github.com/microsoft/onnxruntime/tree/v1.21.0'
SOURCE_ARTIFACT_1_URL='https://github.com/microsoft/onnxruntime/archive/refs/tags/v1.21.0.tar.gz'
SOURCE_ARTIFACT_1_FILE='onnxruntime-1.21.0.tar.gz'
SOURCE_ARTIFACT_1_SHA256='b395c72e0e6c6cb28525f4617bc8477c99cf65659c20439fe955c511c2da2cd9'
