FORMAT_VERSION='1'
SOURCE_TYPE='release-tarball'
UPSTREAM_NAME='attr'
UPSTREAM_LICENSE='LGPL-2.1-or-later'
UPSTREAM_VERSION='2.6.0'
UPSTREAM_REVISION='2.6.0'
SOURCE_SNAPSHOT='https://download-mirror.savannah.nongnu.org/releases/attr/attr-2.6.0.tar.xz'
SOURCE_SELECTION_REASON='Missing Linux extended attribute provider; official Savannah release mirror.'
NON_PLATFORM_BUILD_INPUTS='Matched CPU0 SDK and declared host tools.'
SECURITY_STATUS='Source locked; security, build and device acceptance pending.'
VERIFIED_BY='Downloaded official release SHA256 and inspected configure and COPYING members'
VERIFIED_AT='2026-10-10'
VERIFICATION_REFERENCE='https://download.savannah.nongnu.org/releases/attr/'
SOURCE_ARTIFACT_1_URL='https://download-mirror.savannah.nongnu.org/releases/attr/attr-2.6.0.tar.xz'
SOURCE_ARTIFACT_1_FILE='attr-2.6.0.tar.xz'
SOURCE_ARTIFACT_1_SHA256='6c8a2148a7b85043b68492bce43316b0e2e214fc4e628c7ede078e76e216330b'
