FORMAT_VERSION='1'
SOURCE_TYPE='release-tarball'
SOURCE_SNAPSHOT='https://files.pythonhosted.org/packages/a3/83/9ae01534f7e92a0c04f86586a0d62a4a0266e51d8bb2bfd5b8ea8165abba/flatbuffers-24.12.23.tar.gz'
UPSTREAM_NAME='flatbuffers'
UPSTREAM_LICENSE='Apache-2.0'
UPSTREAM_VERSION='24.12.23'
UPSTREAM_REVISION='24.12.23'
SOURCE_SELECTION_REASON='Python API and common package infrastructure, built from locked upstream source.'
NON_PLATFORM_BUILD_INPUTS='Reviewed PEP 517 host environment and matching package SDK.'
SECURITY_STATUS='Pinned candidate source; security review and device acceptance required before promotion.'
VERIFIED_BY='PyPI release SHA256 metadata and downloaded source digest'
VERIFIED_AT='2026-10-08'
VERIFICATION_REFERENCE='https://pypi.org/pypi/flatbuffers/24.12.23/json'
SOURCE_ARTIFACT_1_URL='https://files.pythonhosted.org/packages/a3/83/9ae01534f7e92a0c04f86586a0d62a4a0266e51d8bb2bfd5b8ea8165abba/flatbuffers-24.12.23.tar.gz'
SOURCE_ARTIFACT_1_FILE='flatbuffers-24.12.23.tar.gz'
SOURCE_ARTIFACT_1_SHA256='2910b0bc6ae9b6db78dd2b18d0b7a0709ba240fb5585f286a3a2b30785c22dac'
