FORMAT_VERSION='1'
SOURCE_TYPE='release-tarball'
UPSTREAM_NAME='wavpack'
UPSTREAM_LICENSE='BSD-3-Clause'
UPSTREAM_VERSION='5.9.0'
UPSTREAM_REVISION='5.9.0'
SOURCE_SNAPSHOT='https://github.com/dbry/WavPack/releases/download/5.9.0/wavpack-5.9.0.tar.xz'
SOURCE_SELECTION_REASON='Provide reusable lossless audio encode/decode APIs for media and signal-processing consumers.'
NON_PLATFORM_BUILD_INPUTS='Matched CPU0 SDK and native build tools; portable C implementation without architecture assembly.'
SECURITY_STATUS='Release asset digest verified; lossless roundtrip, IPK installation and component review pending.'
VERIFIED_BY='GitHub upstream release asset digest matched to downloaded archive'
VERIFIED_AT='2026-10-11'
VERIFICATION_REFERENCE='https://api.github.com/repos/dbry/WavPack/releases/tags/5.9.0'
SOURCE_ARTIFACT_1_URL='https://github.com/dbry/WavPack/releases/download/5.9.0/wavpack-5.9.0.tar.xz'
SOURCE_ARTIFACT_1_FILE='wavpack-5.9.0.tar.xz'
SOURCE_ARTIFACT_1_SHA256='b5291bc4e6d69ebbd3da3800c5bf4a70f19bb92679b23e09b3b612c1e648d1ff'
