FORMAT_VERSION='1'
SOURCE_TYPE='release-tarball'
UPSTREAM_NAME='HDF5'
UPSTREAM_LICENSE='BSD-3-Clause'
UPSTREAM_VERSION='2.2.0'
UPSTREAM_REVISION='2.2.0'
SOURCE_SNAPSHOT='https://github.com/HDFGroup/hdf5/releases/download/2.2.0/hdf5-2.2.0.tar.gz'
SOURCE_SELECTION_REASON='Missing scientific dataset storage library; deliver C/C++ and high-level serial APIs with zlib and SZIP encoding rather than omitting compression dependencies.'
NON_PLATFORM_BUILD_INPUTS='Matched CPU0 SDK, libaec development provider and declared CMake/QEMU host tools.'
SECURITY_STATUS='Target source build and reopened deflate/SZIP datasets through C/C++/C high-level APIs verified; high-level C++ consumer, formal recipe, path cleanup, complete notices and candidate installation pending.'
VERIFIED_BY='Official release archive SHA256, root license and target compressed dataset consumer'
VERIFIED_AT='2026-10-10'
VERIFICATION_REFERENCE='https://github.com/HDFGroup/hdf5/releases/tag/2.2.0'
SOURCE_ARTIFACT_1_URL='https://github.com/HDFGroup/hdf5/releases/download/2.2.0/hdf5-2.2.0.tar.gz'
SOURCE_ARTIFACT_1_FILE='hdf5-2.2.0.tar.gz'
SOURCE_ARTIFACT_1_SHA256='1a1ab8209b35586fbc1aa279ba76d102130b95badcb20ca329587219112d8c16'
