FORMAT_VERSION='1'
SOURCE_TYPE='release-tarball'
UPSTREAM_NAME='libcbor'
UPSTREAM_LICENSE='MIT'
UPSTREAM_VERSION='0.14.0'
UPSTREAM_REVISION='v0.14.0'
SOURCE_SNAPSHOT='https://codeload.github.com/PJK/libcbor/tar.gz/refs/tags/v0.14.0'
SOURCE_SELECTION_REASON='Missing common Linux CBOR provider; official release source with locked archive digest.'
NON_PLATFORM_BUILD_INPUTS='Matched CPU0 SDK and declared native CMake build tools.'
SECURITY_STATUS='Source locked; build, malformed-input and device acceptance required before publication.'
VERIFIED_BY='Downloaded official tag archive SHA256 and inspected upstream CMake configuration'
VERIFIED_AT='2026-10-10'
VERIFICATION_REFERENCE='https://github.com/PJK/libcbor/releases/tag/v0.14.0'
SOURCE_ARTIFACT_1_URL='https://codeload.github.com/PJK/libcbor/tar.gz/refs/tags/v0.14.0'
SOURCE_ARTIFACT_1_FILE='libcbor-v0.14.0.tar.gz'
SOURCE_ARTIFACT_1_SHA256='a8c1516e741562cf95aa4479c64916c3d4d2623e24fdc35e414e2320e7300aae'
