FORMAT_VERSION='1'
SOURCE_TYPE='release-tarball'
UPSTREAM_NAME='Highway'
UPSTREAM_LICENSE='Apache-2.0 OR BSD-3-Clause'
UPSTREAM_VERSION='1.2.0'
UPSTREAM_REVISION='1.2.0'
SOURCE_SNAPSHOT='https://github.com/google/highway/archive/refs/tags/1.2.0.tar.gz'
SOURCE_SELECTION_REASON='Independent portable vector/dispatch infrastructure; version matches JPEG XL 0.12.0 upstream dependency pin.'
NON_PLATFORM_BUILD_INPUTS='Matched CPU0 SDK; portable emulated vectors retain contrib sorting without RVV or online test dependencies.'
SECURITY_STATUS='Official tag archive downloaded over verified HTTPS; formal build, consumers, IPK installation and full component/security review pending.'
VERIFIED_BY='Upstream JPEG XL deps.sh revision, archive SHA256 and source license inspection'
VERIFIED_AT='2026-10-10'
VERIFICATION_REFERENCE='https://github.com/libjxl/libjxl/blob/v0.12.0/deps.sh'
SOURCE_ARTIFACT_1_URL='https://github.com/google/highway/archive/refs/tags/1.2.0.tar.gz'
SOURCE_ARTIFACT_1_FILE='highway-1.2.0.tar.gz'
SOURCE_ARTIFACT_1_SHA256='7e0be78b8318e8bdbf6fa545d2ecb4c90f947df03f7aadc42c1967f019e63343'
SOURCE_BUILD_INPUT_1_FILE='cpu0-scalar.cmake'
SOURCE_BUILD_INPUT_1_SHA256='023d7240d8b4a7bad69a6c66c620baf34a0eacc6db6234a7a27ad8fdb90814de'
SOURCE_BUILD_INPUT_1_REASON='Select CPU0 software-emulated vector implementation while preserving contrib sorting, SDK ABI and reproducible source-path flags.'
