FORMAT_VERSION='1'
SOURCE_TYPE='release-tarball'
UPSTREAM_NAME='SciPy'
UPSTREAM_LICENSE='BSD-3-Clause'
UPSTREAM_VERSION='1.15.3'
UPSTREAM_REVISION='v1.15.3'
SOURCE_SNAPSHOT='https://pypi.org/pypi/scipy/1.15.3/json'
SOURCE_SELECTION_REASON='Python 3.13 scientific computing source, using the same NumPy and OpenBLAS development graph.'
NON_PLATFORM_BUILD_INPUTS='Native Cython, Meson, pybind11 and Pythran tools; matched target CPython, NumPy and OpenBLAS staging.'
SECURITY_STATUS='Pinned source; numerical target tests and advisory review required before publication.'
VERIFIED_BY='PyPI official source digest'
VERIFIED_AT='2026-10-08'
VERIFICATION_REFERENCE='https://pypi.org/pypi/scipy/1.15.3/json'
SOURCE_ARTIFACT_1_URL='https://files.pythonhosted.org/packages/0f/37/6964b830433e654ec7485e45a00fc9a27cf868d622838f6b6d9c5ec0d532/scipy-1.15.3.tar.gz'
SOURCE_ARTIFACT_1_FILE='scipy-1.15.3.tar.gz'
SOURCE_ARTIFACT_1_SHA256='eae3cf522bc7df64b42cad3925c876e1b0b6c35c1337c93e12c0f366f55b0eaf'
