FORMAT_VERSION='1'
SOURCE_TYPE='release-tarball'
UPSTREAM_NAME='rhash'
UPSTREAM_LICENSE='0BSD'
UPSTREAM_VERSION='1.4.6'
UPSTREAM_REVISION='v1.4.6'
SOURCE_SNAPSHOT='https://codeload.github.com/rhash/RHash/tar.gz/refs/tags/v1.4.6'
SOURCE_SELECTION_REASON='Missing common Linux hash library provider; official release tag.'
NON_PLATFORM_BUILD_INPUTS='Matched CPU0 SDK and declared native tools.'
SECURITY_STATUS='Source locked; build, license and runtime acceptance pending.'
VERIFIED_BY='Downloaded official tag archive SHA256 and inspected configure and Makefiles'
VERIFIED_AT='2026-10-10'
VERIFICATION_REFERENCE='https://github.com/rhash/RHash/releases/tag/v1.4.6'
SOURCE_ARTIFACT_1_URL='https://codeload.github.com/rhash/RHash/tar.gz/refs/tags/v1.4.6'
SOURCE_ARTIFACT_1_FILE='rhash-v1.4.6.tar.gz'
SOURCE_ARTIFACT_1_SHA256='9f6019cfeeae8ace7067ad22da4e4f857bb2cfa6c2deaa2258f55b2227ec937a'
