FORMAT_VERSION='1'
SOURCE_TYPE='buildroot-derived'
UPSTREAM_NAME='GNU Awk'
UPSTREAM_LICENSE='GPL-3.0-or-later'
UPSTREAM_VERSION='5.3.1'
UPSTREAM_REVISION='3815d578c5759fa824322ea3d95ad51b55ab888e'
SOURCE_SNAPSHOT='https://gitlab.com/buildroot.org/buildroot/-/blob/3815d578c5759fa824322ea3d95ad51b55ab888e/package/gawk/gawk.mk'
SOURCE_SELECTION_REASON='Provides a full awk implementation for development. The reviewed baseline enables GNU readline, which is supplied by the separate libreadline provider; optional MPFR and libsigsegv providers remain disabled.'
NON_PLATFORM_BUILD_INPUTS='Buildroot 2025.02.1 gawk.mk and gawk.hash; no TDVP-specific patches.'
SECURITY_STATUS='Buildroot recipe source SHA-256 is verified before candidate build; security review is release-candidate scoped.'
VERIFIED_BY='TDVP source-lock verifier plus Buildroot 2025.02.1 package hash'
VERIFIED_AT='2026-09-02'
VERIFICATION_REFERENCE='https://gitlab.com/buildroot.org/buildroot/-/blob/3815d578c5759fa824322ea3d95ad51b55ab888e/package/gawk/gawk.hash'
SOURCE_ARTIFACT_1_URL='https://ftp.gnu.org/gnu/gawk/gawk-5.3.1.tar.xz'
SOURCE_ARTIFACT_1_FILE='gawk-5.3.1.tar.xz'
SOURCE_ARTIFACT_1_SHA256='694db764812a6236423d4ff40ceb7b6c4c441301b72ad502bb5c27e00cd56f78'
