# ICU internationalisation library shares one release archive with its public providers.
FORMAT_VERSION='1'
SOURCE_TYPE='buildroot-derived'
UPSTREAM_NAME='ICU'
UPSTREAM_LICENSE='ICU License'
UPSTREAM_VERSION='73.2'
UPSTREAM_REVISION='3815d578c5759fa824322ea3d95ad51b55ab888e'
SOURCE_SNAPSHOT='https://gitlab.com/buildroot.org/buildroot/-/blob/3815d578c5759fa824322ea3d95ad51b55ab888e/package/icu/icu.mk'
SOURCE_SELECTION_REASON='Node.js system ICU needs the public libicui18n ABI. ICU has a reviewed host/target two-stage build, so the feed uses Buildroot offline with this locked source archive until a dedicated direct builder is admitted.'
NON_PLATFORM_BUILD_INPUTS='Buildroot 2025.02.1 ICU host/target build rules and matching K230 SDK; no firmware target file, Debian binary, or unchecked-out source is copied into the payload.'
SECURITY_STATUS='The official release archive SHA-256 is verified in the content-addressed source cache before the offline Buildroot invocation; release-candidate advisory review remains required.'
VERIFIED_BY='TDVP source-lock verifier plus Buildroot 2025.02.1 icu.hash'
VERIFIED_AT='2026-09-02'
VERIFICATION_REFERENCE='https://gitlab.com/buildroot.org/buildroot/-/blob/3815d578c5759fa824322ea3d95ad51b55ab888e/package/icu/icu.hash'
SOURCE_ARTIFACT_1_URL='https://github.com/unicode-org/icu/releases/download/release-73-2/icu4c-73_2-src.tgz'
SOURCE_ARTIFACT_1_FILE='icu4c-73_2-src.tgz'
SOURCE_ARTIFACT_1_SHA256='818a80712ed3caacd9b652305e01afc7fa167e6f2e94996da44b90c2ab604ce1'
