FORMAT_VERSION='1'
SOURCE_TYPE='release-tarball'
SOURCE_SNAPSHOT='https://files.pythonhosted.org/packages/05/8e/961c0007c59b8dd7729d542c61a4d537767a59645b82a0b521206e1e25c2/pyyaml-6.0.3.tar.gz'
UPSTREAM_NAME='PyYAML'
UPSTREAM_LICENSE='MIT'
UPSTREAM_VERSION='6.0.3'
UPSTREAM_REVISION='6.0.3'
SOURCE_SELECTION_REASON='Reusable network and configuration dependency, pinned to upstream release metadata.'
NON_PLATFORM_BUILD_INPUTS='Hash-locked PEP 517 build-host environment and matching package SDK.'
SECURITY_STATUS='Candidate source; absence of PyPI advisory metadata does not replace security review or device acceptance.'
VERIFIED_BY='PyPI release SHA256 metadata and downloaded source digest'
VERIFIED_AT='2026-10-08'
VERIFICATION_REFERENCE='https://pypi.org/pypi/PyYAML/6.0.3/json'
SOURCE_ARTIFACT_1_URL='https://files.pythonhosted.org/packages/05/8e/961c0007c59b8dd7729d542c61a4d537767a59645b82a0b521206e1e25c2/pyyaml-6.0.3.tar.gz'
SOURCE_ARTIFACT_1_FILE='pyyaml-6.0.3.tar.gz'
SOURCE_ARTIFACT_1_SHA256='d76623373421df22fb4cf8817020cbb7ef15c725b9d5e45f17e189bfc384190f'
