# Buildroot owns cross-compile configuration; this locks its reviewed source.
FORMAT_VERSION='1'
SOURCE_TYPE='buildroot-derived'
UPSTREAM_NAME='zlib'
UPSTREAM_LICENSE='Zlib'
UPSTREAM_VERSION='1.3.1'
UPSTREAM_REVISION='3815d578c5759fa824322ea3d95ad51b55ab888e'
SOURCE_SNAPSHOT='https://gitlab.com/buildroot.org/buildroot/-/blob/3815d578c5759fa824322ea3d95ad51b55ab888e/package/libzlib/libzlib.mk'
SOURCE_SELECTION_REASON='The reviewed K230 baseline selects libzlib as the zlib provider. This recipe assigns libz.so.1 to one reusable feed owner before libmagic or another source-maintenance tool may consume it.'
NON_PLATFORM_BUILD_INPUTS='Buildroot 2025.02.1 libzlib.mk and libzlib.hash; the original upstream 1.3.1 .tar.xz path has aged out, so the exact hash-verified archive is retrieved from the Buildroot HTTPS libzlib mirror; no TDVP-specific patches.'
SECURITY_STATUS='Buildroot recipe source SHA-256 is verified before candidate build; security review is release-candidate scoped.'
VERIFIED_BY='TDVP source-lock verifier plus Buildroot 2025.02.1 package hash'
VERIFIED_AT='2026-09-02'
VERIFICATION_REFERENCE='https://gitlab.com/buildroot.org/buildroot/-/blob/3815d578c5759fa824322ea3d95ad51b55ab888e/package/libzlib/libzlib.hash'
SOURCE_ARTIFACT_1_URL='https://sources.buildroot.net/libzlib/zlib-1.3.1.tar.xz'
SOURCE_ARTIFACT_1_FILE='zlib-1.3.1.tar.xz'
SOURCE_ARTIFACT_1_SHA256='38ef96b8dfe510d42707d9c781877914792541133e1870841463bfa73f883e32'
