FORMAT_VERSION='1'
SOURCE_TYPE='buildroot-derived'
UPSTREAM_NAME='jq'
UPSTREAM_LICENSE='MIT (code), ICU (decNumber), CC-BY-3.0 (documentation)'
UPSTREAM_VERSION='1.7.1'
UPSTREAM_REVISION='3815d578c5759fa824322ea3d95ad51b55ab888e'
SOURCE_SNAPSHOT='https://gitlab.com/buildroot.org/buildroot/-/blob/3815d578c5759fa824322ea3d95ad51b55ab888e/package/jq/jq.mk'
SOURCE_SELECTION_REASON='One explicit owner is required for libjq.so.1 before the jq command can enter the feed; optional Oniguruma is disabled in the reviewed baseline.'
NON_PLATFORM_BUILD_INPUTS='Buildroot 2025.02.1 jq.mk and jq.hash; no TDVP-specific patches.'
SECURITY_STATUS='Buildroot recipe source SHA-256 is verified before candidate build; security review is release-candidate scoped.'
VERIFIED_BY='TDVP source-lock verifier plus Buildroot 2025.02.1 package hash'
VERIFIED_AT='2026-09-02'
VERIFICATION_REFERENCE='https://gitlab.com/buildroot.org/buildroot/-/blob/3815d578c5759fa824322ea3d95ad51b55ab888e/package/jq/jq.hash'
SOURCE_ARTIFACT_1_URL='https://github.com/jqlang/jq/releases/download/jq-1.7.1/jq-1.7.1.tar.gz'
SOURCE_ARTIFACT_1_FILE='jq-1.7.1.tar.gz'
SOURCE_ARTIFACT_1_SHA256='478c9ca129fd2e3443fe27314b455e211e0d8c60bc8ff7df703873deeee580c2'
