FORMAT_VERSION='1'
SOURCE_TYPE='release-tarball'
UPSTREAM_NAME='libtheora'
UPSTREAM_LICENSE='BSD-3-Clause'
UPSTREAM_VERSION='1.2.0'
UPSTREAM_REVISION='1.2.0'
SOURCE_SNAPSHOT='https://downloads.xiph.org/releases/theora/libtheora-1.2.0.tar.xz'
SOURCE_SELECTION_REASON='Supply the missing reusable Theora video codec and GStreamer base-plugin dependency.'
NON_PLATFORM_BUILD_INPUTS='Matched CPU0 SDK with Ogg development provider and declared native tools; assembly optimizations disabled.'
SECURITY_STATUS='Official SHA256SUMS verified; codec, malformed-input, IPK installation and full component review pending.'
VERIFIED_BY='Official SHA256SUMS entry and downloaded archive checked with sha256sum'
VERIFIED_AT='2026-10-10'
VERIFICATION_REFERENCE='https://downloads.xiph.org/releases/theora/SHA256SUMS'
SOURCE_ARTIFACT_1_URL='https://downloads.xiph.org/releases/theora/libtheora-1.2.0.tar.xz'
SOURCE_ARTIFACT_1_FILE='libtheora-1.2.0.tar.xz'
SOURCE_ARTIFACT_1_SHA256='ebdf77a8f5c0a8f7a9e42323844fa09502b34eb1d1fece7b5f54da41fe2122ec'
