FORMAT_VERSION='1'
SOURCE_TYPE='release-tarball'
UPSTREAM_NAME='PostgreSQL libpq'
UPSTREAM_LICENSE='PostgreSQL'
UPSTREAM_VERSION='18.6'
UPSTREAM_REVISION='REL_18_6'
SOURCE_SNAPSHOT='https://ftp.postgresql.org/pub/source/v18.6/postgresql-18.6.tar.bz2'
SOURCE_SELECTION_REASON='Missing widely used PostgreSQL client library; official source and SHA256 sidecar.'
NON_PLATFORM_BUILD_INPUTS='Matched CPU0 SDK and Kerberos/LDAP feed development providers.'
SECURITY_STATUS='Official SHA256 verified; comprehensive advisory, license and network/device acceptance pending.'
VERIFIED_BY='sha256sum --check official postgresql-18.6.tar.bz2.sha256'
VERIFIED_AT='2026-10-10'
VERIFICATION_REFERENCE='https://ftp.postgresql.org/pub/source/v18.6/'
SOURCE_ARTIFACT_1_URL='https://ftp.postgresql.org/pub/source/v18.6/postgresql-18.6.tar.bz2'
SOURCE_ARTIFACT_1_FILE='postgresql-18.6.tar.bz2'
SOURCE_ARTIFACT_1_SHA256='555610c24d53e4316da5b7d3fc25c279d96856d5e0e23ee308c328c5fa881d9f'
