FORMAT_VERSION='1'
SOURCE_TYPE='release-tarball'
UPSTREAM_NAME='OpenLDAP'
UPSTREAM_LICENSE='OLDAP-2.8'
UPSTREAM_VERSION='2.6.15'
UPSTREAM_REVISION='OPENLDAP_REL_ENG_2_6_15'
SOURCE_SNAPSHOT='https://www.openldap.org/software/download/OpenLDAP/openldap-release/openldap-2.6.15.tgz'
SOURCE_SELECTION_REASON='Missing LDAP/BER client provider; official maintained LTS release.'
NON_PLATFORM_BUILD_INPUTS='Matched CPU0 SDK, SASL development staging and target select/memcmp probes.'
SECURITY_STATUS='Fresh formal client-library projection and LDAP URL/DN/BER smoke passed; two runtime ELF objects have no search paths and retain OpenSSL/SASL dependencies. IPK, candidate installation, network TLS/SASL, complete notices and security review pending.'
VERIFIED_BY='Official archive SHA256, license and target libc/client consumers'
VERIFIED_AT='2026-10-10'
VERIFICATION_REFERENCE='https://www.openldap.org/software/release/changes_lts.html'
SOURCE_ARTIFACT_1_URL='https://www.openldap.org/software/download/OpenLDAP/openldap-release/openldap-2.6.15.tgz'
SOURCE_ARTIFACT_1_FILE='openldap-2.6.15.tgz'
SOURCE_ARTIFACT_1_SHA256='bc91225dbfc50354033b1303bc91d1a7f6ddd1dc32fac950d79c28fe66d6bca8'
SOURCE_BUILD_INPUT_1_FILE='libc-memcmp-probe.c'
SOURCE_BUILD_INPUT_1_SHA256='12acdb718640081ad83cb299d82307f77516a808709f00eb8e243c52c20ee0c5'
SOURCE_BUILD_INPUT_1_REASON='Target probe determines working memcmp configure result.'
SOURCE_BUILD_INPUT_2_FILE='pthread-select-probe.c'
SOURCE_BUILD_INPUT_2_SHA256='917c4606a5537574fe7540bdd5ed91d211b43bd865e9fe59a8e62aebb7999366'
SOURCE_BUILD_INPUT_2_REASON='Target probe determines select yielding configure result.'
SOURCE_BUILD_INPUT_3_FILE='libtool-no-runtime-path.patch'
SOURCE_BUILD_INPUT_3_SHA256='7ceef15337004f0dd33391e3f28000b77386e3344ec5c83aa2941967f83240bb'
SOURCE_BUILD_INPUT_3_REASON='Package-local generated libtool must not embed uninstalled sibling library directories.'
