FORMAT_VERSION='1'
SOURCE_TYPE='release-tarball'
UPSTREAM_NAME='ml_dtypes'
UPSTREAM_LICENSE='Apache-2.0'
UPSTREAM_VERSION='24084d9ed2c3d45bf83b7a9bff833aa185bf9172'
UPSTREAM_REVISION='24084d9ed2c3d45bf83b7a9bff833aa185bf9172'
SOURCE_SNAPSHOT='https://github.com/jax-ml/ml_dtypes/archive/24084d9ed2c3d45bf83b7a9bff833aa185bf9172.tar.gz'
SOURCE_SELECTION_REASON='TensorFlow Lite 2.18.0 uses this exact upstream source input.'
NON_PLATFORM_BUILD_INPUTS='Matched CPU0 SDK and declared native tools.'
SECURITY_STATUS='Pinned source; security and consumer acceptance pending.'
VERIFIED_BY='SHA256 calculated from upstream commit archive downloaded over HTTPS'
VERIFIED_AT='2026-10-08'
VERIFICATION_REFERENCE='https://github.com/tensorflow/tensorflow/tree/v2.18.0/tensorflow/lite/tools/cmake/modules'
SOURCE_ARTIFACT_1_URL='https://github.com/jax-ml/ml_dtypes/archive/24084d9ed2c3d45bf83b7a9bff833aa185bf9172.tar.gz'
SOURCE_ARTIFACT_1_FILE='ml_dtypes-24084d9ed2c3d45bf83b7a9bff833aa185bf9172.tar.gz'
SOURCE_ARTIFACT_1_SHA256='c916a3e6b3d9bdcb476f506fdbbecb6d5e9f21f82f221dfcb42b320b4e85e55a'
