FORMAT_VERSION='1'
SOURCE_TYPE='buildroot-derived'
UPSTREAM_NAME='cpulimit'
UPSTREAM_LICENSE='GPL-2.0-or-later'
UPSTREAM_VERSION='0.2'
UPSTREAM_REVISION='3815d578c5759fa824322ea3d95ad51b55ab888e'
SOURCE_SNAPSHOT='https://gitlab.com/buildroot.org/buildroot/-/blob/3815d578c5759fa824322ea3d95ad51b55ab888e/package/cpulimit/cpulimit.mk'
SOURCE_SELECTION_REASON='A distinct CPU-limit command can help controlled K230 diagnostics while remaining a no-provider leaf with a private frontend.'
NON_PLATFORM_BUILD_INPUTS='Buildroot 2025.02.1 cpulimit.mk, cpulimit.hash and Config.in. The K230 MMU/thread profile satisfies the source package conditions; the helper copies only the reviewed command ELF.'
SECURITY_STATUS='The GitHub release archive SHA-256 is verified before the private offline transaction. CI never invokes cpulimit, supplies a PID or process name, or starts or throttles a process. Candidate admission additionally requires locked cache, RISC-V ELF, runtime-closure and deny-overlay gates.'
VERIFIED_BY='TDVP source-lock verifier plus Buildroot 2025.02.1 cpulimit hash and a streamed GitHub archive SHA-256 check'
VERIFIED_AT='2026-09-06'
VERIFICATION_REFERENCE='https://gitlab.com/buildroot.org/buildroot/-/blob/3815d578c5759fa824322ea3d95ad51b55ab888e/package/cpulimit/cpulimit.hash'
SOURCE_ARTIFACT_1_URL='https://github.com/opsengine/cpulimit/archive/refs/tags/v0.2.tar.gz'
SOURCE_ARTIFACT_1_FILE='cpulimit-0.2.tar.gz'
SOURCE_ARTIFACT_1_SHA256='64312f9ac569ddcadb615593cd002c94b76e93a0d4625d3ce1abb49e08e2c2da'
