FORMAT_VERSION='1'
SOURCE_TYPE='release-tarball'
UPSTREAM_NAME='OpenBLAS'
UPSTREAM_LICENSE='BSD-3-Clause'
UPSTREAM_VERSION='0.3.29'
UPSTREAM_REVISION='v0.3.29'
SOURCE_SNAPSHOT='https://github.com/OpenMathLib/OpenBLAS/releases/download/v0.3.29/OpenBLAS-0.3.29.tar.gz'
SOURCE_SELECTION_REASON='BLAS and LAPACK prerequisite using CPU0 generic kernels and matched Fortran compiler.'
NON_PLATFORM_BUILD_INPUTS='Platform SDK native Fortran component, make and native GCC.'
SECURITY_STATUS='Pinned archive; ISA, recursive dependency and device numerical tests required before promotion.'
VERIFIED_BY='Buildroot 2025.02.1 source hash'
VERIFIED_AT='2026-10-08'
VERIFICATION_REFERENCE='https://raw.githubusercontent.com/buildroot/buildroot/2025.02.1/package/openblas/openblas.hash'
SOURCE_ARTIFACT_1_URL='https://sources.buildroot.net/openblas/openblas-0.3.29.tar.gz'
SOURCE_ARTIFACT_1_FILE='openblas-0.3.29.tar.gz'
SOURCE_ARTIFACT_1_SHA256='38240eee1b29e2bde47ebb5d61160207dc68668a54cac62c076bb5032013b1eb'
