FORMAT_VERSION='1'
SOURCE_TYPE='release-tarball'
UPSTREAM_NAME='json'
UPSTREAM_LICENSE='MIT'
UPSTREAM_VERSION='3.11.3'
UPSTREAM_REVISION='3.11.3'
SOURCE_SNAPSHOT='https://sources.buildroot.net/json-for-modern-cpp/json-3.11.3.tar.gz'
SOURCE_SELECTION_REASON='Common application and inference-framework prerequisite absent from the platform image.'
NON_PLATFORM_BUILD_INPUTS='Matched CPU0 SDK and declared native build tools.'
SECURITY_STATUS='Pinned source; security review and runtime acceptance pending.'
VERIFIED_BY='Buildroot 2025.02.1 source hash'
VERIFIED_AT='2026-10-08'
VERIFICATION_REFERENCE='https://raw.githubusercontent.com/buildroot/buildroot/2025.02.1/package/json-for-modern-cpp/json-for-modern-cpp.hash'
SOURCE_ARTIFACT_1_URL='https://sources.buildroot.net/json-for-modern-cpp/json-3.11.3.tar.gz'
SOURCE_ARTIFACT_1_FILE='json-3.11.3.tar.gz'
SOURCE_ARTIFACT_1_SHA256='0d8ef5af7f9794e3263480193c491549b2ba6cc74bb018906202ada498a79406'
