FORMAT_VERSION='1'
SOURCE_TYPE='release-tarball'
UPSTREAM_NAME='libselinux'
UPSTREAM_LICENSE='LicenseRef-SELinux-public-domain-and-component-notices'
UPSTREAM_VERSION='3.11'
UPSTREAM_REVISION='3.11'
SOURCE_SNAPSHOT='https://github.com/SELinuxProject/selinux/releases/download/3.11/libselinux-3.11.tar.gz'
SOURCE_SELECTION_REASON='Missing SELinux userspace provider; preserve PCRE2 and explicitly declare the dynamically loaded libsepol provider.'
NON_PLATFORM_BUILD_INPUTS='Matched CPU0 SDK, libsepol development staging and declared host tools.'
SECURITY_STATUS='Formal target recipe, source notice projection, immutable IPK and context/dynamic-provider consumer verified; full component license/security audit, complete candidate installation and publication pending.'
VERIFIED_BY='Official release archive SHA256, root license and dlopen dependency inspection'
VERIFIED_AT='2026-10-10'
VERIFICATION_REFERENCE='https://github.com/SELinuxProject/selinux/releases/tag/3.11'
SOURCE_ARTIFACT_1_URL='https://github.com/SELinuxProject/selinux/releases/download/3.11/libselinux-3.11.tar.gz'
SOURCE_ARTIFACT_1_FILE='libselinux-3.11.tar.gz'
SOURCE_ARTIFACT_1_SHA256='73d419c6e20e874adaa4019372cbd097eecf4d276e13f27ec5e67d35c0bd203c'
