FORMAT_VERSION='1'
SOURCE_TYPE='buildroot-derived'
UPSTREAM_NAME='jo'
UPSTREAM_LICENSE='MIT, GPL-2.0-or-later'
UPSTREAM_VERSION='1.6'
UPSTREAM_REVISION='3815d578c5759fa824322ea3d95ad51b55ab888e'
SOURCE_SNAPSHOT='https://gitlab.com/buildroot.org/buildroot/-/blob/3815d578c5759fa824322ea3d95ad51b55ab888e/package/jo/jo.mk'
SOURCE_SELECTION_REASON='Structured JSON construction is useful for controlled K230 shell automation. The candidate builds one command with no non-platform shared-library provider and exposes only the distinct tdvp-jo frontend.'
NON_PLATFORM_BUILD_INPUTS='Buildroot 2025.02.1 jo.mk, jo.hash and Config.in. The private transaction enables only BR2_PACKAGE_JO and inherits the Buildroot ac_cv_path_PANDOC empty environment so documentation is not built. The helper copies only the reviewed jo command ELF from the private target root.'
SECURITY_STATUS='The GitHub release archive SHA-256 is verified before the private offline transaction. Candidate admission additionally requires locked cache, RISC-V ELF, RPATH/RUNPATH, runtime-closure and deny-overlay gates. CI never invokes jo or gives it data to process.'
VERIFIED_BY='TDVP source-lock verifier plus Buildroot 2025.02.1 jo package hash and a streamed GitHub release SHA-256 check'
VERIFIED_AT='2026-09-06'
VERIFICATION_REFERENCE='https://github.com/jpmens/jo/releases/tag/1.6'
SOURCE_ARTIFACT_1_URL='https://github.com/jpmens/jo/releases/download/1.6/jo-1.6.tar.gz'
SOURCE_ARTIFACT_1_FILE='jo-1.6.tar.gz'
SOURCE_ARTIFACT_1_SHA256='eb15592f1ba6d5a77468a1438a20e3d21c3d63bb7d045fb3544f223340fcd1a1'
