FORMAT_VERSION='1'
SOURCE_TYPE='release-tarball'
UPSTREAM_NAME='libssh2'
UPSTREAM_LICENSE='BSD-3-Clause'
UPSTREAM_VERSION='1.11.1'
UPSTREAM_REVISION='libssh2-1.11.1'
SOURCE_SNAPSHOT='https://github.com/libssh2/libssh2/releases/download/libssh2-1.11.1/libssh2-1.11.1.tar.xz'
SOURCE_SELECTION_REASON='Missing Linux SSH2 client library; official current release asset.'
NON_PLATFORM_BUILD_INPUTS='Matched CPU0 SDK including OpenSSL and zlib development files.'
SECURITY_STATUS='Source locked; comprehensive advisory review and network/device acceptance pending.'
VERIFIED_BY='Downloaded official release SHA256 and inspected CMake configuration'
VERIFIED_AT='2026-10-10'
VERIFICATION_REFERENCE='https://github.com/libssh2/libssh2/releases/tag/libssh2-1.11.1'
SOURCE_ARTIFACT_1_URL='https://github.com/libssh2/libssh2/releases/download/libssh2-1.11.1/libssh2-1.11.1.tar.xz'
SOURCE_ARTIFACT_1_FILE='libssh2-1.11.1.tar.xz'
SOURCE_ARTIFACT_1_SHA256='9954cb54c4f548198a7cbebad248bdc87dd64bd26185708a294b2b50771e3769'
