FORMAT_VERSION='1'
SOURCE_TYPE='release-tarball'
SOURCE_SNAPSHOT='https://files.pythonhosted.org/packages/f5/08/8eea9d4b8302028f3abb2c0813953f7aec26d33b7a8960ed760e65ff29fa/idna-3.20.tar.gz'
UPSTREAM_NAME='idna'
UPSTREAM_LICENSE='BSD-3-Clause'
UPSTREAM_VERSION='3.20'
UPSTREAM_REVISION='3.20'
SOURCE_SELECTION_REASON='Reusable network and configuration dependency, pinned to upstream release metadata.'
NON_PLATFORM_BUILD_INPUTS='Hash-locked PEP 517 build-host environment and matching package SDK.'
SECURITY_STATUS='Candidate source; absence of PyPI advisory metadata does not replace security review or device acceptance.'
VERIFIED_BY='PyPI release SHA256 metadata and downloaded source digest'
VERIFIED_AT='2026-10-08'
VERIFICATION_REFERENCE='https://pypi.org/pypi/idna/3.20/json'
SOURCE_ARTIFACT_1_URL='https://files.pythonhosted.org/packages/f5/08/8eea9d4b8302028f3abb2c0813953f7aec26d33b7a8960ed760e65ff29fa/idna-3.20.tar.gz'
SOURCE_ARTIFACT_1_FILE='idna-3.20.tar.gz'
SOURCE_ARTIFACT_1_SHA256='a7db850025b95ded1eae8a46181a1a6c56c92c96f0e2b005d9ff8dc0210cab44'
