FORMAT_VERSION='1'
SOURCE_TYPE='release-tarball'
UPSTREAM_NAME='libnftnl'
UPSTREAM_LICENSE='GPL-2.0-or-later'
UPSTREAM_VERSION='1.3.2'
UPSTREAM_REVISION='1.3.2'
SOURCE_SNAPSHOT='https://www.netfilter.org/pub/libnftnl/libnftnl-1.3.2.tar.xz'
SOURCE_SELECTION_REASON='Missing common Linux library provider; official release archive.'
NON_PLATFORM_BUILD_INPUTS='Matched CPU0 SDK and declared host tools.'
SECURITY_STATUS='Source locked; security, build and device acceptance required before publication.'
VERIFIED_BY='Official HTTPS archive SHA256 and source license inventory'
VERIFIED_AT='2026-10-10'
VERIFICATION_REFERENCE='https://www.netfilter.org/pub/libnftnl'
SOURCE_ARTIFACT_1_URL='https://www.netfilter.org/pub/libnftnl/libnftnl-1.3.2.tar.xz'
SOURCE_ARTIFACT_1_FILE='libnftnl-1.3.2.tar.xz'
SOURCE_ARTIFACT_1_SHA256='c97abc3409f8fa396b4462b2bb7f147a3a47a4ddc97cfa0b2f18890c9cfde8b0'
