FORMAT_VERSION='1'
SOURCE_TYPE='buildroot-derived'
UPSTREAM_NAME='GNU time'
UPSTREAM_LICENSE='GPL-3.0-or-later'
UPSTREAM_VERSION='1.9'
UPSTREAM_REVISION='3815d578c5759fa824322ea3d95ad51b55ab888e'
SOURCE_SNAPSHOT='https://gitlab.com/buildroot.org/buildroot/-/blob/3815d578c5759fa824322ea3d95ad51b55ab888e/package/time/time.mk'
SOURCE_SELECTION_REASON='GNU time gives controlled K230 diagnostics a precise process resource-accounting command. The candidate builds one command with no non-platform shared-runtime provider and exposes only the distinct tdvp-time frontend.'
NON_PLATFORM_BUILD_INPUTS='Buildroot 2025.02.1 time.mk, time.hash and Config.in. The reviewed K230 profile has an MMU, dynamic libraries and BusyBox show-others enabled, satisfying the upstream package conditions. The helper copies only the reviewed time command ELF from the private target root.'
SECURITY_STATUS='The GNU archive SHA-256 is verified before the private offline transaction. CI never invokes time or starts a command for it to measure. Candidate admission additionally requires locked cache, RISC-V ELF, RPATH/RUNPATH, runtime-closure and deny-overlay gates; release review must reassess current advisories.'
VERIFIED_BY='TDVP source-lock verifier plus Buildroot 2025.02.1 time package hash and a streamed GNU archive SHA-256 check'
VERIFIED_AT='2026-09-06'
VERIFICATION_REFERENCE='https://gitlab.com/buildroot.org/buildroot/-/blob/3815d578c5759fa824322ea3d95ad51b55ab888e/package/time/time.hash'
SOURCE_ARTIFACT_1_URL='https://ftp.gnu.org/gnu/time/time-1.9.tar.gz'
SOURCE_ARTIFACT_1_FILE='time-1.9.tar.gz'
SOURCE_ARTIFACT_1_SHA256='fbacf0c81e62429df3e33bda4cee38756604f18e01d977338e23306a3e3b521e'
