FORMAT_VERSION='1'
SOURCE_TYPE='release-tarball'
UPSTREAM_NAME='Boost'
UPSTREAM_LICENSE='BSL-1.0 with retained component notices'
UPSTREAM_VERSION='1.82.0'
UPSTREAM_REVISION='5f2016a446690379706ecbefd09394dafa77232f'
SOURCE_SNAPSHOT='https://archives.boost.io/release/1.82.0/source/boost_1_82_0.tar.bz2'
SOURCE_SELECTION_REASON='Complete common C++ runtime family; matches existing MP11 development provider byte-for-byte rather than overwriting it with a different header version.'
NON_PLATFORM_BUILD_INPUTS='Matched CPU0 SDK and explicit Python, ICU and compression development providers; native B2 bootstrap kept separate from target compilation.'
SECURITY_STATUS='Raw full cross build and 38 CPU0 ELF libraries checked; native, ICU and Python consumers passed; formal recipe, IPK installation, compression coverage and complete component/security review pending.'
VERIFIED_BY='Official archive JSON digest, MP11 header identity comparison and target consumers'
VERIFIED_AT='2026-10-10'
VERIFICATION_REFERENCE='https://archives.boost.io/release/1.82.0/source/boost_1_82_0.tar.bz2.json'
SOURCE_ARTIFACT_1_URL='https://archives.boost.io/release/1.82.0/source/boost_1_82_0.tar.bz2'
SOURCE_ARTIFACT_1_FILE='boost_1_82_0.tar.bz2'
SOURCE_ARTIFACT_1_SHA256='a6e1ab9b0860e6a2881dd7b21fe9f737a095e5f33a3a874afc6a345228597ee6'
