# The shared object is extracted from the locked Buildroot target install.
FORMAT_VERSION='1'
SOURCE_TYPE='buildroot-derived'
UPSTREAM_NAME='zstd'
UPSTREAM_LICENSE='BSD-3-Clause or GPL-2.0'
UPSTREAM_VERSION='1.5.7'
UPSTREAM_REVISION='3815d578c5759fa824322ea3d95ad51b55ab888e'
SOURCE_SNAPSHOT='https://gitlab.com/buildroot.org/buildroot/-/blob/3815d578c5759fa824322ea3d95ad51b55ab888e/package/zstd/zstd.mk'
SOURCE_SELECTION_REASON='libzstd is an independently reusable compression runtime for the TDVP archive-tool candidate. The Buildroot package provides the cross-build configuration and target install path.'
NON_PLATFORM_BUILD_INPUTS='Buildroot 2025.02.1 zstd.mk/zstd.hash. Optional zlib, xz, and lz4 feature switches remain tied to the completed matching SDK configuration; no TDVP-specific patches.'
SECURITY_STATUS='Buildroot recipe source hash is verified before the candidate build; release review remains responsible for current CVE assessment.'
VERIFIED_BY='TDVP source-lock verifier plus Buildroot 2025.02.1 zstd package hash'
VERIFIED_AT='2026-09-02'
VERIFICATION_REFERENCE='https://gitlab.com/buildroot.org/buildroot/-/blob/3815d578c5759fa824322ea3d95ad51b55ab888e/package/zstd/zstd.hash'
SOURCE_ARTIFACT_1_URL='https://github.com/facebook/zstd/releases/download/v1.5.7/zstd-1.5.7.tar.gz'
SOURCE_ARTIFACT_1_FILE='zstd-1.5.7.tar.gz'
SOURCE_ARTIFACT_1_SHA256='eb33e51f49a15e023950cd7825ca74a4a2b43db8354825ac24fc1b7ee09e6fa3'
